<?xml version="1.0" encoding="UTF-8"?>
<!DOCTYPE plist PUBLIC "-//Apple//DTD PLIST 1.0//EN" "http://www.apple.com/DTDs/PropertyList-1.0.dtd">
<plist version="1.0">
<dict>
	<key>archiveVersion</key>
	<string>1</string>
	<key>classes</key>
	<dict>
	</dict>
	<key>objectVersion</key>
	<string>46</string>
	<key>objects</key>
	<dict>
		<key>1DD70E297EAA1EFB00000000</key>
		<dict>
			<key>isa</key>
			<string>PBXFileReference</string>
			<key>name</key>
			<string>ReactiveSwift-Debug.xcconfig</string>
			<key>path</key>
			<string>../../buck-out/gen/Vendors/ReactiveSwift/ReactiveSwift-Debug.xcconfig</string>
			<key>sourceTree</key>
			<string>SOURCE_ROOT</string>
			<key>explicitFileType</key>
			<string>text.xcconfig</string>
		</dict>
		<key>1DD70E2961C0E3A500000000</key>
		<dict>
			<key>isa</key>
			<string>PBXFileReference</string>
			<key>name</key>
			<string>ReactiveSwift-Profile.xcconfig</string>
			<key>path</key>
			<string>../../buck-out/gen/Vendors/ReactiveSwift/ReactiveSwift-Profile.xcconfig</string>
			<key>sourceTree</key>
			<string>SOURCE_ROOT</string>
			<key>explicitFileType</key>
			<string>text.xcconfig</string>
		</dict>
		<key>1DD70E29D5578F0700000000</key>
		<dict>
			<key>isa</key>
			<string>PBXFileReference</string>
			<key>name</key>
			<string>ReactiveSwift-Release.xcconfig</string>
			<key>path</key>
			<string>../../buck-out/gen/Vendors/ReactiveSwift/ReactiveSwift-Release.xcconfig</string>
			<key>sourceTree</key>
			<string>SOURCE_ROOT</string>
			<key>explicitFileType</key>
			<string>text.xcconfig</string>
		</dict>
		<key>B401C9792F7F325000000000</key>
		<dict>
			<key>isa</key>
			<string>PBXGroup</string>
			<key>name</key>
			<string>Buck (Do Not Modify)</string>
			<key>sourceTree</key>
			<string><![CDATA[<group>]]></string>
			<key>children</key>
			<array>
				<string>1DD70E297EAA1EFB00000000</string>
				<string>1DD70E2961C0E3A500000000</string>
				<string>1DD70E29D5578F0700000000</string>
			</array>
		</dict>
		<key>B401C979B781F65D00000000</key>
		<dict>
			<key>isa</key>
			<string>PBXGroup</string>
			<key>name</key>
			<string>Configurations</string>
			<key>sourceTree</key>
			<string><![CDATA[<group>]]></string>
			<key>children</key>
			<array>
				<string>B401C9792F7F325000000000</string>
			</array>
		</dict>
		<key>1DD70E29B4A3EC7500000000</key>
		<dict>
			<key>isa</key>
			<string>PBXFileReference</string>
			<key>name</key>
			<string>libResult.a</string>
			<key>path</key>
			<string>libResult.a</string>
			<key>sourceTree</key>
			<string>BUILT_PRODUCTS_DIR</string>
			<key>explicitFileType</key>
			<string>archive.ar</string>
		</dict>
		<key>B401C97968022A5500000000</key>
		<dict>
			<key>isa</key>
			<string>PBXGroup</string>
			<key>name</key>
			<string>Frameworks</string>
			<key>sourceTree</key>
			<string><![CDATA[<group>]]></string>
			<key>children</key>
			<array>
				<string>1DD70E29B4A3EC7500000000</string>
			</array>
		</dict>
		<key>1DD70E298FFF48C800000000</key>
		<dict>
			<key>isa</key>
			<string>PBXFileReference</string>
			<key>name</key>
			<string>libReactiveSwift.a</string>
			<key>path</key>
			<string>libReactiveSwift.a</string>
			<key>sourceTree</key>
			<string>BUILT_PRODUCTS_DIR</string>
			<key>explicitFileType</key>
			<string>archive.ar</string>
		</dict>
		<key>B401C979C806358400000000</key>
		<dict>
			<key>isa</key>
			<string>PBXGroup</string>
			<key>name</key>
			<string>Products</string>
			<key>sourceTree</key>
			<string><![CDATA[<group>]]></string>
			<key>children</key>
			<array>
				<string>1DD70E298FFF48C800000000</string>
			</array>
		</dict>
		<key>1DD70E29001F47FB00000000</key>
		<dict>
			<key>isa</key>
			<string>PBXFileReference</string>
			<key>name</key>
			<string>BUCK</string>
			<key>path</key>
			<string>BUCK</string>
			<key>sourceTree</key>
			<string>SOURCE_ROOT</string>
			<key>explicitFileType</key>
			<string>text.script.python</string>
		</dict>
		<key>1DD70E29247FFC7B00000000</key>
		<dict>
			<key>isa</key>
			<string>PBXFileReference</string>
			<key>name</key>
			<string>Action.swift</string>
			<key>path</key>
			<string>Sources/Action.swift</string>
			<key>sourceTree</key>
			<string>SOURCE_ROOT</string>
		</dict>
		<key>1DD70E29DE26C8B000000000</key>
		<dict>
			<key>isa</key>
			<string>PBXFileReference</string>
			<key>name</key>
			<string>Atomic.swift</string>
			<key>path</key>
			<string>Sources/Atomic.swift</string>
			<key>sourceTree</key>
			<string>SOURCE_ROOT</string>
		</dict>
		<key>1DD70E2933A3A08D00000000</key>
		<dict>
			<key>isa</key>
			<string>PBXFileReference</string>
			<key>name</key>
			<string>Bag.swift</string>
			<key>path</key>
			<string>Sources/Bag.swift</string>
			<key>sourceTree</key>
			<string>SOURCE_ROOT</string>
		</dict>
		<key>1DD70E29AFF660F800000000</key>
		<dict>
			<key>isa</key>
			<string>PBXFileReference</string>
			<key>name</key>
			<string>Deprecations+Removals.swift</string>
			<key>path</key>
			<string>Sources/Deprecations+Removals.swift</string>
			<key>sourceTree</key>
			<string>SOURCE_ROOT</string>
		</dict>
		<key>1DD70E29275AC42500000000</key>
		<dict>
			<key>isa</key>
			<string>PBXFileReference</string>
			<key>name</key>
			<string>Disposable.swift</string>
			<key>path</key>
			<string>Sources/Disposable.swift</string>
			<key>sourceTree</key>
			<string>SOURCE_ROOT</string>
		</dict>
		<key>1DD70E292A9D699F00000000</key>
		<dict>
			<key>isa</key>
			<string>PBXFileReference</string>
			<key>name</key>
			<string>Event.swift</string>
			<key>path</key>
			<string>Sources/Event.swift</string>
			<key>sourceTree</key>
			<string>SOURCE_ROOT</string>
		</dict>
		<key>1DD70E29F3A5A3CF00000000</key>
		<dict>
			<key>isa</key>
			<string>PBXFileReference</string>
			<key>name</key>
			<string>EventLogger.swift</string>
			<key>path</key>
			<string>Sources/EventLogger.swift</string>
			<key>sourceTree</key>
			<string>SOURCE_ROOT</string>
		</dict>
		<key>1DD70E29CD86298900000000</key>
		<dict>
			<key>isa</key>
			<string>PBXFileReference</string>
			<key>name</key>
			<string>Flatten.swift</string>
			<key>path</key>
			<string>Sources/Flatten.swift</string>
			<key>sourceTree</key>
			<string>SOURCE_ROOT</string>
		</dict>
		<key>1DD70E292C7D56AC00000000</key>
		<dict>
			<key>isa</key>
			<string>PBXFileReference</string>
			<key>name</key>
			<string>FoundationExtensions.swift</string>
			<key>path</key>
			<string>Sources/FoundationExtensions.swift</string>
			<key>sourceTree</key>
			<string>SOURCE_ROOT</string>
		</dict>
		<key>1DD70E29A0B15FCE00000000</key>
		<dict>
			<key>isa</key>
			<string>PBXFileReference</string>
			<key>name</key>
			<string>Lifetime.swift</string>
			<key>path</key>
			<string>Sources/Lifetime.swift</string>
			<key>sourceTree</key>
			<string>SOURCE_ROOT</string>
		</dict>
		<key>1DD70E293449511B00000000</key>
		<dict>
			<key>isa</key>
			<string>PBXFileReference</string>
			<key>name</key>
			<string>Observer.swift</string>
			<key>path</key>
			<string>Sources/Observer.swift</string>
			<key>sourceTree</key>
			<string>SOURCE_ROOT</string>
		</dict>
		<key>1DD70E293ECE3A2500000000</key>
		<dict>
			<key>isa</key>
			<string>PBXFileReference</string>
			<key>name</key>
			<string>Optional.swift</string>
			<key>path</key>
			<string>Sources/Optional.swift</string>
			<key>sourceTree</key>
			<string>SOURCE_ROOT</string>
		</dict>
		<key>1DD70E29151560DA00000000</key>
		<dict>
			<key>isa</key>
			<string>PBXFileReference</string>
			<key>name</key>
			<string>Property.swift</string>
			<key>path</key>
			<string>Sources/Property.swift</string>
			<key>sourceTree</key>
			<string>SOURCE_ROOT</string>
		</dict>
		<key>1DD70E298880F2FE00000000</key>
		<dict>
			<key>isa</key>
			<string>PBXFileReference</string>
			<key>name</key>
			<string>Reactive.swift</string>
			<key>path</key>
			<string>Sources/Reactive.swift</string>
			<key>sourceTree</key>
			<string>SOURCE_ROOT</string>
		</dict>
		<key>1DD70E295BB6161600000000</key>
		<dict>
			<key>isa</key>
			<string>PBXFileReference</string>
			<key>name</key>
			<string>ResultExtensions.swift</string>
			<key>path</key>
			<string>Sources/ResultExtensions.swift</string>
			<key>sourceTree</key>
			<string>SOURCE_ROOT</string>
		</dict>
		<key>1DD70E29A466EB0000000000</key>
		<dict>
			<key>isa</key>
			<string>PBXFileReference</string>
			<key>name</key>
			<string>Scheduler.swift</string>
			<key>path</key>
			<string>Sources/Scheduler.swift</string>
			<key>sourceTree</key>
			<string>SOURCE_ROOT</string>
		</dict>
		<key>1DD70E2991D84F6D00000000</key>
		<dict>
			<key>isa</key>
			<string>PBXFileReference</string>
			<key>name</key>
			<string>Signal.swift</string>
			<key>path</key>
			<string>Sources/Signal.swift</string>
			<key>sourceTree</key>
			<string>SOURCE_ROOT</string>
		</dict>
		<key>1DD70E29BB542D9F00000000</key>
		<dict>
			<key>isa</key>
			<string>PBXFileReference</string>
			<key>name</key>
			<string>SignalProducer.swift</string>
			<key>path</key>
			<string>Sources/SignalProducer.swift</string>
			<key>sourceTree</key>
			<string>SOURCE_ROOT</string>
		</dict>
		<key>1DD70E297FB3C38100000000</key>
		<dict>
			<key>isa</key>
			<string>PBXFileReference</string>
			<key>name</key>
			<string>TupleExtensions.swift</string>
			<key>path</key>
			<string>Sources/TupleExtensions.swift</string>
			<key>sourceTree</key>
			<string>SOURCE_ROOT</string>
		</dict>
		<key>1DD70E2987B7AA7000000000</key>
		<dict>
			<key>isa</key>
			<string>PBXFileReference</string>
			<key>name</key>
			<string>UnidirectionalBinding.swift</string>
			<key>path</key>
			<string>Sources/UnidirectionalBinding.swift</string>
			<key>sourceTree</key>
			<string>SOURCE_ROOT</string>
		</dict>
		<key>1DD70E296A10400D00000000</key>
		<dict>
			<key>isa</key>
			<string>PBXFileReference</string>
			<key>name</key>
			<string>ValidatingProperty.swift</string>
			<key>path</key>
			<string>Sources/ValidatingProperty.swift</string>
			<key>sourceTree</key>
			<string>SOURCE_ROOT</string>
		</dict>
		<key>B401C979EAB5339800000000</key>
		<dict>
			<key>isa</key>
			<string>PBXGroup</string>
			<key>name</key>
			<string>Sources</string>
			<key>sourceTree</key>
			<string><![CDATA[<group>]]></string>
			<key>children</key>
			<array>
				<string>1DD70E29247FFC7B00000000</string>
				<string>1DD70E29DE26C8B000000000</string>
				<string>1DD70E2933A3A08D00000000</string>
				<string>1DD70E29AFF660F800000000</string>
				<string>1DD70E29275AC42500000000</string>
				<string>1DD70E292A9D699F00000000</string>
				<string>1DD70E29F3A5A3CF00000000</string>
				<string>1DD70E29CD86298900000000</string>
				<string>1DD70E292C7D56AC00000000</string>
				<string>1DD70E29A0B15FCE00000000</string>
				<string>1DD70E293449511B00000000</string>
				<string>1DD70E293ECE3A2500000000</string>
				<string>1DD70E29151560DA00000000</string>
				<string>1DD70E298880F2FE00000000</string>
				<string>1DD70E295BB6161600000000</string>
				<string>1DD70E29A466EB0000000000</string>
				<string>1DD70E2991D84F6D00000000</string>
				<string>1DD70E29BB542D9F00000000</string>
				<string>1DD70E297FB3C38100000000</string>
				<string>1DD70E2987B7AA7000000000</string>
				<string>1DD70E296A10400D00000000</string>
			</array>
		</dict>
		<key>B401C9792FBC967A00000000</key>
		<dict>
			<key>isa</key>
			<string>PBXGroup</string>
			<key>name</key>
			<string>ReactiveSwift</string>
			<key>sourceTree</key>
			<string><![CDATA[<group>]]></string>
			<key>children</key>
			<array>
				<string>1DD70E29001F47FB00000000</string>
				<string>B401C979EAB5339800000000</string>
			</array>
		</dict>
		<key>B401C979EFB6AC4600000000</key>
		<dict>
			<key>isa</key>
			<string>PBXGroup</string>
			<key>name</key>
			<string>mainGroup</string>
			<key>sourceTree</key>
			<string><![CDATA[<group>]]></string>
			<key>children</key>
			<array>
				<string>B401C979B781F65D00000000</string>
				<string>B401C97968022A5500000000</string>
				<string>B401C979C806358400000000</string>
				<string>B401C9792FBC967A00000000</string>
			</array>
		</dict>
		<key>E7A30F04247FFC7B00000000</key>
		<dict>
			<key>isa</key>
			<string>PBXBuildFile</string>
			<key>fileRef</key>
			<string>1DD70E29247FFC7B00000000</string>
		</dict>
		<key>E7A30F04DE26C8B000000000</key>
		<dict>
			<key>isa</key>
			<string>PBXBuildFile</string>
			<key>fileRef</key>
			<string>1DD70E29DE26C8B000000000</string>
		</dict>
		<key>E7A30F0433A3A08D00000000</key>
		<dict>
			<key>isa</key>
			<string>PBXBuildFile</string>
			<key>fileRef</key>
			<string>1DD70E2933A3A08D00000000</string>
		</dict>
		<key>E7A30F04AFF660F800000000</key>
		<dict>
			<key>isa</key>
			<string>PBXBuildFile</string>
			<key>fileRef</key>
			<string>1DD70E29AFF660F800000000</string>
		</dict>
		<key>E7A30F04275AC42500000000</key>
		<dict>
			<key>isa</key>
			<string>PBXBuildFile</string>
			<key>fileRef</key>
			<string>1DD70E29275AC42500000000</string>
		</dict>
		<key>E7A30F042A9D699F00000000</key>
		<dict>
			<key>isa</key>
			<string>PBXBuildFile</string>
			<key>fileRef</key>
			<string>1DD70E292A9D699F00000000</string>
		</dict>
		<key>E7A30F04F3A5A3CF00000000</key>
		<dict>
			<key>isa</key>
			<string>PBXBuildFile</string>
			<key>fileRef</key>
			<string>1DD70E29F3A5A3CF00000000</string>
		</dict>
		<key>E7A30F04CD86298900000000</key>
		<dict>
			<key>isa</key>
			<string>PBXBuildFile</string>
			<key>fileRef</key>
			<string>1DD70E29CD86298900000000</string>
		</dict>
		<key>E7A30F042C7D56AC00000000</key>
		<dict>
			<key>isa</key>
			<string>PBXBuildFile</string>
			<key>fileRef</key>
			<string>1DD70E292C7D56AC00000000</string>
		</dict>
		<key>E7A30F04A0B15FCE00000000</key>
		<dict>
			<key>isa</key>
			<string>PBXBuildFile</string>
			<key>fileRef</key>
			<string>1DD70E29A0B15FCE00000000</string>
		</dict>
		<key>E7A30F043449511B00000000</key>
		<dict>
			<key>isa</key>
			<string>PBXBuildFile</string>
			<key>fileRef</key>
			<string>1DD70E293449511B00000000</string>
		</dict>
		<key>E7A30F043ECE3A2500000000</key>
		<dict>
			<key>isa</key>
			<string>PBXBuildFile</string>
			<key>fileRef</key>
			<string>1DD70E293ECE3A2500000000</string>
		</dict>
		<key>E7A30F04151560DA00000000</key>
		<dict>
			<key>isa</key>
			<string>PBXBuildFile</string>
			<key>fileRef</key>
			<string>1DD70E29151560DA00000000</string>
		</dict>
		<key>E7A30F048880F2FE00000000</key>
		<dict>
			<key>isa</key>
			<string>PBXBuildFile</string>
			<key>fileRef</key>
			<string>1DD70E298880F2FE00000000</string>
		</dict>
		<key>E7A30F045BB6161600000000</key>
		<dict>
			<key>isa</key>
			<string>PBXBuildFile</string>
			<key>fileRef</key>
			<string>1DD70E295BB6161600000000</string>
		</dict>
		<key>E7A30F04A466EB0000000000</key>
		<dict>
			<key>isa</key>
			<string>PBXBuildFile</string>
			<key>fileRef</key>
			<string>1DD70E29A466EB0000000000</string>
		</dict>
		<key>E7A30F0491D84F6D00000000</key>
		<dict>
			<key>isa</key>
			<string>PBXBuildFile</string>
			<key>fileRef</key>
			<string>1DD70E2991D84F6D00000000</string>
		</dict>
		<key>E7A30F04BB542D9F00000000</key>
		<dict>
			<key>isa</key>
			<string>PBXBuildFile</string>
			<key>fileRef</key>
			<string>1DD70E29BB542D9F00000000</string>
		</dict>
		<key>E7A30F047FB3C38100000000</key>
		<dict>
			<key>isa</key>
			<string>PBXBuildFile</string>
			<key>fileRef</key>
			<string>1DD70E297FB3C38100000000</string>
		</dict>
		<key>E7A30F0487B7AA7000000000</key>
		<dict>
			<key>isa</key>
			<string>PBXBuildFile</string>
			<key>fileRef</key>
			<string>1DD70E2987B7AA7000000000</string>
		</dict>
		<key>E7A30F046A10400D00000000</key>
		<dict>
			<key>isa</key>
			<string>PBXBuildFile</string>
			<key>fileRef</key>
			<string>1DD70E296A10400D00000000</string>
		</dict>
		<key>1870857F0000000000000000</key>
		<dict>
			<key>isa</key>
			<string>PBXSourcesBuildPhase</string>
			<key>files</key>
			<array>
				<string>E7A30F04247FFC7B00000000</string>
				<string>E7A30F04DE26C8B000000000</string>
				<string>E7A30F0433A3A08D00000000</string>
				<string>E7A30F04AFF660F800000000</string>
				<string>E7A30F04275AC42500000000</string>
				<string>E7A30F042A9D699F00000000</string>
				<string>E7A30F04F3A5A3CF00000000</string>
				<string>E7A30F04CD86298900000000</string>
				<string>E7A30F042C7D56AC00000000</string>
				<string>E7A30F04A0B15FCE00000000</string>
				<string>E7A30F043449511B00000000</string>
				<string>E7A30F043ECE3A2500000000</string>
				<string>E7A30F04151560DA00000000</string>
				<string>E7A30F048880F2FE00000000</string>
				<string>E7A30F045BB6161600000000</string>
				<string>E7A30F04A466EB0000000000</string>
				<string>E7A30F0491D84F6D00000000</string>
				<string>E7A30F04BB542D9F00000000</string>
				<string>E7A30F047FB3C38100000000</string>
				<string>E7A30F0487B7AA7000000000</string>
				<string>E7A30F046A10400D00000000</string>
			</array>
		</dict>
		<key>E7A30F04B4A3EC7500000000</key>
		<dict>
			<key>isa</key>
			<string>PBXBuildFile</string>
			<key>fileRef</key>
			<string>1DD70E29B4A3EC7500000000</string>
		</dict>
		<key>FAF5FAC90000000000000000</key>
		<dict>
			<key>isa</key>
			<string>PBXCopyFilesBuildPhase</string>
			<key>files</key>
			<array>
				<string>E7A30F04B4A3EC7500000000</string>
			</array>
			<key>name</key>
			<string>Fake Swift Dependencies (Copy Files Phase)</string>
			<key>runOnlyForDeploymentPostprocessing</key>
			<integer>1</integer>
			<key>dstSubfolderSpec</key>
			<integer>16</integer>
			<key>dstPath</key>
			<string></string>
		</dict>
		<key>4952437303EDA63300000000</key>
		<dict>
			<key>isa</key>
			<string>XCBuildConfiguration</string>
			<key>name</key>
			<string>Debug</string>
			<key>buildSettings</key>
			<dict>
			</dict>
			<key>baseConfigurationReference</key>
			<string>1DD70E297EAA1EFB00000000</string>
		</dict>
		<key>4952437350C7218900000000</key>
		<dict>
			<key>isa</key>
			<string>XCBuildConfiguration</string>
			<key>name</key>
			<string>Profile</string>
			<key>buildSettings</key>
			<dict>
			</dict>
			<key>baseConfigurationReference</key>
			<string>1DD70E2961C0E3A500000000</string>
		</dict>
		<key>49524373A439BFE700000000</key>
		<dict>
			<key>isa</key>
			<string>XCBuildConfiguration</string>
			<key>name</key>
			<string>Release</string>
			<key>buildSettings</key>
			<dict>
			</dict>
			<key>baseConfigurationReference</key>
			<string>1DD70E29D5578F0700000000</string>
		</dict>
		<key>218C37090000000000000000</key>
		<dict>
			<key>isa</key>
			<string>XCConfigurationList</string>
			<key>buildConfigurations</key>
			<array>
				<string>4952437303EDA63300000000</string>
				<string>4952437350C7218900000000</string>
				<string>49524373A439BFE700000000</string>
			</array>
			<key>defaultConfigurationIsVisible</key>
			<false/>
		</dict>
		<key>E66DC04E2FBC967A00000000</key>
		<dict>
			<key>isa</key>
			<string>PBXNativeTarget</string>
			<key>name</key>
			<string>ReactiveSwift</string>
			<key>productName</key>
			<string>ReactiveSwift</string>
			<key>productReference</key>
			<string>1DD70E298FFF48C800000000</string>
			<key>productType</key>
			<string>com.apple.product-type.library.static</string>
			<key>dependencies</key>
			<array>
			</array>
			<key>buildPhases</key>
			<array>
				<string>1870857F0000000000000000</string>
				<string>FAF5FAC90000000000000000</string>
			</array>
			<key>buildConfigurationList</key>
			<string>218C37090000000000000000</string>
		</dict>
		<key>4952437303EDA63300000001</key>
		<dict>
			<key>isa</key>
			<string>XCBuildConfiguration</string>
			<key>name</key>
			<string>Debug</string>
			<key>buildSettings</key>
			<dict>
			</dict>
		</dict>
		<key>4952437350C7218900000001</key>
		<dict>
			<key>isa</key>
			<string>XCBuildConfiguration</string>
			<key>name</key>
			<string>Profile</string>
			<key>buildSettings</key>
			<dict>
			</dict>
		</dict>
		<key>49524373A439BFE700000001</key>
		<dict>
			<key>isa</key>
			<string>XCBuildConfiguration</string>
			<key>name</key>
			<string>Release</string>
			<key>buildSettings</key>
			<dict>
			</dict>
		</dict>
		<key>218C37090000000000000001</key>
		<dict>
			<key>isa</key>
			<string>XCConfigurationList</string>
			<key>buildConfigurations</key>
			<array>
				<string>4952437303EDA63300000001</string>
				<string>4952437350C7218900000001</string>
				<string>49524373A439BFE700000001</string>
			</array>
			<key>defaultConfigurationIsVisible</key>
			<false/>
		</dict>
		<key>96C847932FBC967A00000000</key>
		<dict>
			<key>isa</key>
			<string>PBXProject</string>
			<key>mainGroup</key>
			<string>B401C979EFB6AC4600000000</string>
			<key>targets</key>
			<array>
				<string>E66DC04E2FBC967A00000000</string>
			</array>
			<key>buildConfigurationList</key>
			<string>218C37090000000000000001</string>
			<key>compatibilityVersion</key>
			<string>Xcode 3.2</string>
			<key>attributes</key>
			<dict>
				<key>LastUpgradeCheck</key>
				<string>9999</string>
			</dict>
		</dict>
	</dict>
	<key>rootObject</key>
	<string>96C847932FBC967A00000000</string>
</dict>
</plist>