<?xml version="1.0" encoding="UTF-8"?>
<!DOCTYPE plist PUBLIC "-//Apple//DTD PLIST 1.0//EN" "http://www.apple.com/DTDs/PropertyList-1.0.dtd">
<plist version="1.0">
<dict>
	<key>archiveVersion</key>
	<string>1</string>
	<key>classes</key>
	<dict>
	</dict>
	<key>objectVersion</key>
	<string>46</string>
	<key>objects</key>
	<dict>
		<key>1DD70E298C299A7000000000</key>
		<dict>
			<key>isa</key>
			<string>PBXFileReference</string>
			<key>name</key>
			<string>FacebookCore-Debug.xcconfig</string>
			<key>path</key>
			<string>../../buck-out/gen/Vendors/FacebookCore/FacebookCore-Debug.xcconfig</string>
			<key>sourceTree</key>
			<string>SOURCE_ROOT</string>
			<key>explicitFileType</key>
			<string>text.xcconfig</string>
		</dict>
		<key>1DD70E290D4F55DA00000000</key>
		<dict>
			<key>isa</key>
			<string>PBXFileReference</string>
			<key>name</key>
			<string>FacebookCore-Profile.xcconfig</string>
			<key>path</key>
			<string>../../buck-out/gen/Vendors/FacebookCore/FacebookCore-Profile.xcconfig</string>
			<key>sourceTree</key>
			<string>SOURCE_ROOT</string>
			<key>explicitFileType</key>
			<string>text.xcconfig</string>
		</dict>
		<key>1DD70E2980E6013C00000000</key>
		<dict>
			<key>isa</key>
			<string>PBXFileReference</string>
			<key>name</key>
			<string>FacebookCore-Release.xcconfig</string>
			<key>path</key>
			<string>../../buck-out/gen/Vendors/FacebookCore/FacebookCore-Release.xcconfig</string>
			<key>sourceTree</key>
			<string>SOURCE_ROOT</string>
			<key>explicitFileType</key>
			<string>text.xcconfig</string>
		</dict>
		<key>B401C9792F7F325000000000</key>
		<dict>
			<key>isa</key>
			<string>PBXGroup</string>
			<key>name</key>
			<string>Buck (Do Not Modify)</string>
			<key>sourceTree</key>
			<string><![CDATA[<group>]]></string>
			<key>children</key>
			<array>
				<string>1DD70E298C299A7000000000</string>
				<string>1DD70E290D4F55DA00000000</string>
				<string>1DD70E2980E6013C00000000</string>
			</array>
		</dict>
		<key>B401C979B781F65D00000000</key>
		<dict>
			<key>isa</key>
			<string>PBXGroup</string>
			<key>name</key>
			<string>Configurations</string>
			<key>sourceTree</key>
			<string><![CDATA[<group>]]></string>
			<key>children</key>
			<array>
				<string>B401C9792F7F325000000000</string>
			</array>
		</dict>
		<key>1DD70E29001F47FB00000000</key>
		<dict>
			<key>isa</key>
			<string>PBXFileReference</string>
			<key>name</key>
			<string>BUCK</string>
			<key>path</key>
			<string>BUCK</string>
			<key>sourceTree</key>
			<string>SOURCE_ROOT</string>
			<key>explicitFileType</key>
			<string>text.script.python</string>
		</dict>
		<key>1DD70E2915E8145300000000</key>
		<dict>
			<key>isa</key>
			<string>PBXFileReference</string>
			<key>name</key>
			<string>AppEvent.Builtin.swift</string>
			<key>path</key>
			<string>Sources/Core/AppEvents/AppEvent.Builtin.swift</string>
			<key>sourceTree</key>
			<string>SOURCE_ROOT</string>
		</dict>
		<key>1DD70E293AF8CCFE00000000</key>
		<dict>
			<key>isa</key>
			<string>PBXFileReference</string>
			<key>name</key>
			<string>AppEvent.swift</string>
			<key>path</key>
			<string>Sources/Core/AppEvents/AppEvent.swift</string>
			<key>sourceTree</key>
			<string>SOURCE_ROOT</string>
		</dict>
		<key>1DD70E292241FAE900000000</key>
		<dict>
			<key>isa</key>
			<string>PBXFileReference</string>
			<key>name</key>
			<string>AppEventName.swift</string>
			<key>path</key>
			<string>Sources/Core/AppEvents/AppEventName.swift</string>
			<key>sourceTree</key>
			<string>SOURCE_ROOT</string>
		</dict>
		<key>1DD70E29BB9C9FA000000000</key>
		<dict>
			<key>isa</key>
			<string>PBXFileReference</string>
			<key>name</key>
			<string>AppEventParameterName.swift</string>
			<key>path</key>
			<string>Sources/Core/AppEvents/AppEventParameterName.swift</string>
			<key>sourceTree</key>
			<string>SOURCE_ROOT</string>
		</dict>
		<key>1DD70E29A374443700000000</key>
		<dict>
			<key>isa</key>
			<string>PBXFileReference</string>
			<key>name</key>
			<string>AppEventsLogger.FlushBehavior.swift</string>
			<key>path</key>
			<string>Sources/Core/AppEvents/AppEventsLogger.FlushBehavior.swift</string>
			<key>sourceTree</key>
			<string>SOURCE_ROOT</string>
		</dict>
		<key>1DD70E296E60ABCF00000000</key>
		<dict>
			<key>isa</key>
			<string>PBXFileReference</string>
			<key>name</key>
			<string>AppEventsLogger.swift</string>
			<key>path</key>
			<string>Sources/Core/AppEvents/AppEventsLogger.swift</string>
			<key>sourceTree</key>
			<string>SOURCE_ROOT</string>
		</dict>
		<key>B401C979B90A8A7A00000000</key>
		<dict>
			<key>isa</key>
			<string>PBXGroup</string>
			<key>name</key>
			<string>AppEvents</string>
			<key>path</key>
			<string>Sources/Core/AppEvents</string>
			<key>sourceTree</key>
			<string>SOURCE_ROOT</string>
			<key>children</key>
			<array>
				<string>1DD70E2915E8145300000000</string>
				<string>1DD70E293AF8CCFE00000000</string>
				<string>1DD70E292241FAE900000000</string>
				<string>1DD70E29BB9C9FA000000000</string>
				<string>1DD70E29A374443700000000</string>
				<string>1DD70E296E60ABCF00000000</string>
			</array>
		</dict>
		<key>1DD70E29F7DA71BA00000000</key>
		<dict>
			<key>isa</key>
			<string>PBXFileReference</string>
			<key>name</key>
			<string>AccessToken.swift</string>
			<key>path</key>
			<string>Sources/Core/Common/AccessToken.swift</string>
			<key>sourceTree</key>
			<string>SOURCE_ROOT</string>
		</dict>
		<key>1DD70E29F062E6E000000000</key>
		<dict>
			<key>isa</key>
			<string>PBXFileReference</string>
			<key>name</key>
			<string>SDKApplicationDelegate.swift</string>
			<key>path</key>
			<string>Sources/Core/Common/SDKApplicationDelegate.swift</string>
			<key>sourceTree</key>
			<string>SOURCE_ROOT</string>
		</dict>
		<key>1DD70E29372320BC00000000</key>
		<dict>
			<key>isa</key>
			<string>PBXFileReference</string>
			<key>name</key>
			<string>SDKLoggingBehavior.swift</string>
			<key>path</key>
			<string>Sources/Core/Common/SDKLoggingBehavior.swift</string>
			<key>sourceTree</key>
			<string>SOURCE_ROOT</string>
		</dict>
		<key>1DD70E29796BD74200000000</key>
		<dict>
			<key>isa</key>
			<string>PBXFileReference</string>
			<key>name</key>
			<string>SDKSettings.swift</string>
			<key>path</key>
			<string>Sources/Core/Common/SDKSettings.swift</string>
			<key>sourceTree</key>
			<string>SOURCE_ROOT</string>
		</dict>
		<key>B401C97978A4160B00000000</key>
		<dict>
			<key>isa</key>
			<string>PBXGroup</string>
			<key>name</key>
			<string>Common</string>
			<key>path</key>
			<string>Sources/Core/Common</string>
			<key>sourceTree</key>
			<string>SOURCE_ROOT</string>
			<key>children</key>
			<array>
				<string>1DD70E29F7DA71BA00000000</string>
				<string>1DD70E29F062E6E000000000</string>
				<string>1DD70E29372320BC00000000</string>
				<string>1DD70E29796BD74200000000</string>
			</array>
		</dict>
		<key>1DD70E29385732D100000000</key>
		<dict>
			<key>isa</key>
			<string>PBXFileReference</string>
			<key>name</key>
			<string>GraphAPIVersion.swift</string>
			<key>path</key>
			<string>Sources/Core/GraphRequest/GraphAPIVersion.swift</string>
			<key>sourceTree</key>
			<string>SOURCE_ROOT</string>
		</dict>
		<key>1DD70E293E8EEF6600000000</key>
		<dict>
			<key>isa</key>
			<string>PBXFileReference</string>
			<key>name</key>
			<string>GraphRequest.swift</string>
			<key>path</key>
			<string>Sources/Core/GraphRequest/GraphRequest.swift</string>
			<key>sourceTree</key>
			<string>SOURCE_ROOT</string>
		</dict>
		<key>1DD70E297ABCD71900000000</key>
		<dict>
			<key>isa</key>
			<string>PBXFileReference</string>
			<key>name</key>
			<string>GraphRequestConnection.Delegate.swift</string>
			<key>path</key>
			<string>Sources/Core/GraphRequest/GraphRequestConnection.Delegate.swift</string>
			<key>sourceTree</key>
			<string>SOURCE_ROOT</string>
		</dict>
		<key>1DD70E293D6E56A400000000</key>
		<dict>
			<key>isa</key>
			<string>PBXFileReference</string>
			<key>name</key>
			<string>GraphRequestConnection.swift</string>
			<key>path</key>
			<string>Sources/Core/GraphRequest/GraphRequestConnection.swift</string>
			<key>sourceTree</key>
			<string>SOURCE_ROOT</string>
		</dict>
		<key>1DD70E29F9A5907300000000</key>
		<dict>
			<key>isa</key>
			<string>PBXFileReference</string>
			<key>name</key>
			<string>GraphRequestDataAttachment.swift</string>
			<key>path</key>
			<string>Sources/Core/GraphRequest/GraphRequestDataAttachment.swift</string>
			<key>sourceTree</key>
			<string>SOURCE_ROOT</string>
		</dict>
		<key>1DD70E294814FC2300000000</key>
		<dict>
			<key>isa</key>
			<string>PBXFileReference</string>
			<key>name</key>
			<string>GraphRequestProtocol.Bridge.swift</string>
			<key>path</key>
			<string>Sources/Core/GraphRequest/GraphRequestProtocol.Bridge.swift</string>
			<key>sourceTree</key>
			<string>SOURCE_ROOT</string>
		</dict>
		<key>1DD70E296F84A71E00000000</key>
		<dict>
			<key>isa</key>
			<string>PBXFileReference</string>
			<key>name</key>
			<string>GraphRequestProtocol.swift</string>
			<key>path</key>
			<string>Sources/Core/GraphRequest/GraphRequestProtocol.swift</string>
			<key>sourceTree</key>
			<string>SOURCE_ROOT</string>
		</dict>
		<key>1DD70E2977F66D2300000000</key>
		<dict>
			<key>isa</key>
			<string>PBXFileReference</string>
			<key>name</key>
			<string>GraphRequestResult.swift</string>
			<key>path</key>
			<string>Sources/Core/GraphRequest/GraphRequestResult.swift</string>
			<key>sourceTree</key>
			<string>SOURCE_ROOT</string>
		</dict>
		<key>1DD70E29DF683EF400000000</key>
		<dict>
			<key>isa</key>
			<string>PBXFileReference</string>
			<key>name</key>
			<string>GraphResponse.swift</string>
			<key>path</key>
			<string>Sources/Core/GraphRequest/GraphResponse.swift</string>
			<key>sourceTree</key>
			<string>SOURCE_ROOT</string>
		</dict>
		<key>1DD70E29839488AC00000000</key>
		<dict>
			<key>isa</key>
			<string>PBXFileReference</string>
			<key>name</key>
			<string>GraphResponseProtocol.swift</string>
			<key>path</key>
			<string>Sources/Core/GraphRequest/GraphResponseProtocol.swift</string>
			<key>sourceTree</key>
			<string>SOURCE_ROOT</string>
		</dict>
		<key>B401C979B5E2A98100000000</key>
		<dict>
			<key>isa</key>
			<string>PBXGroup</string>
			<key>name</key>
			<string>GraphRequest</string>
			<key>path</key>
			<string>Sources/Core/GraphRequest</string>
			<key>sourceTree</key>
			<string>SOURCE_ROOT</string>
			<key>children</key>
			<array>
				<string>1DD70E29385732D100000000</string>
				<string>1DD70E293E8EEF6600000000</string>
				<string>1DD70E297ABCD71900000000</string>
				<string>1DD70E293D6E56A400000000</string>
				<string>1DD70E29F9A5907300000000</string>
				<string>1DD70E294814FC2300000000</string>
				<string>1DD70E296F84A71E00000000</string>
				<string>1DD70E2977F66D2300000000</string>
				<string>1DD70E29DF683EF400000000</string>
				<string>1DD70E29839488AC00000000</string>
			</array>
		</dict>
		<key>1DD70E2906A9571A00000000</key>
		<dict>
			<key>isa</key>
			<string>PBXFileReference</string>
			<key>name</key>
			<string>Dictionary+KeyValueMap.swift</string>
			<key>path</key>
			<string>Sources/Core/Internal/Extensions/Dictionary+KeyValueMap.swift</string>
			<key>sourceTree</key>
			<string>SOURCE_ROOT</string>
		</dict>
		<key>1DD70E299D69E42300000000</key>
		<dict>
			<key>isa</key>
			<string>PBXFileReference</string>
			<key>name</key>
			<string>Optional+OnSome.swift</string>
			<key>path</key>
			<string>Sources/Core/Internal/Extensions/Optional+OnSome.swift</string>
			<key>sourceTree</key>
			<string>SOURCE_ROOT</string>
		</dict>
		<key>B401C9790AF8483400000000</key>
		<dict>
			<key>isa</key>
			<string>PBXGroup</string>
			<key>name</key>
			<string>Extensions</string>
			<key>path</key>
			<string>Sources/Core/Internal/Extensions</string>
			<key>sourceTree</key>
			<string>SOURCE_ROOT</string>
			<key>children</key>
			<array>
				<string>1DD70E2906A9571A00000000</string>
				<string>1DD70E299D69E42300000000</string>
			</array>
		</dict>
		<key>B401C97925DA2ADD00000000</key>
		<dict>
			<key>isa</key>
			<string>PBXGroup</string>
			<key>name</key>
			<string>Internal</string>
			<key>path</key>
			<string>Sources/Core/Internal</string>
			<key>sourceTree</key>
			<string>SOURCE_ROOT</string>
			<key>children</key>
			<array>
				<string>B401C9790AF8483400000000</string>
			</array>
		</dict>
		<key>1DD70E29C5F75D5400000000</key>
		<dict>
			<key>isa</key>
			<string>PBXFileReference</string>
			<key>name</key>
			<string>Permission.swift</string>
			<key>path</key>
			<string>Sources/Core/Permissions/Permission.swift</string>
			<key>sourceTree</key>
			<string>SOURCE_ROOT</string>
		</dict>
		<key>1DD70E2968D6D44300000000</key>
		<dict>
			<key>isa</key>
			<string>PBXFileReference</string>
			<key>name</key>
			<string>PublishPermission.swift</string>
			<key>path</key>
			<string>Sources/Core/Permissions/PublishPermission.swift</string>
			<key>sourceTree</key>
			<string>SOURCE_ROOT</string>
		</dict>
		<key>1DD70E2919A7FF0A00000000</key>
		<dict>
			<key>isa</key>
			<string>PBXFileReference</string>
			<key>name</key>
			<string>ReadPermission.swift</string>
			<key>path</key>
			<string>Sources/Core/Permissions/ReadPermission.swift</string>
			<key>sourceTree</key>
			<string>SOURCE_ROOT</string>
		</dict>
		<key>B401C979A6FC9C6400000000</key>
		<dict>
			<key>isa</key>
			<string>PBXGroup</string>
			<key>name</key>
			<string>Permissions</string>
			<key>path</key>
			<string>Sources/Core/Permissions</string>
			<key>sourceTree</key>
			<string>SOURCE_ROOT</string>
			<key>children</key>
			<array>
				<string>1DD70E29C5F75D5400000000</string>
				<string>1DD70E2968D6D44300000000</string>
				<string>1DD70E2919A7FF0A00000000</string>
			</array>
		</dict>
		<key>1DD70E29D3639E0C00000000</key>
		<dict>
			<key>isa</key>
			<string>PBXFileReference</string>
			<key>name</key>
			<string>UserProfile.FetchResult.swift</string>
			<key>path</key>
			<string>Sources/Core/UserProfile/UserProfile.FetchResult.swift</string>
			<key>sourceTree</key>
			<string>SOURCE_ROOT</string>
		</dict>
		<key>1DD70E29C3558A5800000000</key>
		<dict>
			<key>isa</key>
			<string>PBXFileReference</string>
			<key>name</key>
			<string>UserProfile.PictureView.swift</string>
			<key>path</key>
			<string>Sources/Core/UserProfile/UserProfile.PictureView.swift</string>
			<key>sourceTree</key>
			<string>SOURCE_ROOT</string>
		</dict>
		<key>1DD70E29D6AD576300000000</key>
		<dict>
			<key>isa</key>
			<string>PBXFileReference</string>
			<key>name</key>
			<string>UserProfile.swift</string>
			<key>path</key>
			<string>Sources/Core/UserProfile/UserProfile.swift</string>
			<key>sourceTree</key>
			<string>SOURCE_ROOT</string>
		</dict>
		<key>B401C9793EFA133E00000000</key>
		<dict>
			<key>isa</key>
			<string>PBXGroup</string>
			<key>name</key>
			<string>UserProfile</string>
			<key>path</key>
			<string>Sources/Core/UserProfile</string>
			<key>sourceTree</key>
			<string>SOURCE_ROOT</string>
			<key>children</key>
			<array>
				<string>1DD70E29D3639E0C00000000</string>
				<string>1DD70E29C3558A5800000000</string>
				<string>1DD70E29D6AD576300000000</string>
			</array>
		</dict>
		<key>1DD70E29ED49C50600000000</key>
		<dict>
			<key>isa</key>
			<string>PBXFileReference</string>
			<key>name</key>
			<string>FacebookCore-Bridging-Header.h</string>
			<key>path</key>
			<string>BuckSupportFiles/FacebookCore-Bridging-Header.h</string>
			<key>sourceTree</key>
			<string><![CDATA[<group>]]></string>
			<key>lastKnownFileType</key>
			<string>sourcecode.c.h</string>
		</dict>
		<key>B401C979EAB5339800000000</key>
		<dict>
			<key>isa</key>
			<string>PBXGroup</string>
			<key>name</key>
			<string>Sources</string>
			<key>sourceTree</key>
			<string><![CDATA[<group>]]></string>
			<key>children</key>
			<array>
				<string>B401C979B90A8A7A00000000</string>
				<string>B401C97978A4160B00000000</string>
				<string>B401C979B5E2A98100000000</string>
				<string>B401C97925DA2ADD00000000</string>
				<string>B401C979A6FC9C6400000000</string>
				<string>B401C9793EFA133E00000000</string>
				<string>1DD70E29ED49C50600000000</string>
			</array>
		</dict>
		<key>B401C979F4163FA500000000</key>
		<dict>
			<key>isa</key>
			<string>PBXGroup</string>
			<key>name</key>
			<string>FacebookCore</string>
			<key>sourceTree</key>
			<string><![CDATA[<group>]]></string>
			<key>children</key>
			<array>
				<string>1DD70E29001F47FB00000000</string>
				<string>B401C979EAB5339800000000</string>
			</array>
		</dict>
		<key>1DD70E293A01461D00000000</key>
		<dict>
			<key>isa</key>
			<string>PBXFileReference</string>
			<key>name</key>
			<string>libFacebookCore.a</string>
			<key>path</key>
			<string>libFacebookCore.a</string>
			<key>sourceTree</key>
			<string>BUILT_PRODUCTS_DIR</string>
			<key>explicitFileType</key>
			<string>archive.ar</string>
		</dict>
		<key>B401C979C806358400000000</key>
		<dict>
			<key>isa</key>
			<string>PBXGroup</string>
			<key>name</key>
			<string>Products</string>
			<key>sourceTree</key>
			<string><![CDATA[<group>]]></string>
			<key>children</key>
			<array>
				<string>1DD70E293A01461D00000000</string>
			</array>
		</dict>
		<key>B401C979EFB6AC4600000000</key>
		<dict>
			<key>isa</key>
			<string>PBXGroup</string>
			<key>name</key>
			<string>mainGroup</string>
			<key>sourceTree</key>
			<string><![CDATA[<group>]]></string>
			<key>children</key>
			<array>
				<string>B401C979B781F65D00000000</string>
				<string>B401C979F4163FA500000000</string>
				<string>B401C979C806358400000000</string>
			</array>
		</dict>
		<key>E7A30F0415E8145300000000</key>
		<dict>
			<key>isa</key>
			<string>PBXBuildFile</string>
			<key>fileRef</key>
			<string>1DD70E2915E8145300000000</string>
		</dict>
		<key>E7A30F043AF8CCFE00000000</key>
		<dict>
			<key>isa</key>
			<string>PBXBuildFile</string>
			<key>fileRef</key>
			<string>1DD70E293AF8CCFE00000000</string>
		</dict>
		<key>E7A30F042241FAE900000000</key>
		<dict>
			<key>isa</key>
			<string>PBXBuildFile</string>
			<key>fileRef</key>
			<string>1DD70E292241FAE900000000</string>
		</dict>
		<key>E7A30F04BB9C9FA000000000</key>
		<dict>
			<key>isa</key>
			<string>PBXBuildFile</string>
			<key>fileRef</key>
			<string>1DD70E29BB9C9FA000000000</string>
		</dict>
		<key>E7A30F04A374443700000000</key>
		<dict>
			<key>isa</key>
			<string>PBXBuildFile</string>
			<key>fileRef</key>
			<string>1DD70E29A374443700000000</string>
		</dict>
		<key>E7A30F046E60ABCF00000000</key>
		<dict>
			<key>isa</key>
			<string>PBXBuildFile</string>
			<key>fileRef</key>
			<string>1DD70E296E60ABCF00000000</string>
		</dict>
		<key>E7A30F04F7DA71BA00000000</key>
		<dict>
			<key>isa</key>
			<string>PBXBuildFile</string>
			<key>fileRef</key>
			<string>1DD70E29F7DA71BA00000000</string>
		</dict>
		<key>E7A30F04F062E6E000000000</key>
		<dict>
			<key>isa</key>
			<string>PBXBuildFile</string>
			<key>fileRef</key>
			<string>1DD70E29F062E6E000000000</string>
		</dict>
		<key>E7A30F04372320BC00000000</key>
		<dict>
			<key>isa</key>
			<string>PBXBuildFile</string>
			<key>fileRef</key>
			<string>1DD70E29372320BC00000000</string>
		</dict>
		<key>E7A30F04796BD74200000000</key>
		<dict>
			<key>isa</key>
			<string>PBXBuildFile</string>
			<key>fileRef</key>
			<string>1DD70E29796BD74200000000</string>
		</dict>
		<key>E7A30F04385732D100000000</key>
		<dict>
			<key>isa</key>
			<string>PBXBuildFile</string>
			<key>fileRef</key>
			<string>1DD70E29385732D100000000</string>
		</dict>
		<key>E7A30F043E8EEF6600000000</key>
		<dict>
			<key>isa</key>
			<string>PBXBuildFile</string>
			<key>fileRef</key>
			<string>1DD70E293E8EEF6600000000</string>
		</dict>
		<key>E7A30F047ABCD71900000000</key>
		<dict>
			<key>isa</key>
			<string>PBXBuildFile</string>
			<key>fileRef</key>
			<string>1DD70E297ABCD71900000000</string>
		</dict>
		<key>E7A30F043D6E56A400000000</key>
		<dict>
			<key>isa</key>
			<string>PBXBuildFile</string>
			<key>fileRef</key>
			<string>1DD70E293D6E56A400000000</string>
		</dict>
		<key>E7A30F04F9A5907300000000</key>
		<dict>
			<key>isa</key>
			<string>PBXBuildFile</string>
			<key>fileRef</key>
			<string>1DD70E29F9A5907300000000</string>
		</dict>
		<key>E7A30F044814FC2300000000</key>
		<dict>
			<key>isa</key>
			<string>PBXBuildFile</string>
			<key>fileRef</key>
			<string>1DD70E294814FC2300000000</string>
		</dict>
		<key>E7A30F046F84A71E00000000</key>
		<dict>
			<key>isa</key>
			<string>PBXBuildFile</string>
			<key>fileRef</key>
			<string>1DD70E296F84A71E00000000</string>
		</dict>
		<key>E7A30F0477F66D2300000000</key>
		<dict>
			<key>isa</key>
			<string>PBXBuildFile</string>
			<key>fileRef</key>
			<string>1DD70E2977F66D2300000000</string>
		</dict>
		<key>E7A30F04DF683EF400000000</key>
		<dict>
			<key>isa</key>
			<string>PBXBuildFile</string>
			<key>fileRef</key>
			<string>1DD70E29DF683EF400000000</string>
		</dict>
		<key>E7A30F04839488AC00000000</key>
		<dict>
			<key>isa</key>
			<string>PBXBuildFile</string>
			<key>fileRef</key>
			<string>1DD70E29839488AC00000000</string>
		</dict>
		<key>E7A30F0406A9571A00000000</key>
		<dict>
			<key>isa</key>
			<string>PBXBuildFile</string>
			<key>fileRef</key>
			<string>1DD70E2906A9571A00000000</string>
		</dict>
		<key>E7A30F049D69E42300000000</key>
		<dict>
			<key>isa</key>
			<string>PBXBuildFile</string>
			<key>fileRef</key>
			<string>1DD70E299D69E42300000000</string>
		</dict>
		<key>E7A30F04C5F75D5400000000</key>
		<dict>
			<key>isa</key>
			<string>PBXBuildFile</string>
			<key>fileRef</key>
			<string>1DD70E29C5F75D5400000000</string>
		</dict>
		<key>E7A30F0468D6D44300000000</key>
		<dict>
			<key>isa</key>
			<string>PBXBuildFile</string>
			<key>fileRef</key>
			<string>1DD70E2968D6D44300000000</string>
		</dict>
		<key>E7A30F0419A7FF0A00000000</key>
		<dict>
			<key>isa</key>
			<string>PBXBuildFile</string>
			<key>fileRef</key>
			<string>1DD70E2919A7FF0A00000000</string>
		</dict>
		<key>E7A30F04D3639E0C00000000</key>
		<dict>
			<key>isa</key>
			<string>PBXBuildFile</string>
			<key>fileRef</key>
			<string>1DD70E29D3639E0C00000000</string>
		</dict>
		<key>E7A30F04C3558A5800000000</key>
		<dict>
			<key>isa</key>
			<string>PBXBuildFile</string>
			<key>fileRef</key>
			<string>1DD70E29C3558A5800000000</string>
		</dict>
		<key>E7A30F04D6AD576300000000</key>
		<dict>
			<key>isa</key>
			<string>PBXBuildFile</string>
			<key>fileRef</key>
			<string>1DD70E29D6AD576300000000</string>
		</dict>
		<key>1870857F0000000000000000</key>
		<dict>
			<key>isa</key>
			<string>PBXSourcesBuildPhase</string>
			<key>files</key>
			<array>
				<string>E7A30F0415E8145300000000</string>
				<string>E7A30F043AF8CCFE00000000</string>
				<string>E7A30F042241FAE900000000</string>
				<string>E7A30F04BB9C9FA000000000</string>
				<string>E7A30F04A374443700000000</string>
				<string>E7A30F046E60ABCF00000000</string>
				<string>E7A30F04F7DA71BA00000000</string>
				<string>E7A30F04F062E6E000000000</string>
				<string>E7A30F04372320BC00000000</string>
				<string>E7A30F04796BD74200000000</string>
				<string>E7A30F04385732D100000000</string>
				<string>E7A30F043E8EEF6600000000</string>
				<string>E7A30F047ABCD71900000000</string>
				<string>E7A30F043D6E56A400000000</string>
				<string>E7A30F04F9A5907300000000</string>
				<string>E7A30F044814FC2300000000</string>
				<string>E7A30F046F84A71E00000000</string>
				<string>E7A30F0477F66D2300000000</string>
				<string>E7A30F04DF683EF400000000</string>
				<string>E7A30F04839488AC00000000</string>
				<string>E7A30F0406A9571A00000000</string>
				<string>E7A30F049D69E42300000000</string>
				<string>E7A30F04C5F75D5400000000</string>
				<string>E7A30F0468D6D44300000000</string>
				<string>E7A30F0419A7FF0A00000000</string>
				<string>E7A30F04D3639E0C00000000</string>
				<string>E7A30F04C3558A5800000000</string>
				<string>E7A30F04D6AD576300000000</string>
			</array>
		</dict>
		<key>4952437303EDA63300000000</key>
		<dict>
			<key>isa</key>
			<string>XCBuildConfiguration</string>
			<key>name</key>
			<string>Debug</string>
			<key>buildSettings</key>
			<dict>
			</dict>
			<key>baseConfigurationReference</key>
			<string>1DD70E298C299A7000000000</string>
		</dict>
		<key>4952437350C7218900000000</key>
		<dict>
			<key>isa</key>
			<string>XCBuildConfiguration</string>
			<key>name</key>
			<string>Profile</string>
			<key>buildSettings</key>
			<dict>
			</dict>
			<key>baseConfigurationReference</key>
			<string>1DD70E290D4F55DA00000000</string>
		</dict>
		<key>49524373A439BFE700000000</key>
		<dict>
			<key>isa</key>
			<string>XCBuildConfiguration</string>
			<key>name</key>
			<string>Release</string>
			<key>buildSettings</key>
			<dict>
			</dict>
			<key>baseConfigurationReference</key>
			<string>1DD70E2980E6013C00000000</string>
		</dict>
		<key>218C37090000000000000000</key>
		<dict>
			<key>isa</key>
			<string>XCConfigurationList</string>
			<key>buildConfigurations</key>
			<array>
				<string>4952437303EDA63300000000</string>
				<string>4952437350C7218900000000</string>
				<string>49524373A439BFE700000000</string>
			</array>
			<key>defaultConfigurationIsVisible</key>
			<false/>
		</dict>
		<key>E66DC04EF4163FA500000000</key>
		<dict>
			<key>isa</key>
			<string>PBXNativeTarget</string>
			<key>name</key>
			<string>FacebookCore</string>
			<key>productName</key>
			<string>FacebookCore</string>
			<key>productReference</key>
			<string>1DD70E293A01461D00000000</string>
			<key>productType</key>
			<string>com.apple.product-type.library.static</string>
			<key>dependencies</key>
			<array>
			</array>
			<key>buildPhases</key>
			<array>
				<string>1870857F0000000000000000</string>
			</array>
			<key>buildConfigurationList</key>
			<string>218C37090000000000000000</string>
		</dict>
		<key>4952437303EDA63300000001</key>
		<dict>
			<key>isa</key>
			<string>XCBuildConfiguration</string>
			<key>name</key>
			<string>Debug</string>
			<key>buildSettings</key>
			<dict>
			</dict>
		</dict>
		<key>4952437350C7218900000001</key>
		<dict>
			<key>isa</key>
			<string>XCBuildConfiguration</string>
			<key>name</key>
			<string>Profile</string>
			<key>buildSettings</key>
			<dict>
			</dict>
		</dict>
		<key>49524373A439BFE700000001</key>
		<dict>
			<key>isa</key>
			<string>XCBuildConfiguration</string>
			<key>name</key>
			<string>Release</string>
			<key>buildSettings</key>
			<dict>
			</dict>
		</dict>
		<key>218C37090000000000000001</key>
		<dict>
			<key>isa</key>
			<string>XCConfigurationList</string>
			<key>buildConfigurations</key>
			<array>
				<string>4952437303EDA63300000001</string>
				<string>4952437350C7218900000001</string>
				<string>49524373A439BFE700000001</string>
			</array>
			<key>defaultConfigurationIsVisible</key>
			<false/>
		</dict>
		<key>96C84793F4163FA500000000</key>
		<dict>
			<key>isa</key>
			<string>PBXProject</string>
			<key>mainGroup</key>
			<string>B401C979EFB6AC4600000000</string>
			<key>targets</key>
			<array>
				<string>E66DC04EF4163FA500000000</string>
			</array>
			<key>buildConfigurationList</key>
			<string>218C37090000000000000001</string>
			<key>compatibilityVersion</key>
			<string>Xcode 3.2</string>
			<key>attributes</key>
			<dict>
				<key>LastUpgradeCheck</key>
				<string>9999</string>
			</dict>
		</dict>
	</dict>
	<key>rootObject</key>
	<string>96C84793F4163FA500000000</string>
</dict>
</plist>