<?xml version="1.0" encoding="UTF-8"?>
<!DOCTYPE plist PUBLIC "-//Apple//DTD PLIST 1.0//EN" "http://www.apple.com/DTDs/PropertyList-1.0.dtd">
<plist version="1.0">
<dict>
	<key>archiveVersion</key>
	<string>1</string>
	<key>classes</key>
	<dict>
	</dict>
	<key>objectVersion</key>
	<string>46</string>
	<key>objects</key>
	<dict>
		<key>1DD70E29001F47FB00000000</key>
		<dict>
			<key>isa</key>
			<string>PBXFileReference</string>
			<key>name</key>
			<string>BUCK</string>
			<key>path</key>
			<string>BUCK</string>
			<key>sourceTree</key>
			<string>SOURCE_ROOT</string>
			<key>explicitFileType</key>
			<string>text.script.python</string>
		</dict>
		<key>1DD70E2989D4202600000000</key>
		<dict>
			<key>isa</key>
			<string>PBXFileReference</string>
			<key>name</key>
			<string>NSData+ADJAdditions.h</string>
			<key>path</key>
			<string>Adjust/ADJAdditions/NSData+ADJAdditions.h</string>
			<key>sourceTree</key>
			<string>SOURCE_ROOT</string>
			<key>lastKnownFileType</key>
			<string>sourcecode.c.h</string>
		</dict>
		<key>1DD70E2989D4202B00000000</key>
		<dict>
			<key>isa</key>
			<string>PBXFileReference</string>
			<key>name</key>
			<string>NSData+ADJAdditions.m</string>
			<key>path</key>
			<string>Adjust/ADJAdditions/NSData+ADJAdditions.m</string>
			<key>sourceTree</key>
			<string>SOURCE_ROOT</string>
			<key>lastKnownFileType</key>
			<string>sourcecode.c.objc</string>
		</dict>
		<key>1DD70E295BC2621F00000000</key>
		<dict>
			<key>isa</key>
			<string>PBXFileReference</string>
			<key>name</key>
			<string>NSString+ADJAdditions.h</string>
			<key>path</key>
			<string>Adjust/ADJAdditions/NSString+ADJAdditions.h</string>
			<key>sourceTree</key>
			<string>SOURCE_ROOT</string>
			<key>lastKnownFileType</key>
			<string>sourcecode.c.h</string>
		</dict>
		<key>1DD70E295BC2622400000000</key>
		<dict>
			<key>isa</key>
			<string>PBXFileReference</string>
			<key>name</key>
			<string>NSString+ADJAdditions.m</string>
			<key>path</key>
			<string>Adjust/ADJAdditions/NSString+ADJAdditions.m</string>
			<key>sourceTree</key>
			<string>SOURCE_ROOT</string>
			<key>lastKnownFileType</key>
			<string>sourcecode.c.objc</string>
		</dict>
		<key>1DD70E29CEAB97CB00000000</key>
		<dict>
			<key>isa</key>
			<string>PBXFileReference</string>
			<key>name</key>
			<string>UIDevice+ADJAdditions.h</string>
			<key>path</key>
			<string>Adjust/ADJAdditions/UIDevice+ADJAdditions.h</string>
			<key>sourceTree</key>
			<string>SOURCE_ROOT</string>
			<key>lastKnownFileType</key>
			<string>sourcecode.c.h</string>
		</dict>
		<key>1DD70E29CEAB97D000000000</key>
		<dict>
			<key>isa</key>
			<string>PBXFileReference</string>
			<key>name</key>
			<string>UIDevice+ADJAdditions.m</string>
			<key>path</key>
			<string>Adjust/ADJAdditions/UIDevice+ADJAdditions.m</string>
			<key>sourceTree</key>
			<string>SOURCE_ROOT</string>
			<key>lastKnownFileType</key>
			<string>sourcecode.c.objc</string>
		</dict>
		<key>B401C979BB1AF03000000000</key>
		<dict>
			<key>isa</key>
			<string>PBXGroup</string>
			<key>name</key>
			<string>ADJAdditions</string>
			<key>path</key>
			<string>Adjust/ADJAdditions</string>
			<key>sourceTree</key>
			<string>SOURCE_ROOT</string>
			<key>children</key>
			<array>
				<string>1DD70E2989D4202600000000</string>
				<string>1DD70E2989D4202B00000000</string>
				<string>1DD70E295BC2621F00000000</string>
				<string>1DD70E295BC2622400000000</string>
				<string>1DD70E29CEAB97CB00000000</string>
				<string>1DD70E29CEAB97D000000000</string>
			</array>
		</dict>
		<key>1DD70E29D750E2AE00000000</key>
		<dict>
			<key>isa</key>
			<string>PBXFileReference</string>
			<key>name</key>
			<string>ADJActivityHandler.h</string>
			<key>path</key>
			<string>Adjust/ADJActivityHandler.h</string>
			<key>sourceTree</key>
			<string>SOURCE_ROOT</string>
			<key>lastKnownFileType</key>
			<string>sourcecode.c.h</string>
		</dict>
		<key>1DD70E29D750E2B300000000</key>
		<dict>
			<key>isa</key>
			<string>PBXFileReference</string>
			<key>name</key>
			<string>ADJActivityHandler.m</string>
			<key>path</key>
			<string>Adjust/ADJActivityHandler.m</string>
			<key>sourceTree</key>
			<string>SOURCE_ROOT</string>
			<key>lastKnownFileType</key>
			<string>sourcecode.c.objc</string>
		</dict>
		<key>1DD70E29865194E400000000</key>
		<dict>
			<key>isa</key>
			<string>PBXFileReference</string>
			<key>name</key>
			<string>ADJActivityKind.h</string>
			<key>path</key>
			<string>Adjust/ADJActivityKind.h</string>
			<key>sourceTree</key>
			<string>SOURCE_ROOT</string>
			<key>lastKnownFileType</key>
			<string>sourcecode.c.h</string>
		</dict>
		<key>1DD70E29865194E900000000</key>
		<dict>
			<key>isa</key>
			<string>PBXFileReference</string>
			<key>name</key>
			<string>ADJActivityKind.m</string>
			<key>path</key>
			<string>Adjust/ADJActivityKind.m</string>
			<key>sourceTree</key>
			<string>SOURCE_ROOT</string>
			<key>lastKnownFileType</key>
			<string>sourcecode.c.objc</string>
		</dict>
		<key>1DD70E293EE770AA00000000</key>
		<dict>
			<key>isa</key>
			<string>PBXFileReference</string>
			<key>name</key>
			<string>ADJActivityPackage.h</string>
			<key>path</key>
			<string>Adjust/ADJActivityPackage.h</string>
			<key>sourceTree</key>
			<string>SOURCE_ROOT</string>
			<key>lastKnownFileType</key>
			<string>sourcecode.c.h</string>
		</dict>
		<key>1DD70E293EE770AF00000000</key>
		<dict>
			<key>isa</key>
			<string>PBXFileReference</string>
			<key>name</key>
			<string>ADJActivityPackage.m</string>
			<key>path</key>
			<string>Adjust/ADJActivityPackage.m</string>
			<key>sourceTree</key>
			<string>SOURCE_ROOT</string>
			<key>lastKnownFileType</key>
			<string>sourcecode.c.objc</string>
		</dict>
		<key>1DD70E29FD290CB500000000</key>
		<dict>
			<key>isa</key>
			<string>PBXFileReference</string>
			<key>name</key>
			<string>ADJActivityState.h</string>
			<key>path</key>
			<string>Adjust/ADJActivityState.h</string>
			<key>sourceTree</key>
			<string>SOURCE_ROOT</string>
			<key>lastKnownFileType</key>
			<string>sourcecode.c.h</string>
		</dict>
		<key>1DD70E29FD290CBA00000000</key>
		<dict>
			<key>isa</key>
			<string>PBXFileReference</string>
			<key>name</key>
			<string>ADJActivityState.m</string>
			<key>path</key>
			<string>Adjust/ADJActivityState.m</string>
			<key>sourceTree</key>
			<string>SOURCE_ROOT</string>
			<key>lastKnownFileType</key>
			<string>sourcecode.c.objc</string>
		</dict>
		<key>1DD70E299876522E00000000</key>
		<dict>
			<key>isa</key>
			<string>PBXFileReference</string>
			<key>name</key>
			<string>ADJAdjustFactory.h</string>
			<key>path</key>
			<string>Adjust/ADJAdjustFactory.h</string>
			<key>sourceTree</key>
			<string>SOURCE_ROOT</string>
			<key>lastKnownFileType</key>
			<string>sourcecode.c.h</string>
		</dict>
		<key>1DD70E299876523300000000</key>
		<dict>
			<key>isa</key>
			<string>PBXFileReference</string>
			<key>name</key>
			<string>ADJAdjustFactory.m</string>
			<key>path</key>
			<string>Adjust/ADJAdjustFactory.m</string>
			<key>sourceTree</key>
			<string>SOURCE_ROOT</string>
			<key>lastKnownFileType</key>
			<string>sourcecode.c.objc</string>
		</dict>
		<key>1DD70E2947F2797200000000</key>
		<dict>
			<key>isa</key>
			<string>PBXFileReference</string>
			<key>name</key>
			<string>ADJAttribution.h</string>
			<key>path</key>
			<string>Adjust/ADJAttribution.h</string>
			<key>sourceTree</key>
			<string>SOURCE_ROOT</string>
			<key>lastKnownFileType</key>
			<string>sourcecode.c.h</string>
		</dict>
		<key>1DD70E2947F2797700000000</key>
		<dict>
			<key>isa</key>
			<string>PBXFileReference</string>
			<key>name</key>
			<string>ADJAttribution.m</string>
			<key>path</key>
			<string>Adjust/ADJAttribution.m</string>
			<key>sourceTree</key>
			<string>SOURCE_ROOT</string>
			<key>lastKnownFileType</key>
			<string>sourcecode.c.objc</string>
		</dict>
		<key>1DD70E2997C8082C00000000</key>
		<dict>
			<key>isa</key>
			<string>PBXFileReference</string>
			<key>name</key>
			<string>ADJAttributionHandler.h</string>
			<key>path</key>
			<string>Adjust/ADJAttributionHandler.h</string>
			<key>sourceTree</key>
			<string>SOURCE_ROOT</string>
			<key>lastKnownFileType</key>
			<string>sourcecode.c.h</string>
		</dict>
		<key>1DD70E2997C8083100000000</key>
		<dict>
			<key>isa</key>
			<string>PBXFileReference</string>
			<key>name</key>
			<string>ADJAttributionHandler.m</string>
			<key>path</key>
			<string>Adjust/ADJAttributionHandler.m</string>
			<key>sourceTree</key>
			<string>SOURCE_ROOT</string>
			<key>lastKnownFileType</key>
			<string>sourcecode.c.objc</string>
		</dict>
		<key>1DD70E29F9DFD02E00000000</key>
		<dict>
			<key>isa</key>
			<string>PBXFileReference</string>
			<key>name</key>
			<string>ADJBackoffStrategy.h</string>
			<key>path</key>
			<string>Adjust/ADJBackoffStrategy.h</string>
			<key>sourceTree</key>
			<string>SOURCE_ROOT</string>
			<key>lastKnownFileType</key>
			<string>sourcecode.c.h</string>
		</dict>
		<key>1DD70E29F9DFD03300000000</key>
		<dict>
			<key>isa</key>
			<string>PBXFileReference</string>
			<key>name</key>
			<string>ADJBackoffStrategy.m</string>
			<key>path</key>
			<string>Adjust/ADJBackoffStrategy.m</string>
			<key>sourceTree</key>
			<string>SOURCE_ROOT</string>
			<key>lastKnownFileType</key>
			<string>sourcecode.c.objc</string>
		</dict>
		<key>1DD70E296EA1AA6300000000</key>
		<dict>
			<key>isa</key>
			<string>PBXFileReference</string>
			<key>name</key>
			<string>ADJConfig.h</string>
			<key>path</key>
			<string>Adjust/ADJConfig.h</string>
			<key>sourceTree</key>
			<string>SOURCE_ROOT</string>
			<key>lastKnownFileType</key>
			<string>sourcecode.c.h</string>
		</dict>
		<key>1DD70E296EA1AA6800000000</key>
		<dict>
			<key>isa</key>
			<string>PBXFileReference</string>
			<key>name</key>
			<string>ADJConfig.m</string>
			<key>path</key>
			<string>Adjust/ADJConfig.m</string>
			<key>sourceTree</key>
			<string>SOURCE_ROOT</string>
			<key>lastKnownFileType</key>
			<string>sourcecode.c.objc</string>
		</dict>
		<key>1DD70E295B3794C700000000</key>
		<dict>
			<key>isa</key>
			<string>PBXFileReference</string>
			<key>name</key>
			<string>ADJConnectionValidator.h</string>
			<key>path</key>
			<string>Adjust/ADJConnectionValidator.h</string>
			<key>sourceTree</key>
			<string>SOURCE_ROOT</string>
			<key>lastKnownFileType</key>
			<string>sourcecode.c.h</string>
		</dict>
		<key>1DD70E295B3794CC00000000</key>
		<dict>
			<key>isa</key>
			<string>PBXFileReference</string>
			<key>name</key>
			<string>ADJConnectionValidator.m</string>
			<key>path</key>
			<string>Adjust/ADJConnectionValidator.m</string>
			<key>sourceTree</key>
			<string>SOURCE_ROOT</string>
			<key>lastKnownFileType</key>
			<string>sourcecode.c.objc</string>
		</dict>
		<key>1DD70E29828F274500000000</key>
		<dict>
			<key>isa</key>
			<string>PBXFileReference</string>
			<key>name</key>
			<string>ADJDeviceInfo.h</string>
			<key>path</key>
			<string>Adjust/ADJDeviceInfo.h</string>
			<key>sourceTree</key>
			<string>SOURCE_ROOT</string>
			<key>lastKnownFileType</key>
			<string>sourcecode.c.h</string>
		</dict>
		<key>1DD70E29828F274A00000000</key>
		<dict>
			<key>isa</key>
			<string>PBXFileReference</string>
			<key>name</key>
			<string>ADJDeviceInfo.m</string>
			<key>path</key>
			<string>Adjust/ADJDeviceInfo.m</string>
			<key>sourceTree</key>
			<string>SOURCE_ROOT</string>
			<key>lastKnownFileType</key>
			<string>sourcecode.c.objc</string>
		</dict>
		<key>1DD70E298116FF8D00000000</key>
		<dict>
			<key>isa</key>
			<string>PBXFileReference</string>
			<key>name</key>
			<string>ADJEvent.h</string>
			<key>path</key>
			<string>Adjust/ADJEvent.h</string>
			<key>sourceTree</key>
			<string>SOURCE_ROOT</string>
			<key>lastKnownFileType</key>
			<string>sourcecode.c.h</string>
		</dict>
		<key>1DD70E298116FF9200000000</key>
		<dict>
			<key>isa</key>
			<string>PBXFileReference</string>
			<key>name</key>
			<string>ADJEvent.m</string>
			<key>path</key>
			<string>Adjust/ADJEvent.m</string>
			<key>sourceTree</key>
			<string>SOURCE_ROOT</string>
			<key>lastKnownFileType</key>
			<string>sourcecode.c.objc</string>
		</dict>
		<key>1DD70E293D83C7F100000000</key>
		<dict>
			<key>isa</key>
			<string>PBXFileReference</string>
			<key>name</key>
			<string>ADJEventFailure.h</string>
			<key>path</key>
			<string>Adjust/ADJEventFailure.h</string>
			<key>sourceTree</key>
			<string>SOURCE_ROOT</string>
			<key>lastKnownFileType</key>
			<string>sourcecode.c.h</string>
		</dict>
		<key>1DD70E293D83C7F600000000</key>
		<dict>
			<key>isa</key>
			<string>PBXFileReference</string>
			<key>name</key>
			<string>ADJEventFailure.m</string>
			<key>path</key>
			<string>Adjust/ADJEventFailure.m</string>
			<key>sourceTree</key>
			<string>SOURCE_ROOT</string>
			<key>lastKnownFileType</key>
			<string>sourcecode.c.objc</string>
		</dict>
		<key>1DD70E2994F31C2A00000000</key>
		<dict>
			<key>isa</key>
			<string>PBXFileReference</string>
			<key>name</key>
			<string>ADJEventSuccess.h</string>
			<key>path</key>
			<string>Adjust/ADJEventSuccess.h</string>
			<key>sourceTree</key>
			<string>SOURCE_ROOT</string>
			<key>lastKnownFileType</key>
			<string>sourcecode.c.h</string>
		</dict>
		<key>1DD70E2994F31C2F00000000</key>
		<dict>
			<key>isa</key>
			<string>PBXFileReference</string>
			<key>name</key>
			<string>ADJEventSuccess.m</string>
			<key>path</key>
			<string>Adjust/ADJEventSuccess.m</string>
			<key>sourceTree</key>
			<string>SOURCE_ROOT</string>
			<key>lastKnownFileType</key>
			<string>sourcecode.c.objc</string>
		</dict>
		<key>1DD70E29FA8B952300000000</key>
		<dict>
			<key>isa</key>
			<string>PBXFileReference</string>
			<key>name</key>
			<string>ADJKeychain.h</string>
			<key>path</key>
			<string>Adjust/ADJKeychain.h</string>
			<key>sourceTree</key>
			<string>SOURCE_ROOT</string>
			<key>lastKnownFileType</key>
			<string>sourcecode.c.h</string>
		</dict>
		<key>1DD70E29FA8B952800000000</key>
		<dict>
			<key>isa</key>
			<string>PBXFileReference</string>
			<key>name</key>
			<string>ADJKeychain.m</string>
			<key>path</key>
			<string>Adjust/ADJKeychain.m</string>
			<key>sourceTree</key>
			<string>SOURCE_ROOT</string>
			<key>lastKnownFileType</key>
			<string>sourcecode.c.objc</string>
		</dict>
		<key>1DD70E2909A6C13100000000</key>
		<dict>
			<key>isa</key>
			<string>PBXFileReference</string>
			<key>name</key>
			<string>ADJLogger.h</string>
			<key>path</key>
			<string>Adjust/ADJLogger.h</string>
			<key>sourceTree</key>
			<string>SOURCE_ROOT</string>
			<key>lastKnownFileType</key>
			<string>sourcecode.c.h</string>
		</dict>
		<key>1DD70E2909A6C13600000000</key>
		<dict>
			<key>isa</key>
			<string>PBXFileReference</string>
			<key>name</key>
			<string>ADJLogger.m</string>
			<key>path</key>
			<string>Adjust/ADJLogger.m</string>
			<key>sourceTree</key>
			<string>SOURCE_ROOT</string>
			<key>lastKnownFileType</key>
			<string>sourcecode.c.objc</string>
		</dict>
		<key>1DD70E29AAA427D600000000</key>
		<dict>
			<key>isa</key>
			<string>PBXFileReference</string>
			<key>name</key>
			<string>ADJPackageBuilder.h</string>
			<key>path</key>
			<string>Adjust/ADJPackageBuilder.h</string>
			<key>sourceTree</key>
			<string>SOURCE_ROOT</string>
			<key>lastKnownFileType</key>
			<string>sourcecode.c.h</string>
		</dict>
		<key>1DD70E29AAA427DB00000000</key>
		<dict>
			<key>isa</key>
			<string>PBXFileReference</string>
			<key>name</key>
			<string>ADJPackageBuilder.m</string>
			<key>path</key>
			<string>Adjust/ADJPackageBuilder.m</string>
			<key>sourceTree</key>
			<string>SOURCE_ROOT</string>
			<key>lastKnownFileType</key>
			<string>sourcecode.c.objc</string>
		</dict>
		<key>1DD70E2901F05FC500000000</key>
		<dict>
			<key>isa</key>
			<string>PBXFileReference</string>
			<key>name</key>
			<string>ADJPackageHandler.h</string>
			<key>path</key>
			<string>Adjust/ADJPackageHandler.h</string>
			<key>sourceTree</key>
			<string>SOURCE_ROOT</string>
			<key>lastKnownFileType</key>
			<string>sourcecode.c.h</string>
		</dict>
		<key>1DD70E2901F05FCA00000000</key>
		<dict>
			<key>isa</key>
			<string>PBXFileReference</string>
			<key>name</key>
			<string>ADJPackageHandler.m</string>
			<key>path</key>
			<string>Adjust/ADJPackageHandler.m</string>
			<key>sourceTree</key>
			<string>SOURCE_ROOT</string>
			<key>lastKnownFileType</key>
			<string>sourcecode.c.objc</string>
		</dict>
		<key>1DD70E29418DA39C00000000</key>
		<dict>
			<key>isa</key>
			<string>PBXFileReference</string>
			<key>name</key>
			<string>ADJRequestHandler.h</string>
			<key>path</key>
			<string>Adjust/ADJRequestHandler.h</string>
			<key>sourceTree</key>
			<string>SOURCE_ROOT</string>
			<key>lastKnownFileType</key>
			<string>sourcecode.c.h</string>
		</dict>
		<key>1DD70E29418DA3A100000000</key>
		<dict>
			<key>isa</key>
			<string>PBXFileReference</string>
			<key>name</key>
			<string>ADJRequestHandler.m</string>
			<key>path</key>
			<string>Adjust/ADJRequestHandler.m</string>
			<key>sourceTree</key>
			<string>SOURCE_ROOT</string>
			<key>lastKnownFileType</key>
			<string>sourcecode.c.objc</string>
		</dict>
		<key>1DD70E290EB78F2C00000000</key>
		<dict>
			<key>isa</key>
			<string>PBXFileReference</string>
			<key>name</key>
			<string>ADJResponseData.h</string>
			<key>path</key>
			<string>Adjust/ADJResponseData.h</string>
			<key>sourceTree</key>
			<string>SOURCE_ROOT</string>
			<key>lastKnownFileType</key>
			<string>sourcecode.c.h</string>
		</dict>
		<key>1DD70E290EB78F3100000000</key>
		<dict>
			<key>isa</key>
			<string>PBXFileReference</string>
			<key>name</key>
			<string>ADJResponseData.m</string>
			<key>path</key>
			<string>Adjust/ADJResponseData.m</string>
			<key>sourceTree</key>
			<string>SOURCE_ROOT</string>
			<key>lastKnownFileType</key>
			<string>sourcecode.c.objc</string>
		</dict>
		<key>1DD70E2924DF632F00000000</key>
		<dict>
			<key>isa</key>
			<string>PBXFileReference</string>
			<key>name</key>
			<string>ADJSdkClickHandler.h</string>
			<key>path</key>
			<string>Adjust/ADJSdkClickHandler.h</string>
			<key>sourceTree</key>
			<string>SOURCE_ROOT</string>
			<key>lastKnownFileType</key>
			<string>sourcecode.c.h</string>
		</dict>
		<key>1DD70E2924DF633400000000</key>
		<dict>
			<key>isa</key>
			<string>PBXFileReference</string>
			<key>name</key>
			<string>ADJSdkClickHandler.m</string>
			<key>path</key>
			<string>Adjust/ADJSdkClickHandler.m</string>
			<key>sourceTree</key>
			<string>SOURCE_ROOT</string>
			<key>lastKnownFileType</key>
			<string>sourcecode.c.objc</string>
		</dict>
		<key>1DD70E29F87375B500000000</key>
		<dict>
			<key>isa</key>
			<string>PBXFileReference</string>
			<key>name</key>
			<string>ADJSessionFailure.h</string>
			<key>path</key>
			<string>Adjust/ADJSessionFailure.h</string>
			<key>sourceTree</key>
			<string>SOURCE_ROOT</string>
			<key>lastKnownFileType</key>
			<string>sourcecode.c.h</string>
		</dict>
		<key>1DD70E29F87375BA00000000</key>
		<dict>
			<key>isa</key>
			<string>PBXFileReference</string>
			<key>name</key>
			<string>ADJSessionFailure.m</string>
			<key>path</key>
			<string>Adjust/ADJSessionFailure.m</string>
			<key>sourceTree</key>
			<string>SOURCE_ROOT</string>
			<key>lastKnownFileType</key>
			<string>sourcecode.c.objc</string>
		</dict>
		<key>1DD70E2936AEF31300000000</key>
		<dict>
			<key>isa</key>
			<string>PBXFileReference</string>
			<key>name</key>
			<string>ADJSessionParameters.h</string>
			<key>path</key>
			<string>Adjust/ADJSessionParameters.h</string>
			<key>sourceTree</key>
			<string>SOURCE_ROOT</string>
			<key>lastKnownFileType</key>
			<string>sourcecode.c.h</string>
		</dict>
		<key>1DD70E2936AEF31800000000</key>
		<dict>
			<key>isa</key>
			<string>PBXFileReference</string>
			<key>name</key>
			<string>ADJSessionParameters.m</string>
			<key>path</key>
			<string>Adjust/ADJSessionParameters.m</string>
			<key>sourceTree</key>
			<string>SOURCE_ROOT</string>
			<key>lastKnownFileType</key>
			<string>sourcecode.c.objc</string>
		</dict>
		<key>1DD70E294FE2C9EE00000000</key>
		<dict>
			<key>isa</key>
			<string>PBXFileReference</string>
			<key>name</key>
			<string>ADJSessionSuccess.h</string>
			<key>path</key>
			<string>Adjust/ADJSessionSuccess.h</string>
			<key>sourceTree</key>
			<string>SOURCE_ROOT</string>
			<key>lastKnownFileType</key>
			<string>sourcecode.c.h</string>
		</dict>
		<key>1DD70E294FE2C9F300000000</key>
		<dict>
			<key>isa</key>
			<string>PBXFileReference</string>
			<key>name</key>
			<string>ADJSessionSuccess.m</string>
			<key>path</key>
			<string>Adjust/ADJSessionSuccess.m</string>
			<key>sourceTree</key>
			<string>SOURCE_ROOT</string>
			<key>lastKnownFileType</key>
			<string>sourcecode.c.objc</string>
		</dict>
		<key>1DD70E290CAAB86D00000000</key>
		<dict>
			<key>isa</key>
			<string>PBXFileReference</string>
			<key>name</key>
			<string>ADJSystemProfile.h</string>
			<key>path</key>
			<string>Adjust/ADJSystemProfile.h</string>
			<key>sourceTree</key>
			<string>SOURCE_ROOT</string>
			<key>lastKnownFileType</key>
			<string>sourcecode.c.h</string>
		</dict>
		<key>1DD70E290CAAB87200000000</key>
		<dict>
			<key>isa</key>
			<string>PBXFileReference</string>
			<key>name</key>
			<string>ADJSystemProfile.m</string>
			<key>path</key>
			<string>Adjust/ADJSystemProfile.m</string>
			<key>sourceTree</key>
			<string>SOURCE_ROOT</string>
			<key>lastKnownFileType</key>
			<string>sourcecode.c.objc</string>
		</dict>
		<key>1DD70E29CA83848200000000</key>
		<dict>
			<key>isa</key>
			<string>PBXFileReference</string>
			<key>name</key>
			<string>ADJTimerCycle.h</string>
			<key>path</key>
			<string>Adjust/ADJTimerCycle.h</string>
			<key>sourceTree</key>
			<string>SOURCE_ROOT</string>
			<key>lastKnownFileType</key>
			<string>sourcecode.c.h</string>
		</dict>
		<key>1DD70E29CA83848700000000</key>
		<dict>
			<key>isa</key>
			<string>PBXFileReference</string>
			<key>name</key>
			<string>ADJTimerCycle.m</string>
			<key>path</key>
			<string>Adjust/ADJTimerCycle.m</string>
			<key>sourceTree</key>
			<string>SOURCE_ROOT</string>
			<key>lastKnownFileType</key>
			<string>sourcecode.c.objc</string>
		</dict>
		<key>1DD70E29332D94D900000000</key>
		<dict>
			<key>isa</key>
			<string>PBXFileReference</string>
			<key>name</key>
			<string>ADJTimerOnce.h</string>
			<key>path</key>
			<string>Adjust/ADJTimerOnce.h</string>
			<key>sourceTree</key>
			<string>SOURCE_ROOT</string>
			<key>lastKnownFileType</key>
			<string>sourcecode.c.h</string>
		</dict>
		<key>1DD70E29332D94DE00000000</key>
		<dict>
			<key>isa</key>
			<string>PBXFileReference</string>
			<key>name</key>
			<string>ADJTimerOnce.m</string>
			<key>path</key>
			<string>Adjust/ADJTimerOnce.m</string>
			<key>sourceTree</key>
			<string>SOURCE_ROOT</string>
			<key>lastKnownFileType</key>
			<string>sourcecode.c.objc</string>
		</dict>
		<key>1DD70E291F5D24E300000000</key>
		<dict>
			<key>isa</key>
			<string>PBXFileReference</string>
			<key>name</key>
			<string>ADJUtil.h</string>
			<key>path</key>
			<string>Adjust/ADJUtil.h</string>
			<key>sourceTree</key>
			<string>SOURCE_ROOT</string>
			<key>lastKnownFileType</key>
			<string>sourcecode.c.h</string>
		</dict>
		<key>1DD70E291F5D24E800000000</key>
		<dict>
			<key>isa</key>
			<string>PBXFileReference</string>
			<key>name</key>
			<string>ADJUtil.m</string>
			<key>path</key>
			<string>Adjust/ADJUtil.m</string>
			<key>sourceTree</key>
			<string>SOURCE_ROOT</string>
			<key>lastKnownFileType</key>
			<string>sourcecode.c.objc</string>
		</dict>
		<key>1DD70E29C5A3F9E900000000</key>
		<dict>
			<key>isa</key>
			<string>PBXFileReference</string>
			<key>name</key>
			<string>Adjust.h</string>
			<key>path</key>
			<string>Adjust/Adjust.h</string>
			<key>sourceTree</key>
			<string>SOURCE_ROOT</string>
			<key>lastKnownFileType</key>
			<string>sourcecode.c.h</string>
		</dict>
		<key>1DD70E29C5A3F9EE00000000</key>
		<dict>
			<key>isa</key>
			<string>PBXFileReference</string>
			<key>name</key>
			<string>Adjust.m</string>
			<key>path</key>
			<string>Adjust/Adjust.m</string>
			<key>sourceTree</key>
			<string>SOURCE_ROOT</string>
			<key>lastKnownFileType</key>
			<string>sourcecode.c.objc</string>
		</dict>
		<key>1DD70E29C1C87A9000000000</key>
		<dict>
			<key>isa</key>
			<string>PBXFileReference</string>
			<key>name</key>
			<string>Adjust-Bridging-Header.h</string>
			<key>path</key>
			<string>BuckSupportFiles/Adjust-Bridging-Header.h</string>
			<key>sourceTree</key>
			<string><![CDATA[<group>]]></string>
			<key>lastKnownFileType</key>
			<string>sourcecode.c.h</string>
		</dict>
		<key>B401C979EAB5339800000000</key>
		<dict>
			<key>isa</key>
			<string>PBXGroup</string>
			<key>name</key>
			<string>Sources</string>
			<key>sourceTree</key>
			<string><![CDATA[<group>]]></string>
			<key>children</key>
			<array>
				<string>B401C979BB1AF03000000000</string>
				<string>1DD70E29D750E2AE00000000</string>
				<string>1DD70E29D750E2B300000000</string>
				<string>1DD70E29865194E400000000</string>
				<string>1DD70E29865194E900000000</string>
				<string>1DD70E293EE770AA00000000</string>
				<string>1DD70E293EE770AF00000000</string>
				<string>1DD70E29FD290CB500000000</string>
				<string>1DD70E29FD290CBA00000000</string>
				<string>1DD70E299876522E00000000</string>
				<string>1DD70E299876523300000000</string>
				<string>1DD70E2947F2797200000000</string>
				<string>1DD70E2947F2797700000000</string>
				<string>1DD70E2997C8082C00000000</string>
				<string>1DD70E2997C8083100000000</string>
				<string>1DD70E29F9DFD02E00000000</string>
				<string>1DD70E29F9DFD03300000000</string>
				<string>1DD70E296EA1AA6300000000</string>
				<string>1DD70E296EA1AA6800000000</string>
				<string>1DD70E295B3794C700000000</string>
				<string>1DD70E295B3794CC00000000</string>
				<string>1DD70E29828F274500000000</string>
				<string>1DD70E29828F274A00000000</string>
				<string>1DD70E298116FF8D00000000</string>
				<string>1DD70E298116FF9200000000</string>
				<string>1DD70E293D83C7F100000000</string>
				<string>1DD70E293D83C7F600000000</string>
				<string>1DD70E2994F31C2A00000000</string>
				<string>1DD70E2994F31C2F00000000</string>
				<string>1DD70E29FA8B952300000000</string>
				<string>1DD70E29FA8B952800000000</string>
				<string>1DD70E2909A6C13100000000</string>
				<string>1DD70E2909A6C13600000000</string>
				<string>1DD70E29AAA427D600000000</string>
				<string>1DD70E29AAA427DB00000000</string>
				<string>1DD70E2901F05FC500000000</string>
				<string>1DD70E2901F05FCA00000000</string>
				<string>1DD70E29418DA39C00000000</string>
				<string>1DD70E29418DA3A100000000</string>
				<string>1DD70E290EB78F2C00000000</string>
				<string>1DD70E290EB78F3100000000</string>
				<string>1DD70E2924DF632F00000000</string>
				<string>1DD70E2924DF633400000000</string>
				<string>1DD70E29F87375B500000000</string>
				<string>1DD70E29F87375BA00000000</string>
				<string>1DD70E2936AEF31300000000</string>
				<string>1DD70E2936AEF31800000000</string>
				<string>1DD70E294FE2C9EE00000000</string>
				<string>1DD70E294FE2C9F300000000</string>
				<string>1DD70E290CAAB86D00000000</string>
				<string>1DD70E290CAAB87200000000</string>
				<string>1DD70E29CA83848200000000</string>
				<string>1DD70E29CA83848700000000</string>
				<string>1DD70E29332D94D900000000</string>
				<string>1DD70E29332D94DE00000000</string>
				<string>1DD70E291F5D24E300000000</string>
				<string>1DD70E291F5D24E800000000</string>
				<string>1DD70E29C5A3F9E900000000</string>
				<string>1DD70E29C5A3F9EE00000000</string>
				<string>1DD70E29C1C87A9000000000</string>
			</array>
		</dict>
		<key>B401C979749E23AF00000000</key>
		<dict>
			<key>isa</key>
			<string>PBXGroup</string>
			<key>name</key>
			<string>Adjust</string>
			<key>sourceTree</key>
			<string><![CDATA[<group>]]></string>
			<key>children</key>
			<array>
				<string>1DD70E29001F47FB00000000</string>
				<string>B401C979EAB5339800000000</string>
			</array>
		</dict>
		<key>1DD70E29C60FE12600000000</key>
		<dict>
			<key>isa</key>
			<string>PBXFileReference</string>
			<key>name</key>
			<string>Adjust-Debug.xcconfig</string>
			<key>path</key>
			<string>../../buck-out/gen/Vendors/Adjust/Adjust-Debug.xcconfig</string>
			<key>sourceTree</key>
			<string>SOURCE_ROOT</string>
			<key>explicitFileType</key>
			<string>text.xcconfig</string>
		</dict>
		<key>1DD70E2966BEC71000000000</key>
		<dict>
			<key>isa</key>
			<string>PBXFileReference</string>
			<key>name</key>
			<string>Adjust-Profile.xcconfig</string>
			<key>path</key>
			<string>../../buck-out/gen/Vendors/Adjust/Adjust-Profile.xcconfig</string>
			<key>sourceTree</key>
			<string>SOURCE_ROOT</string>
			<key>explicitFileType</key>
			<string>text.xcconfig</string>
		</dict>
		<key>1DD70E29DA55727200000000</key>
		<dict>
			<key>isa</key>
			<string>PBXFileReference</string>
			<key>name</key>
			<string>Adjust-Release.xcconfig</string>
			<key>path</key>
			<string>../../buck-out/gen/Vendors/Adjust/Adjust-Release.xcconfig</string>
			<key>sourceTree</key>
			<string>SOURCE_ROOT</string>
			<key>explicitFileType</key>
			<string>text.xcconfig</string>
		</dict>
		<key>B401C9792F7F325000000000</key>
		<dict>
			<key>isa</key>
			<string>PBXGroup</string>
			<key>name</key>
			<string>Buck (Do Not Modify)</string>
			<key>sourceTree</key>
			<string><![CDATA[<group>]]></string>
			<key>children</key>
			<array>
				<string>1DD70E29C60FE12600000000</string>
				<string>1DD70E2966BEC71000000000</string>
				<string>1DD70E29DA55727200000000</string>
			</array>
		</dict>
		<key>B401C979B781F65D00000000</key>
		<dict>
			<key>isa</key>
			<string>PBXGroup</string>
			<key>name</key>
			<string>Configurations</string>
			<key>sourceTree</key>
			<string><![CDATA[<group>]]></string>
			<key>children</key>
			<array>
				<string>B401C9792F7F325000000000</string>
			</array>
		</dict>
		<key>1DD70E298A71476700000000</key>
		<dict>
			<key>isa</key>
			<string>PBXFileReference</string>
			<key>name</key>
			<string>libAdjust.a</string>
			<key>path</key>
			<string>libAdjust.a</string>
			<key>sourceTree</key>
			<string>BUILT_PRODUCTS_DIR</string>
			<key>explicitFileType</key>
			<string>archive.ar</string>
		</dict>
		<key>B401C979C806358400000000</key>
		<dict>
			<key>isa</key>
			<string>PBXGroup</string>
			<key>name</key>
			<string>Products</string>
			<key>sourceTree</key>
			<string><![CDATA[<group>]]></string>
			<key>children</key>
			<array>
				<string>1DD70E298A71476700000000</string>
			</array>
		</dict>
		<key>B401C979EFB6AC4600000000</key>
		<dict>
			<key>isa</key>
			<string>PBXGroup</string>
			<key>name</key>
			<string>mainGroup</string>
			<key>sourceTree</key>
			<string><![CDATA[<group>]]></string>
			<key>children</key>
			<array>
				<string>B401C979749E23AF00000000</string>
				<string>B401C979B781F65D00000000</string>
				<string>B401C979C806358400000000</string>
			</array>
		</dict>
		<key>E7A30F0489D4202B00000000</key>
		<dict>
			<key>isa</key>
			<string>PBXBuildFile</string>
			<key>fileRef</key>
			<string>1DD70E2989D4202B00000000</string>
		</dict>
		<key>E7A30F045BC2622400000000</key>
		<dict>
			<key>isa</key>
			<string>PBXBuildFile</string>
			<key>fileRef</key>
			<string>1DD70E295BC2622400000000</string>
		</dict>
		<key>E7A30F04CEAB97D000000000</key>
		<dict>
			<key>isa</key>
			<string>PBXBuildFile</string>
			<key>fileRef</key>
			<string>1DD70E29CEAB97D000000000</string>
		</dict>
		<key>E7A30F04D750E2B300000000</key>
		<dict>
			<key>isa</key>
			<string>PBXBuildFile</string>
			<key>fileRef</key>
			<string>1DD70E29D750E2B300000000</string>
		</dict>
		<key>E7A30F04865194E900000000</key>
		<dict>
			<key>isa</key>
			<string>PBXBuildFile</string>
			<key>fileRef</key>
			<string>1DD70E29865194E900000000</string>
		</dict>
		<key>E7A30F043EE770AF00000000</key>
		<dict>
			<key>isa</key>
			<string>PBXBuildFile</string>
			<key>fileRef</key>
			<string>1DD70E293EE770AF00000000</string>
		</dict>
		<key>E7A30F04FD290CBA00000000</key>
		<dict>
			<key>isa</key>
			<string>PBXBuildFile</string>
			<key>fileRef</key>
			<string>1DD70E29FD290CBA00000000</string>
		</dict>
		<key>E7A30F049876523300000000</key>
		<dict>
			<key>isa</key>
			<string>PBXBuildFile</string>
			<key>fileRef</key>
			<string>1DD70E299876523300000000</string>
		</dict>
		<key>E7A30F0447F2797700000000</key>
		<dict>
			<key>isa</key>
			<string>PBXBuildFile</string>
			<key>fileRef</key>
			<string>1DD70E2947F2797700000000</string>
		</dict>
		<key>E7A30F0497C8083100000000</key>
		<dict>
			<key>isa</key>
			<string>PBXBuildFile</string>
			<key>fileRef</key>
			<string>1DD70E2997C8083100000000</string>
		</dict>
		<key>E7A30F04F9DFD03300000000</key>
		<dict>
			<key>isa</key>
			<string>PBXBuildFile</string>
			<key>fileRef</key>
			<string>1DD70E29F9DFD03300000000</string>
		</dict>
		<key>E7A30F046EA1AA6800000000</key>
		<dict>
			<key>isa</key>
			<string>PBXBuildFile</string>
			<key>fileRef</key>
			<string>1DD70E296EA1AA6800000000</string>
		</dict>
		<key>E7A30F045B3794CC00000000</key>
		<dict>
			<key>isa</key>
			<string>PBXBuildFile</string>
			<key>fileRef</key>
			<string>1DD70E295B3794CC00000000</string>
		</dict>
		<key>E7A30F04828F274A00000000</key>
		<dict>
			<key>isa</key>
			<string>PBXBuildFile</string>
			<key>fileRef</key>
			<string>1DD70E29828F274A00000000</string>
		</dict>
		<key>E7A30F048116FF9200000000</key>
		<dict>
			<key>isa</key>
			<string>PBXBuildFile</string>
			<key>fileRef</key>
			<string>1DD70E298116FF9200000000</string>
		</dict>
		<key>E7A30F043D83C7F600000000</key>
		<dict>
			<key>isa</key>
			<string>PBXBuildFile</string>
			<key>fileRef</key>
			<string>1DD70E293D83C7F600000000</string>
		</dict>
		<key>E7A30F0494F31C2F00000000</key>
		<dict>
			<key>isa</key>
			<string>PBXBuildFile</string>
			<key>fileRef</key>
			<string>1DD70E2994F31C2F00000000</string>
		</dict>
		<key>E7A30F04FA8B952800000000</key>
		<dict>
			<key>isa</key>
			<string>PBXBuildFile</string>
			<key>fileRef</key>
			<string>1DD70E29FA8B952800000000</string>
		</dict>
		<key>E7A30F0409A6C13600000000</key>
		<dict>
			<key>isa</key>
			<string>PBXBuildFile</string>
			<key>fileRef</key>
			<string>1DD70E2909A6C13600000000</string>
		</dict>
		<key>E7A30F04AAA427DB00000000</key>
		<dict>
			<key>isa</key>
			<string>PBXBuildFile</string>
			<key>fileRef</key>
			<string>1DD70E29AAA427DB00000000</string>
		</dict>
		<key>E7A30F0401F05FCA00000000</key>
		<dict>
			<key>isa</key>
			<string>PBXBuildFile</string>
			<key>fileRef</key>
			<string>1DD70E2901F05FCA00000000</string>
		</dict>
		<key>E7A30F04418DA3A100000000</key>
		<dict>
			<key>isa</key>
			<string>PBXBuildFile</string>
			<key>fileRef</key>
			<string>1DD70E29418DA3A100000000</string>
		</dict>
		<key>E7A30F040EB78F3100000000</key>
		<dict>
			<key>isa</key>
			<string>PBXBuildFile</string>
			<key>fileRef</key>
			<string>1DD70E290EB78F3100000000</string>
		</dict>
		<key>E7A30F0424DF633400000000</key>
		<dict>
			<key>isa</key>
			<string>PBXBuildFile</string>
			<key>fileRef</key>
			<string>1DD70E2924DF633400000000</string>
		</dict>
		<key>E7A30F04F87375BA00000000</key>
		<dict>
			<key>isa</key>
			<string>PBXBuildFile</string>
			<key>fileRef</key>
			<string>1DD70E29F87375BA00000000</string>
		</dict>
		<key>E7A30F0436AEF31800000000</key>
		<dict>
			<key>isa</key>
			<string>PBXBuildFile</string>
			<key>fileRef</key>
			<string>1DD70E2936AEF31800000000</string>
		</dict>
		<key>E7A30F044FE2C9F300000000</key>
		<dict>
			<key>isa</key>
			<string>PBXBuildFile</string>
			<key>fileRef</key>
			<string>1DD70E294FE2C9F300000000</string>
		</dict>
		<key>E7A30F040CAAB87200000000</key>
		<dict>
			<key>isa</key>
			<string>PBXBuildFile</string>
			<key>fileRef</key>
			<string>1DD70E290CAAB87200000000</string>
		</dict>
		<key>E7A30F04CA83848700000000</key>
		<dict>
			<key>isa</key>
			<string>PBXBuildFile</string>
			<key>fileRef</key>
			<string>1DD70E29CA83848700000000</string>
		</dict>
		<key>E7A30F04332D94DE00000000</key>
		<dict>
			<key>isa</key>
			<string>PBXBuildFile</string>
			<key>fileRef</key>
			<string>1DD70E29332D94DE00000000</string>
		</dict>
		<key>E7A30F041F5D24E800000000</key>
		<dict>
			<key>isa</key>
			<string>PBXBuildFile</string>
			<key>fileRef</key>
			<string>1DD70E291F5D24E800000000</string>
		</dict>
		<key>E7A30F04C5A3F9EE00000000</key>
		<dict>
			<key>isa</key>
			<string>PBXBuildFile</string>
			<key>fileRef</key>
			<string>1DD70E29C5A3F9EE00000000</string>
		</dict>
		<key>1870857F0000000000000000</key>
		<dict>
			<key>isa</key>
			<string>PBXSourcesBuildPhase</string>
			<key>files</key>
			<array>
				<string>E7A30F0489D4202B00000000</string>
				<string>E7A30F045BC2622400000000</string>
				<string>E7A30F04CEAB97D000000000</string>
				<string>E7A30F04D750E2B300000000</string>
				<string>E7A30F04865194E900000000</string>
				<string>E7A30F043EE770AF00000000</string>
				<string>E7A30F04FD290CBA00000000</string>
				<string>E7A30F049876523300000000</string>
				<string>E7A30F0447F2797700000000</string>
				<string>E7A30F0497C8083100000000</string>
				<string>E7A30F04F9DFD03300000000</string>
				<string>E7A30F046EA1AA6800000000</string>
				<string>E7A30F045B3794CC00000000</string>
				<string>E7A30F04828F274A00000000</string>
				<string>E7A30F048116FF9200000000</string>
				<string>E7A30F043D83C7F600000000</string>
				<string>E7A30F0494F31C2F00000000</string>
				<string>E7A30F04FA8B952800000000</string>
				<string>E7A30F0409A6C13600000000</string>
				<string>E7A30F04AAA427DB00000000</string>
				<string>E7A30F0401F05FCA00000000</string>
				<string>E7A30F04418DA3A100000000</string>
				<string>E7A30F040EB78F3100000000</string>
				<string>E7A30F0424DF633400000000</string>
				<string>E7A30F04F87375BA00000000</string>
				<string>E7A30F0436AEF31800000000</string>
				<string>E7A30F044FE2C9F300000000</string>
				<string>E7A30F040CAAB87200000000</string>
				<string>E7A30F04CA83848700000000</string>
				<string>E7A30F04332D94DE00000000</string>
				<string>E7A30F041F5D24E800000000</string>
				<string>E7A30F04C5A3F9EE00000000</string>
			</array>
		</dict>
		<key>4952437303EDA63300000000</key>
		<dict>
			<key>isa</key>
			<string>XCBuildConfiguration</string>
			<key>name</key>
			<string>Debug</string>
			<key>buildSettings</key>
			<dict>
			</dict>
			<key>baseConfigurationReference</key>
			<string>1DD70E29C60FE12600000000</string>
		</dict>
		<key>4952437350C7218900000000</key>
		<dict>
			<key>isa</key>
			<string>XCBuildConfiguration</string>
			<key>name</key>
			<string>Profile</string>
			<key>buildSettings</key>
			<dict>
			</dict>
			<key>baseConfigurationReference</key>
			<string>1DD70E2966BEC71000000000</string>
		</dict>
		<key>49524373A439BFE700000000</key>
		<dict>
			<key>isa</key>
			<string>XCBuildConfiguration</string>
			<key>name</key>
			<string>Release</string>
			<key>buildSettings</key>
			<dict>
			</dict>
			<key>baseConfigurationReference</key>
			<string>1DD70E29DA55727200000000</string>
		</dict>
		<key>218C37090000000000000000</key>
		<dict>
			<key>isa</key>
			<string>XCConfigurationList</string>
			<key>buildConfigurations</key>
			<array>
				<string>4952437303EDA63300000000</string>
				<string>4952437350C7218900000000</string>
				<string>49524373A439BFE700000000</string>
			</array>
			<key>defaultConfigurationIsVisible</key>
			<false/>
		</dict>
		<key>E66DC04E749E23AF00000000</key>
		<dict>
			<key>isa</key>
			<string>PBXNativeTarget</string>
			<key>name</key>
			<string>Adjust</string>
			<key>productName</key>
			<string>Adjust</string>
			<key>productReference</key>
			<string>1DD70E298A71476700000000</string>
			<key>productType</key>
			<string>com.apple.product-type.library.static</string>
			<key>dependencies</key>
			<array>
			</array>
			<key>buildPhases</key>
			<array>
				<string>1870857F0000000000000000</string>
			</array>
			<key>buildConfigurationList</key>
			<string>218C37090000000000000000</string>
		</dict>
		<key>4952437303EDA63300000001</key>
		<dict>
			<key>isa</key>
			<string>XCBuildConfiguration</string>
			<key>name</key>
			<string>Debug</string>
			<key>buildSettings</key>
			<dict>
			</dict>
		</dict>
		<key>4952437350C7218900000001</key>
		<dict>
			<key>isa</key>
			<string>XCBuildConfiguration</string>
			<key>name</key>
			<string>Profile</string>
			<key>buildSettings</key>
			<dict>
			</dict>
		</dict>
		<key>49524373A439BFE700000001</key>
		<dict>
			<key>isa</key>
			<string>XCBuildConfiguration</string>
			<key>name</key>
			<string>Release</string>
			<key>buildSettings</key>
			<dict>
			</dict>
		</dict>
		<key>218C37090000000000000001</key>
		<dict>
			<key>isa</key>
			<string>XCConfigurationList</string>
			<key>buildConfigurations</key>
			<array>
				<string>4952437303EDA63300000001</string>
				<string>4952437350C7218900000001</string>
				<string>49524373A439BFE700000001</string>
			</array>
			<key>defaultConfigurationIsVisible</key>
			<false/>
		</dict>
		<key>96C84793749E23AF00000000</key>
		<dict>
			<key>isa</key>
			<string>PBXProject</string>
			<key>mainGroup</key>
			<string>B401C979EFB6AC4600000000</string>
			<key>targets</key>
			<array>
				<string>E66DC04E749E23AF00000000</string>
			</array>
			<key>buildConfigurationList</key>
			<string>218C37090000000000000001</string>
			<key>compatibilityVersion</key>
			<string>Xcode 3.2</string>
			<key>attributes</key>
			<dict>
				<key>LastUpgradeCheck</key>
				<string>9999</string>
			</dict>
		</dict>
	</dict>
	<key>rootObject</key>
	<string>96C84793749E23AF00000000</string>
</dict>
</plist>