<?xml version="1.0" encoding="UTF-8"?>
<!DOCTYPE plist PUBLIC "-//Apple//DTD PLIST 1.0//EN" "http://www.apple.com/DTDs/PropertyList-1.0.dtd">
<plist version="1.0">
<dict>
	<key>archiveVersion</key>
	<string>1</string>
	<key>classes</key>
	<dict>
	</dict>
	<key>objectVersion</key>
	<string>46</string>
	<key>objects</key>
	<dict>
		<key>1DD70E29C3739E6D00000000</key>
		<dict>
			<key>isa</key>
			<string>PBXFileReference</string>
			<key>name</key>
			<string>Mixpanel-Debug.xcconfig</string>
			<key>path</key>
			<string>../../buck-out/gen/Vendors/Mixpanel/Mixpanel-Debug.xcconfig</string>
			<key>sourceTree</key>
			<string>SOURCE_ROOT</string>
			<key>explicitFileType</key>
			<string>text.xcconfig</string>
		</dict>
		<key>1DD70E299A284E9700000000</key>
		<dict>
			<key>isa</key>
			<string>PBXFileReference</string>
			<key>name</key>
			<string>Mixpanel-Profile.xcconfig</string>
			<key>path</key>
			<string>../../buck-out/gen/Vendors/Mixpanel/Mixpanel-Profile.xcconfig</string>
			<key>sourceTree</key>
			<string>SOURCE_ROOT</string>
			<key>explicitFileType</key>
			<string>text.xcconfig</string>
		</dict>
		<key>1DD70E290DBEF9F900000000</key>
		<dict>
			<key>isa</key>
			<string>PBXFileReference</string>
			<key>name</key>
			<string>Mixpanel-Release.xcconfig</string>
			<key>path</key>
			<string>../../buck-out/gen/Vendors/Mixpanel/Mixpanel-Release.xcconfig</string>
			<key>sourceTree</key>
			<string>SOURCE_ROOT</string>
			<key>explicitFileType</key>
			<string>text.xcconfig</string>
		</dict>
		<key>B401C9792F7F325000000000</key>
		<dict>
			<key>isa</key>
			<string>PBXGroup</string>
			<key>name</key>
			<string>Buck (Do Not Modify)</string>
			<key>sourceTree</key>
			<string><![CDATA[<group>]]></string>
			<key>children</key>
			<array>
				<string>1DD70E29C3739E6D00000000</string>
				<string>1DD70E299A284E9700000000</string>
				<string>1DD70E290DBEF9F900000000</string>
			</array>
		</dict>
		<key>B401C979B781F65D00000000</key>
		<dict>
			<key>isa</key>
			<string>PBXGroup</string>
			<key>name</key>
			<string>Configurations</string>
			<key>sourceTree</key>
			<string><![CDATA[<group>]]></string>
			<key>children</key>
			<array>
				<string>B401C9792F7F325000000000</string>
			</array>
		</dict>
		<key>1DD70E29001F47FB00000000</key>
		<dict>
			<key>isa</key>
			<string>PBXFileReference</string>
			<key>name</key>
			<string>BUCK</string>
			<key>path</key>
			<string>BUCK</string>
			<key>sourceTree</key>
			<string>SOURCE_ROOT</string>
			<key>explicitFileType</key>
			<string>text.script.python</string>
		</dict>
		<key>1DD70E29FC7BB61400000000</key>
		<dict>
			<key>isa</key>
			<string>PBXFileReference</string>
			<key>name</key>
			<string>ABTesting.swift</string>
			<key>path</key>
			<string>Mixpanel/ABTesting.swift</string>
			<key>sourceTree</key>
			<string>SOURCE_ROOT</string>
		</dict>
		<key>1DD70E292E5A1E2500000000</key>
		<dict>
			<key>isa</key>
			<string>PBXFileReference</string>
			<key>name</key>
			<string>AnyTweak.swift</string>
			<key>path</key>
			<string>Mixpanel/AnyTweak.swift</string>
			<key>sourceTree</key>
			<string>SOURCE_ROOT</string>
		</dict>
		<key>1DD70E29A32B321800000000</key>
		<dict>
			<key>isa</key>
			<string>PBXFileReference</string>
			<key>name</key>
			<string>ApplicationStateSerializer.swift</string>
			<key>path</key>
			<string>Mixpanel/ApplicationStateSerializer.swift</string>
			<key>sourceTree</key>
			<string>SOURCE_ROOT</string>
		</dict>
		<key>1DD70E29DA1802A900000000</key>
		<dict>
			<key>isa</key>
			<string>PBXFileReference</string>
			<key>name</key>
			<string>AutomaticEvents.swift</string>
			<key>path</key>
			<string>Mixpanel/AutomaticEvents.swift</string>
			<key>sourceTree</key>
			<string>SOURCE_ROOT</string>
		</dict>
		<key>1DD70E2989F9E5C300000000</key>
		<dict>
			<key>isa</key>
			<string>PBXFileReference</string>
			<key>name</key>
			<string>AutomaticProperties.swift</string>
			<key>path</key>
			<string>Mixpanel/AutomaticProperties.swift</string>
			<key>sourceTree</key>
			<string>SOURCE_ROOT</string>
		</dict>
		<key>1DD70E294A5F92A200000000</key>
		<dict>
			<key>isa</key>
			<string>PBXFileReference</string>
			<key>name</key>
			<string>BaseNotificationViewController.swift</string>
			<key>path</key>
			<string>Mixpanel/BaseNotificationViewController.swift</string>
			<key>sourceTree</key>
			<string>SOURCE_ROOT</string>
		</dict>
		<key>1DD70E2929312D1600000000</key>
		<dict>
			<key>isa</key>
			<string>PBXFileReference</string>
			<key>name</key>
			<string>BaseWebSocketMessage.swift</string>
			<key>path</key>
			<string>Mixpanel/BaseWebSocketMessage.swift</string>
			<key>sourceTree</key>
			<string>SOURCE_ROOT</string>
		</dict>
		<key>1DD70E29A09DFF0700000000</key>
		<dict>
			<key>isa</key>
			<string>PBXFileReference</string>
			<key>name</key>
			<string>BindingMessage.swift</string>
			<key>path</key>
			<string>Mixpanel/BindingMessage.swift</string>
			<key>sourceTree</key>
			<string>SOURCE_ROOT</string>
		</dict>
		<key>1DD70E2982F8CBC400000000</key>
		<dict>
			<key>isa</key>
			<string>PBXFileReference</string>
			<key>name</key>
			<string>CGAffineTransformToNSDictionary.swift</string>
			<key>path</key>
			<string>Mixpanel/CGAffineTransformToNSDictionary.swift</string>
			<key>sourceTree</key>
			<string>SOURCE_ROOT</string>
		</dict>
		<key>1DD70E29E867EE0700000000</key>
		<dict>
			<key>isa</key>
			<string>PBXFileReference</string>
			<key>name</key>
			<string>CGPointToNSDictionary.swift</string>
			<key>path</key>
			<string>Mixpanel/CGPointToNSDictionary.swift</string>
			<key>sourceTree</key>
			<string>SOURCE_ROOT</string>
		</dict>
		<key>1DD70E29BE65F0E300000000</key>
		<dict>
			<key>isa</key>
			<string>PBXFileReference</string>
			<key>name</key>
			<string>CGRectToNSDictionary.swift</string>
			<key>path</key>
			<string>Mixpanel/CGRectToNSDictionary.swift</string>
			<key>sourceTree</key>
			<string>SOURCE_ROOT</string>
		</dict>
		<key>1DD70E293C3B468000000000</key>
		<dict>
			<key>isa</key>
			<string>PBXFileReference</string>
			<key>name</key>
			<string>CGSizeToNSDictionary.swift</string>
			<key>path</key>
			<string>Mixpanel/CGSizeToNSDictionary.swift</string>
			<key>sourceTree</key>
			<string>SOURCE_ROOT</string>
		</dict>
		<key>1DD70E29034F2B7C00000000</key>
		<dict>
			<key>isa</key>
			<string>PBXFileReference</string>
			<key>name</key>
			<string>ChangeMessage.swift</string>
			<key>path</key>
			<string>Mixpanel/ChangeMessage.swift</string>
			<key>sourceTree</key>
			<string>SOURCE_ROOT</string>
		</dict>
		<key>1DD70E29ACEC643F00000000</key>
		<dict>
			<key>isa</key>
			<string>PBXFileReference</string>
			<key>name</key>
			<string>ClearMessage.swift</string>
			<key>path</key>
			<string>Mixpanel/ClearMessage.swift</string>
			<key>sourceTree</key>
			<string>SOURCE_ROOT</string>
		</dict>
		<key>1DD70E299137EE1500000000</key>
		<dict>
			<key>isa</key>
			<string>PBXFileReference</string>
			<key>name</key>
			<string>Clip.swift</string>
			<key>path</key>
			<string>Mixpanel/Clip.swift</string>
			<key>sourceTree</key>
			<string>SOURCE_ROOT</string>
		</dict>
		<key>1DD70E2998152B4B00000000</key>
		<dict>
			<key>isa</key>
			<string>PBXFileReference</string>
			<key>name</key>
			<string>Codeless.swift</string>
			<key>path</key>
			<string>Mixpanel/Codeless.swift</string>
			<key>sourceTree</key>
			<string>SOURCE_ROOT</string>
		</dict>
		<key>1DD70E2996D269E400000000</key>
		<dict>
			<key>isa</key>
			<string>PBXFileReference</string>
			<key>name</key>
			<string>CodelessBinding.swift</string>
			<key>path</key>
			<string>Mixpanel/CodelessBinding.swift</string>
			<key>sourceTree</key>
			<string>SOURCE_ROOT</string>
		</dict>
		<key>1DD70E294C0DFC9400000000</key>
		<dict>
			<key>isa</key>
			<string>PBXFileReference</string>
			<key>name</key>
			<string>Constants.swift</string>
			<key>path</key>
			<string>Mixpanel/Constants.swift</string>
			<key>sourceTree</key>
			<string>SOURCE_ROOT</string>
		</dict>
		<key>1DD70E29D9B8CC2D00000000</key>
		<dict>
			<key>isa</key>
			<string>PBXFileReference</string>
			<key>name</key>
			<string>Decide.swift</string>
			<key>path</key>
			<string>Mixpanel/Decide.swift</string>
			<key>sourceTree</key>
			<string>SOURCE_ROOT</string>
		</dict>
		<key>1DD70E295FA1FB4C00000000</key>
		<dict>
			<key>isa</key>
			<string>PBXFileReference</string>
			<key>name</key>
			<string>DecideRequest.swift</string>
			<key>path</key>
			<string>Mixpanel/DecideRequest.swift</string>
			<key>sourceTree</key>
			<string>SOURCE_ROOT</string>
		</dict>
		<key>1DD70E29EB98CF8800000000</key>
		<dict>
			<key>isa</key>
			<string>PBXFileReference</string>
			<key>name</key>
			<string>DeviceInfoMessage.swift</string>
			<key>path</key>
			<string>Mixpanel/DeviceInfoMessage.swift</string>
			<key>sourceTree</key>
			<string>SOURCE_ROOT</string>
		</dict>
		<key>1DD70E291566561000000000</key>
		<dict>
			<key>isa</key>
			<string>PBXFileReference</string>
			<key>name</key>
			<string>DisconnectMessage.swift</string>
			<key>path</key>
			<string>Mixpanel/DisconnectMessage.swift</string>
			<key>sourceTree</key>
			<string>SOURCE_ROOT</string>
		</dict>
		<key>1DD70E29DF05FE8D00000000</key>
		<dict>
			<key>isa</key>
			<string>PBXFileReference</string>
			<key>name</key>
			<string>Error.swift</string>
			<key>path</key>
			<string>Mixpanel/Error.swift</string>
			<key>sourceTree</key>
			<string>SOURCE_ROOT</string>
		</dict>
		<key>1DD70E29FF54F68800000000</key>
		<dict>
			<key>isa</key>
			<string>PBXFileReference</string>
			<key>name</key>
			<string>FileLogging.swift</string>
			<key>path</key>
			<string>Mixpanel/FileLogging.swift</string>
			<key>sourceTree</key>
			<string>SOURCE_ROOT</string>
		</dict>
		<key>1DD70E290585BA8900000000</key>
		<dict>
			<key>isa</key>
			<string>PBXFileReference</string>
			<key>name</key>
			<string>Flush.swift</string>
			<key>path</key>
			<string>Mixpanel/Flush.swift</string>
			<key>sourceTree</key>
			<string>SOURCE_ROOT</string>
		</dict>
		<key>1DD70E2942F96D7000000000</key>
		<dict>
			<key>isa</key>
			<string>PBXFileReference</string>
			<key>name</key>
			<string>FlushRequest.swift</string>
			<key>path</key>
			<string>Mixpanel/FlushRequest.swift</string>
			<key>sourceTree</key>
			<string>SOURCE_ROOT</string>
		</dict>
		<key>1DD70E29987083C000000000</key>
		<dict>
			<key>isa</key>
			<string>PBXFileReference</string>
			<key>name</key>
			<string>IdentityTransformer.swift</string>
			<key>path</key>
			<string>Mixpanel/IdentityTransformer.swift</string>
			<key>sourceTree</key>
			<string>SOURCE_ROOT</string>
		</dict>
		<key>1DD70E29EB65A51300000000</key>
		<dict>
			<key>isa</key>
			<string>PBXFileReference</string>
			<key>name</key>
			<string>InAppButton.swift</string>
			<key>path</key>
			<string>Mixpanel/InAppButton.swift</string>
			<key>sourceTree</key>
			<string>SOURCE_ROOT</string>
		</dict>
		<key>1DD70E293B659B0C00000000</key>
		<dict>
			<key>isa</key>
			<string>PBXFileReference</string>
			<key>name</key>
			<string>InAppNotification.swift</string>
			<key>path</key>
			<string>Mixpanel/InAppNotification.swift</string>
			<key>sourceTree</key>
			<string>SOURCE_ROOT</string>
		</dict>
		<key>1DD70E29FD6B655100000000</key>
		<dict>
			<key>isa</key>
			<string>PBXFileReference</string>
			<key>name</key>
			<string>InAppNotifications.swift</string>
			<key>path</key>
			<string>Mixpanel/InAppNotifications.swift</string>
			<key>sourceTree</key>
			<string>SOURCE_ROOT</string>
		</dict>
		<key>1DD70E29D213E66700000000</key>
		<dict>
			<key>isa</key>
			<string>PBXFileReference</string>
			<key>name</key>
			<string>JSONHandler.swift</string>
			<key>path</key>
			<string>Mixpanel/JSONHandler.swift</string>
			<key>sourceTree</key>
			<string>SOURCE_ROOT</string>
		</dict>
		<key>1DD70E29A864085500000000</key>
		<dict>
			<key>isa</key>
			<string>PBXFileReference</string>
			<key>name</key>
			<string>Logger.swift</string>
			<key>path</key>
			<string>Mixpanel/Logger.swift</string>
			<key>sourceTree</key>
			<string>SOURCE_ROOT</string>
		</dict>
		<key>1DD70E29791ABDA300000000</key>
		<dict>
			<key>isa</key>
			<string>PBXFileReference</string>
			<key>name</key>
			<string>MD5.swift</string>
			<key>path</key>
			<string>Mixpanel/MD5.swift</string>
			<key>sourceTree</key>
			<string>SOURCE_ROOT</string>
		</dict>
		<key>1DD70E2944FDDC2700000000</key>
		<dict>
			<key>isa</key>
			<string>PBXFileReference</string>
			<key>name</key>
			<string>MiniNotification.swift</string>
			<key>path</key>
			<string>Mixpanel/MiniNotification.swift</string>
			<key>sourceTree</key>
			<string>SOURCE_ROOT</string>
		</dict>
		<key>1DD70E29459D182800000000</key>
		<dict>
			<key>isa</key>
			<string>PBXFileReference</string>
			<key>name</key>
			<string>MiniNotificationViewController.swift</string>
			<key>path</key>
			<string>Mixpanel/MiniNotificationViewController.swift</string>
			<key>sourceTree</key>
			<string>SOURCE_ROOT</string>
		</dict>
		<key>1DD70E296A0575ED00000000</key>
		<dict>
			<key>isa</key>
			<string>PBXFileReference</string>
			<key>name</key>
			<string>Mixpanel.swift</string>
			<key>path</key>
			<string>Mixpanel/Mixpanel.swift</string>
			<key>sourceTree</key>
			<string>SOURCE_ROOT</string>
		</dict>
		<key>1DD70E29B0E88AE200000000</key>
		<dict>
			<key>isa</key>
			<string>PBXFileReference</string>
			<key>name</key>
			<string>MixpanelInstance.swift</string>
			<key>path</key>
			<string>Mixpanel/MixpanelInstance.swift</string>
			<key>sourceTree</key>
			<string>SOURCE_ROOT</string>
		</dict>
		<key>1DD70E290FA929C700000000</key>
		<dict>
			<key>isa</key>
			<string>PBXFileReference</string>
			<key>name</key>
			<string>MixpanelType.swift</string>
			<key>path</key>
			<string>Mixpanel/MixpanelType.swift</string>
			<key>sourceTree</key>
			<string>SOURCE_ROOT</string>
		</dict>
		<key>1DD70E2910E2D8D900000000</key>
		<dict>
			<key>isa</key>
			<string>PBXFileReference</string>
			<key>name</key>
			<string>NSAttributedStringToNSDictionary.swift</string>
			<key>path</key>
			<string>Mixpanel/NSAttributedStringToNSDictionary.swift</string>
			<key>sourceTree</key>
			<string>SOURCE_ROOT</string>
		</dict>
		<key>1DD70E29B7FEDA3300000000</key>
		<dict>
			<key>isa</key>
			<string>PBXFileReference</string>
			<key>name</key>
			<string>Network.swift</string>
			<key>path</key>
			<string>Mixpanel/Network.swift</string>
			<key>sourceTree</key>
			<string>SOURCE_ROOT</string>
		</dict>
		<key>1DD70E2919ED491C00000000</key>
		<dict>
			<key>isa</key>
			<string>PBXFileReference</string>
			<key>name</key>
			<string>ObjectFilter.swift</string>
			<key>path</key>
			<string>Mixpanel/ObjectFilter.swift</string>
			<key>sourceTree</key>
			<string>SOURCE_ROOT</string>
		</dict>
		<key>1DD70E29DF8A2A7300000000</key>
		<dict>
			<key>isa</key>
			<string>PBXFileReference</string>
			<key>name</key>
			<string>ObjectIdentityProvider.swift</string>
			<key>path</key>
			<string>Mixpanel/ObjectIdentityProvider.swift</string>
			<key>sourceTree</key>
			<string>SOURCE_ROOT</string>
		</dict>
		<key>1DD70E2947CF048300000000</key>
		<dict>
			<key>isa</key>
			<string>PBXFileReference</string>
			<key>name</key>
			<string>ObjectSelector.swift</string>
			<key>path</key>
			<string>Mixpanel/ObjectSelector.swift</string>
			<key>sourceTree</key>
			<string>SOURCE_ROOT</string>
		</dict>
		<key>1DD70E2967BDE03600000000</key>
		<dict>
			<key>isa</key>
			<string>PBXFileReference</string>
			<key>name</key>
			<string>ObjectSerializer.swift</string>
			<key>path</key>
			<string>Mixpanel/ObjectSerializer.swift</string>
			<key>sourceTree</key>
			<string>SOURCE_ROOT</string>
		</dict>
		<key>1DD70E295A018D5800000000</key>
		<dict>
			<key>isa</key>
			<string>PBXFileReference</string>
			<key>name</key>
			<string>ObjectSerializerConfig.swift</string>
			<key>path</key>
			<string>Mixpanel/ObjectSerializerConfig.swift</string>
			<key>sourceTree</key>
			<string>SOURCE_ROOT</string>
		</dict>
		<key>1DD70E29D81A664300000000</key>
		<dict>
			<key>isa</key>
			<string>PBXFileReference</string>
			<key>name</key>
			<string>ObjectSerializerContext.swift</string>
			<key>path</key>
			<string>Mixpanel/ObjectSerializerContext.swift</string>
			<key>sourceTree</key>
			<string>SOURCE_ROOT</string>
		</dict>
		<key>1DD70E29F6664A1400000000</key>
		<dict>
			<key>isa</key>
			<string>PBXFileReference</string>
			<key>name</key>
			<string>People.swift</string>
			<key>path</key>
			<string>Mixpanel/People.swift</string>
			<key>sourceTree</key>
			<string>SOURCE_ROOT</string>
		</dict>
		<key>1DD70E29E47AF9E400000000</key>
		<dict>
			<key>isa</key>
			<string>PBXFileReference</string>
			<key>name</key>
			<string>Persistence.swift</string>
			<key>path</key>
			<string>Mixpanel/Persistence.swift</string>
			<key>sourceTree</key>
			<string>SOURCE_ROOT</string>
		</dict>
		<key>1DD70E2939D36D3700000000</key>
		<dict>
			<key>isa</key>
			<string>PBXFileReference</string>
			<key>name</key>
			<string>PrintLogging.swift</string>
			<key>path</key>
			<string>Mixpanel/PrintLogging.swift</string>
			<key>sourceTree</key>
			<string>SOURCE_ROOT</string>
		</dict>
		<key>1DD70E295A283FAC00000000</key>
		<dict>
			<key>isa</key>
			<string>PBXFileReference</string>
			<key>name</key>
			<string>SHA256.swift</string>
			<key>path</key>
			<string>Mixpanel/SHA256.swift</string>
			<key>sourceTree</key>
			<string>SOURCE_ROOT</string>
		</dict>
		<key>1DD70E2951FF72F100000000</key>
		<dict>
			<key>isa</key>
			<string>PBXFileReference</string>
			<key>name</key>
			<string>SSLSecurity.swift</string>
			<key>path</key>
			<string>Mixpanel/SSLSecurity.swift</string>
			<key>sourceTree</key>
			<string>SOURCE_ROOT</string>
		</dict>
		<key>1DD70E294C57F1E800000000</key>
		<dict>
			<key>isa</key>
			<string>PBXFileReference</string>
			<key>name</key>
			<string>SnapshotMessage.swift</string>
			<key>path</key>
			<string>Mixpanel/SnapshotMessage.swift</string>
			<key>sourceTree</key>
			<string>SOURCE_ROOT</string>
		</dict>
		<key>1DD70E29145894C300000000</key>
		<dict>
			<key>isa</key>
			<string>PBXFileReference</string>
			<key>name</key>
			<string>Swizzle.swift</string>
			<key>path</key>
			<string>Mixpanel/Swizzle.swift</string>
			<key>sourceTree</key>
			<string>SOURCE_ROOT</string>
		</dict>
		<key>1DD70E2928A6A4AB00000000</key>
		<dict>
			<key>isa</key>
			<string>PBXFileReference</string>
			<key>name</key>
			<string>TakeoverNotification.swift</string>
			<key>path</key>
			<string>Mixpanel/TakeoverNotification.swift</string>
			<key>sourceTree</key>
			<string>SOURCE_ROOT</string>
		</dict>
		<key>1DD70E29636AA9AC00000000</key>
		<dict>
			<key>isa</key>
			<string>PBXFileReference</string>
			<key>name</key>
			<string>TakeoverNotificationViewController.swift</string>
			<key>path</key>
			<string>Mixpanel/TakeoverNotificationViewController.swift</string>
			<key>sourceTree</key>
			<string>SOURCE_ROOT</string>
		</dict>
		<key>1DD70E296F075F9000000000</key>
		<dict>
			<key>isa</key>
			<string>PBXFileReference</string>
			<key>name</key>
			<string>Track.swift</string>
			<key>path</key>
			<string>Mixpanel/Track.swift</string>
			<key>sourceTree</key>
			<string>SOURCE_ROOT</string>
		</dict>
		<key>1DD70E29B5C5F77100000000</key>
		<dict>
			<key>isa</key>
			<string>PBXFileReference</string>
			<key>name</key>
			<string>Tweak.swift</string>
			<key>path</key>
			<string>Mixpanel/Tweak.swift</string>
			<key>sourceTree</key>
			<string>SOURCE_ROOT</string>
		</dict>
		<key>1DD70E298E50C6FE00000000</key>
		<dict>
			<key>isa</key>
			<string>PBXFileReference</string>
			<key>name</key>
			<string>TweakBinding.swift</string>
			<key>path</key>
			<string>Mixpanel/TweakBinding.swift</string>
			<key>sourceTree</key>
			<string>SOURCE_ROOT</string>
		</dict>
		<key>1DD70E299367DF8D00000000</key>
		<dict>
			<key>isa</key>
			<string>PBXFileReference</string>
			<key>name</key>
			<string>TweakClusterType.swift</string>
			<key>path</key>
			<string>Mixpanel/TweakClusterType.swift</string>
			<key>sourceTree</key>
			<string>SOURCE_ROOT</string>
		</dict>
		<key>1DD70E29468D6CAF00000000</key>
		<dict>
			<key>isa</key>
			<string>PBXFileReference</string>
			<key>name</key>
			<string>TweakCollection.swift</string>
			<key>path</key>
			<string>Mixpanel/TweakCollection.swift</string>
			<key>sourceTree</key>
			<string>SOURCE_ROOT</string>
		</dict>
		<key>1DD70E29CDBE007800000000</key>
		<dict>
			<key>isa</key>
			<string>PBXFileReference</string>
			<key>name</key>
			<string>TweakGroup.swift</string>
			<key>path</key>
			<string>Mixpanel/TweakGroup.swift</string>
			<key>sourceTree</key>
			<string>SOURCE_ROOT</string>
		</dict>
		<key>1DD70E29F64C3CB400000000</key>
		<dict>
			<key>isa</key>
			<string>PBXFileReference</string>
			<key>name</key>
			<string>TweakLibrary.swift</string>
			<key>path</key>
			<string>Mixpanel/TweakLibrary.swift</string>
			<key>sourceTree</key>
			<string>SOURCE_ROOT</string>
		</dict>
		<key>1DD70E2904D86F0000000000</key>
		<dict>
			<key>isa</key>
			<string>PBXFileReference</string>
			<key>name</key>
			<string>TweakMessage.swift</string>
			<key>path</key>
			<string>Mixpanel/TweakMessage.swift</string>
			<key>sourceTree</key>
			<string>SOURCE_ROOT</string>
		</dict>
		<key>1DD70E297ED516AC00000000</key>
		<dict>
			<key>isa</key>
			<string>PBXFileReference</string>
			<key>name</key>
			<string>TweakPersistency.swift</string>
			<key>path</key>
			<string>Mixpanel/TweakPersistency.swift</string>
			<key>sourceTree</key>
			<string>SOURCE_ROOT</string>
		</dict>
		<key>1DD70E293381315A00000000</key>
		<dict>
			<key>isa</key>
			<string>PBXFileReference</string>
			<key>name</key>
			<string>TweakStore.swift</string>
			<key>path</key>
			<string>Mixpanel/TweakStore.swift</string>
			<key>sourceTree</key>
			<string>SOURCE_ROOT</string>
		</dict>
		<key>1DD70E292D1C0C4000000000</key>
		<dict>
			<key>isa</key>
			<string>PBXFileReference</string>
			<key>name</key>
			<string>TweakViewData.swift</string>
			<key>path</key>
			<string>Mixpanel/TweakViewData.swift</string>
			<key>sourceTree</key>
			<string>SOURCE_ROOT</string>
		</dict>
		<key>1DD70E2978EB302500000000</key>
		<dict>
			<key>isa</key>
			<string>PBXFileReference</string>
			<key>name</key>
			<string>TweakableType.swift</string>
			<key>path</key>
			<string>Mixpanel/TweakableType.swift</string>
			<key>sourceTree</key>
			<string>SOURCE_ROOT</string>
		</dict>
		<key>1DD70E299411AAE500000000</key>
		<dict>
			<key>isa</key>
			<string>PBXFileReference</string>
			<key>name</key>
			<string>UIColorToNSString.swift</string>
			<key>path</key>
			<string>Mixpanel/UIColorToNSString.swift</string>
			<key>sourceTree</key>
			<string>SOURCE_ROOT</string>
		</dict>
		<key>1DD70E29E1AA77C100000000</key>
		<dict>
			<key>isa</key>
			<string>PBXFileReference</string>
			<key>name</key>
			<string>UIControlBinding.swift</string>
			<key>path</key>
			<string>Mixpanel/UIControlBinding.swift</string>
			<key>sourceTree</key>
			<string>SOURCE_ROOT</string>
		</dict>
		<key>1DD70E294C90DFC200000000</key>
		<dict>
			<key>isa</key>
			<string>PBXFileReference</string>
			<key>name</key>
			<string>UIEdgeInsetsToNSDictionary.swift</string>
			<key>path</key>
			<string>Mixpanel/UIEdgeInsetsToNSDictionary.swift</string>
			<key>sourceTree</key>
			<string>SOURCE_ROOT</string>
		</dict>
		<key>1DD70E29C5AAB1FE00000000</key>
		<dict>
			<key>isa</key>
			<string>PBXFileReference</string>
			<key>name</key>
			<string>UIFontToNSDictionary.swift</string>
			<key>path</key>
			<string>Mixpanel/UIFontToNSDictionary.swift</string>
			<key>sourceTree</key>
			<string>SOURCE_ROOT</string>
		</dict>
		<key>1DD70E29A24D422200000000</key>
		<dict>
			<key>isa</key>
			<string>PBXFileReference</string>
			<key>name</key>
			<string>UIImageToNSDictionary.swift</string>
			<key>path</key>
			<string>Mixpanel/UIImageToNSDictionary.swift</string>
			<key>sourceTree</key>
			<string>SOURCE_ROOT</string>
		</dict>
		<key>1DD70E29E88A744B00000000</key>
		<dict>
			<key>isa</key>
			<string>PBXFileReference</string>
			<key>name</key>
			<string>UITableViewBinding.swift</string>
			<key>path</key>
			<string>Mixpanel/UITableViewBinding.swift</string>
			<key>sourceTree</key>
			<string>SOURCE_ROOT</string>
		</dict>
		<key>1DD70E2971F8378000000000</key>
		<dict>
			<key>isa</key>
			<string>PBXFileReference</string>
			<key>name</key>
			<string>UIViewSelectors.swift</string>
			<key>path</key>
			<string>Mixpanel/UIViewSelectors.swift</string>
			<key>sourceTree</key>
			<string>SOURCE_ROOT</string>
		</dict>
		<key>1DD70E29A858334A00000000</key>
		<dict>
			<key>isa</key>
			<string>PBXFileReference</string>
			<key>name</key>
			<string>Variant.swift</string>
			<key>path</key>
			<string>Mixpanel/Variant.swift</string>
			<key>sourceTree</key>
			<string>SOURCE_ROOT</string>
		</dict>
		<key>1DD70E29544B356000000000</key>
		<dict>
			<key>isa</key>
			<string>PBXFileReference</string>
			<key>name</key>
			<string>VariantAction.swift</string>
			<key>path</key>
			<string>Mixpanel/VariantAction.swift</string>
			<key>sourceTree</key>
			<string>SOURCE_ROOT</string>
		</dict>
		<key>1DD70E292AED8DEC00000000</key>
		<dict>
			<key>isa</key>
			<string>PBXFileReference</string>
			<key>name</key>
			<string>VariantTweak.swift</string>
			<key>path</key>
			<string>Mixpanel/VariantTweak.swift</string>
			<key>sourceTree</key>
			<string>SOURCE_ROOT</string>
		</dict>
		<key>1DD70E29BC32212C00000000</key>
		<dict>
			<key>isa</key>
			<string>PBXFileReference</string>
			<key>name</key>
			<string>WebSocket.swift</string>
			<key>path</key>
			<string>Mixpanel/WebSocket.swift</string>
			<key>sourceTree</key>
			<string>SOURCE_ROOT</string>
		</dict>
		<key>1DD70E290EBBD87100000000</key>
		<dict>
			<key>isa</key>
			<string>PBXFileReference</string>
			<key>name</key>
			<string>WebSocketWrapper.swift</string>
			<key>path</key>
			<string>Mixpanel/WebSocketWrapper.swift</string>
			<key>sourceTree</key>
			<string>SOURCE_ROOT</string>
		</dict>
		<key>B401C979EAB5339800000000</key>
		<dict>
			<key>isa</key>
			<string>PBXGroup</string>
			<key>name</key>
			<string>Sources</string>
			<key>sourceTree</key>
			<string><![CDATA[<group>]]></string>
			<key>children</key>
			<array>
				<string>1DD70E29FC7BB61400000000</string>
				<string>1DD70E292E5A1E2500000000</string>
				<string>1DD70E29A32B321800000000</string>
				<string>1DD70E29DA1802A900000000</string>
				<string>1DD70E2989F9E5C300000000</string>
				<string>1DD70E294A5F92A200000000</string>
				<string>1DD70E2929312D1600000000</string>
				<string>1DD70E29A09DFF0700000000</string>
				<string>1DD70E2982F8CBC400000000</string>
				<string>1DD70E29E867EE0700000000</string>
				<string>1DD70E29BE65F0E300000000</string>
				<string>1DD70E293C3B468000000000</string>
				<string>1DD70E29034F2B7C00000000</string>
				<string>1DD70E29ACEC643F00000000</string>
				<string>1DD70E299137EE1500000000</string>
				<string>1DD70E2998152B4B00000000</string>
				<string>1DD70E2996D269E400000000</string>
				<string>1DD70E294C0DFC9400000000</string>
				<string>1DD70E29D9B8CC2D00000000</string>
				<string>1DD70E295FA1FB4C00000000</string>
				<string>1DD70E29EB98CF8800000000</string>
				<string>1DD70E291566561000000000</string>
				<string>1DD70E29DF05FE8D00000000</string>
				<string>1DD70E29FF54F68800000000</string>
				<string>1DD70E290585BA8900000000</string>
				<string>1DD70E2942F96D7000000000</string>
				<string>1DD70E29987083C000000000</string>
				<string>1DD70E29EB65A51300000000</string>
				<string>1DD70E293B659B0C00000000</string>
				<string>1DD70E29FD6B655100000000</string>
				<string>1DD70E29D213E66700000000</string>
				<string>1DD70E29A864085500000000</string>
				<string>1DD70E29791ABDA300000000</string>
				<string>1DD70E2944FDDC2700000000</string>
				<string>1DD70E29459D182800000000</string>
				<string>1DD70E296A0575ED00000000</string>
				<string>1DD70E29B0E88AE200000000</string>
				<string>1DD70E290FA929C700000000</string>
				<string>1DD70E2910E2D8D900000000</string>
				<string>1DD70E29B7FEDA3300000000</string>
				<string>1DD70E2919ED491C00000000</string>
				<string>1DD70E29DF8A2A7300000000</string>
				<string>1DD70E2947CF048300000000</string>
				<string>1DD70E2967BDE03600000000</string>
				<string>1DD70E295A018D5800000000</string>
				<string>1DD70E29D81A664300000000</string>
				<string>1DD70E29F6664A1400000000</string>
				<string>1DD70E29E47AF9E400000000</string>
				<string>1DD70E2939D36D3700000000</string>
				<string>1DD70E295A283FAC00000000</string>
				<string>1DD70E2951FF72F100000000</string>
				<string>1DD70E294C57F1E800000000</string>
				<string>1DD70E29145894C300000000</string>
				<string>1DD70E2928A6A4AB00000000</string>
				<string>1DD70E29636AA9AC00000000</string>
				<string>1DD70E296F075F9000000000</string>
				<string>1DD70E29B5C5F77100000000</string>
				<string>1DD70E298E50C6FE00000000</string>
				<string>1DD70E299367DF8D00000000</string>
				<string>1DD70E29468D6CAF00000000</string>
				<string>1DD70E29CDBE007800000000</string>
				<string>1DD70E29F64C3CB400000000</string>
				<string>1DD70E2904D86F0000000000</string>
				<string>1DD70E297ED516AC00000000</string>
				<string>1DD70E293381315A00000000</string>
				<string>1DD70E292D1C0C4000000000</string>
				<string>1DD70E2978EB302500000000</string>
				<string>1DD70E299411AAE500000000</string>
				<string>1DD70E29E1AA77C100000000</string>
				<string>1DD70E294C90DFC200000000</string>
				<string>1DD70E29C5AAB1FE00000000</string>
				<string>1DD70E29A24D422200000000</string>
				<string>1DD70E29E88A744B00000000</string>
				<string>1DD70E2971F8378000000000</string>
				<string>1DD70E29A858334A00000000</string>
				<string>1DD70E29544B356000000000</string>
				<string>1DD70E292AED8DEC00000000</string>
				<string>1DD70E29BC32212C00000000</string>
				<string>1DD70E290EBBD87100000000</string>
			</array>
		</dict>
		<key>B401C979C446614800000000</key>
		<dict>
			<key>isa</key>
			<string>PBXGroup</string>
			<key>name</key>
			<string>Mixpanel</string>
			<key>sourceTree</key>
			<string><![CDATA[<group>]]></string>
			<key>children</key>
			<array>
				<string>1DD70E29001F47FB00000000</string>
				<string>B401C979EAB5339800000000</string>
			</array>
		</dict>
		<key>1DD70E2992E3358000000000</key>
		<dict>
			<key>isa</key>
			<string>PBXFileReference</string>
			<key>name</key>
			<string>libMixpanel.a</string>
			<key>path</key>
			<string>libMixpanel.a</string>
			<key>sourceTree</key>
			<string>BUILT_PRODUCTS_DIR</string>
			<key>explicitFileType</key>
			<string>archive.ar</string>
		</dict>
		<key>B401C979C806358400000000</key>
		<dict>
			<key>isa</key>
			<string>PBXGroup</string>
			<key>name</key>
			<string>Products</string>
			<key>sourceTree</key>
			<string><![CDATA[<group>]]></string>
			<key>children</key>
			<array>
				<string>1DD70E2992E3358000000000</string>
			</array>
		</dict>
		<key>B401C979EFB6AC4600000000</key>
		<dict>
			<key>isa</key>
			<string>PBXGroup</string>
			<key>name</key>
			<string>mainGroup</string>
			<key>sourceTree</key>
			<string><![CDATA[<group>]]></string>
			<key>children</key>
			<array>
				<string>B401C979B781F65D00000000</string>
				<string>B401C979C446614800000000</string>
				<string>B401C979C806358400000000</string>
			</array>
		</dict>
		<key>E7A30F04FC7BB61400000000</key>
		<dict>
			<key>isa</key>
			<string>PBXBuildFile</string>
			<key>fileRef</key>
			<string>1DD70E29FC7BB61400000000</string>
		</dict>
		<key>E7A30F042E5A1E2500000000</key>
		<dict>
			<key>isa</key>
			<string>PBXBuildFile</string>
			<key>fileRef</key>
			<string>1DD70E292E5A1E2500000000</string>
		</dict>
		<key>E7A30F04A32B321800000000</key>
		<dict>
			<key>isa</key>
			<string>PBXBuildFile</string>
			<key>fileRef</key>
			<string>1DD70E29A32B321800000000</string>
		</dict>
		<key>E7A30F04DA1802A900000000</key>
		<dict>
			<key>isa</key>
			<string>PBXBuildFile</string>
			<key>fileRef</key>
			<string>1DD70E29DA1802A900000000</string>
		</dict>
		<key>E7A30F0489F9E5C300000000</key>
		<dict>
			<key>isa</key>
			<string>PBXBuildFile</string>
			<key>fileRef</key>
			<string>1DD70E2989F9E5C300000000</string>
		</dict>
		<key>E7A30F044A5F92A200000000</key>
		<dict>
			<key>isa</key>
			<string>PBXBuildFile</string>
			<key>fileRef</key>
			<string>1DD70E294A5F92A200000000</string>
		</dict>
		<key>E7A30F0429312D1600000000</key>
		<dict>
			<key>isa</key>
			<string>PBXBuildFile</string>
			<key>fileRef</key>
			<string>1DD70E2929312D1600000000</string>
		</dict>
		<key>E7A30F04A09DFF0700000000</key>
		<dict>
			<key>isa</key>
			<string>PBXBuildFile</string>
			<key>fileRef</key>
			<string>1DD70E29A09DFF0700000000</string>
		</dict>
		<key>E7A30F0482F8CBC400000000</key>
		<dict>
			<key>isa</key>
			<string>PBXBuildFile</string>
			<key>fileRef</key>
			<string>1DD70E2982F8CBC400000000</string>
		</dict>
		<key>E7A30F04E867EE0700000000</key>
		<dict>
			<key>isa</key>
			<string>PBXBuildFile</string>
			<key>fileRef</key>
			<string>1DD70E29E867EE0700000000</string>
		</dict>
		<key>E7A30F04BE65F0E300000000</key>
		<dict>
			<key>isa</key>
			<string>PBXBuildFile</string>
			<key>fileRef</key>
			<string>1DD70E29BE65F0E300000000</string>
		</dict>
		<key>E7A30F043C3B468000000000</key>
		<dict>
			<key>isa</key>
			<string>PBXBuildFile</string>
			<key>fileRef</key>
			<string>1DD70E293C3B468000000000</string>
		</dict>
		<key>E7A30F04034F2B7C00000000</key>
		<dict>
			<key>isa</key>
			<string>PBXBuildFile</string>
			<key>fileRef</key>
			<string>1DD70E29034F2B7C00000000</string>
		</dict>
		<key>E7A30F04ACEC643F00000000</key>
		<dict>
			<key>isa</key>
			<string>PBXBuildFile</string>
			<key>fileRef</key>
			<string>1DD70E29ACEC643F00000000</string>
		</dict>
		<key>E7A30F049137EE1500000000</key>
		<dict>
			<key>isa</key>
			<string>PBXBuildFile</string>
			<key>fileRef</key>
			<string>1DD70E299137EE1500000000</string>
		</dict>
		<key>E7A30F0498152B4B00000000</key>
		<dict>
			<key>isa</key>
			<string>PBXBuildFile</string>
			<key>fileRef</key>
			<string>1DD70E2998152B4B00000000</string>
		</dict>
		<key>E7A30F0496D269E400000000</key>
		<dict>
			<key>isa</key>
			<string>PBXBuildFile</string>
			<key>fileRef</key>
			<string>1DD70E2996D269E400000000</string>
		</dict>
		<key>E7A30F044C0DFC9400000000</key>
		<dict>
			<key>isa</key>
			<string>PBXBuildFile</string>
			<key>fileRef</key>
			<string>1DD70E294C0DFC9400000000</string>
		</dict>
		<key>E7A30F04D9B8CC2D00000000</key>
		<dict>
			<key>isa</key>
			<string>PBXBuildFile</string>
			<key>fileRef</key>
			<string>1DD70E29D9B8CC2D00000000</string>
		</dict>
		<key>E7A30F045FA1FB4C00000000</key>
		<dict>
			<key>isa</key>
			<string>PBXBuildFile</string>
			<key>fileRef</key>
			<string>1DD70E295FA1FB4C00000000</string>
		</dict>
		<key>E7A30F04EB98CF8800000000</key>
		<dict>
			<key>isa</key>
			<string>PBXBuildFile</string>
			<key>fileRef</key>
			<string>1DD70E29EB98CF8800000000</string>
		</dict>
		<key>E7A30F041566561000000000</key>
		<dict>
			<key>isa</key>
			<string>PBXBuildFile</string>
			<key>fileRef</key>
			<string>1DD70E291566561000000000</string>
		</dict>
		<key>E7A30F04DF05FE8D00000000</key>
		<dict>
			<key>isa</key>
			<string>PBXBuildFile</string>
			<key>fileRef</key>
			<string>1DD70E29DF05FE8D00000000</string>
		</dict>
		<key>E7A30F04FF54F68800000000</key>
		<dict>
			<key>isa</key>
			<string>PBXBuildFile</string>
			<key>fileRef</key>
			<string>1DD70E29FF54F68800000000</string>
		</dict>
		<key>E7A30F040585BA8900000000</key>
		<dict>
			<key>isa</key>
			<string>PBXBuildFile</string>
			<key>fileRef</key>
			<string>1DD70E290585BA8900000000</string>
		</dict>
		<key>E7A30F0442F96D7000000000</key>
		<dict>
			<key>isa</key>
			<string>PBXBuildFile</string>
			<key>fileRef</key>
			<string>1DD70E2942F96D7000000000</string>
		</dict>
		<key>E7A30F04987083C000000000</key>
		<dict>
			<key>isa</key>
			<string>PBXBuildFile</string>
			<key>fileRef</key>
			<string>1DD70E29987083C000000000</string>
		</dict>
		<key>E7A30F04EB65A51300000000</key>
		<dict>
			<key>isa</key>
			<string>PBXBuildFile</string>
			<key>fileRef</key>
			<string>1DD70E29EB65A51300000000</string>
		</dict>
		<key>E7A30F043B659B0C00000000</key>
		<dict>
			<key>isa</key>
			<string>PBXBuildFile</string>
			<key>fileRef</key>
			<string>1DD70E293B659B0C00000000</string>
		</dict>
		<key>E7A30F04FD6B655100000000</key>
		<dict>
			<key>isa</key>
			<string>PBXBuildFile</string>
			<key>fileRef</key>
			<string>1DD70E29FD6B655100000000</string>
		</dict>
		<key>E7A30F04D213E66700000000</key>
		<dict>
			<key>isa</key>
			<string>PBXBuildFile</string>
			<key>fileRef</key>
			<string>1DD70E29D213E66700000000</string>
		</dict>
		<key>E7A30F04A864085500000000</key>
		<dict>
			<key>isa</key>
			<string>PBXBuildFile</string>
			<key>fileRef</key>
			<string>1DD70E29A864085500000000</string>
		</dict>
		<key>E7A30F04791ABDA300000000</key>
		<dict>
			<key>isa</key>
			<string>PBXBuildFile</string>
			<key>fileRef</key>
			<string>1DD70E29791ABDA300000000</string>
		</dict>
		<key>E7A30F0444FDDC2700000000</key>
		<dict>
			<key>isa</key>
			<string>PBXBuildFile</string>
			<key>fileRef</key>
			<string>1DD70E2944FDDC2700000000</string>
		</dict>
		<key>E7A30F04459D182800000000</key>
		<dict>
			<key>isa</key>
			<string>PBXBuildFile</string>
			<key>fileRef</key>
			<string>1DD70E29459D182800000000</string>
		</dict>
		<key>E7A30F046A0575ED00000000</key>
		<dict>
			<key>isa</key>
			<string>PBXBuildFile</string>
			<key>fileRef</key>
			<string>1DD70E296A0575ED00000000</string>
		</dict>
		<key>E7A30F04B0E88AE200000000</key>
		<dict>
			<key>isa</key>
			<string>PBXBuildFile</string>
			<key>fileRef</key>
			<string>1DD70E29B0E88AE200000000</string>
		</dict>
		<key>E7A30F040FA929C700000000</key>
		<dict>
			<key>isa</key>
			<string>PBXBuildFile</string>
			<key>fileRef</key>
			<string>1DD70E290FA929C700000000</string>
		</dict>
		<key>E7A30F0410E2D8D900000000</key>
		<dict>
			<key>isa</key>
			<string>PBXBuildFile</string>
			<key>fileRef</key>
			<string>1DD70E2910E2D8D900000000</string>
		</dict>
		<key>E7A30F04B7FEDA3300000000</key>
		<dict>
			<key>isa</key>
			<string>PBXBuildFile</string>
			<key>fileRef</key>
			<string>1DD70E29B7FEDA3300000000</string>
		</dict>
		<key>E7A30F0419ED491C00000000</key>
		<dict>
			<key>isa</key>
			<string>PBXBuildFile</string>
			<key>fileRef</key>
			<string>1DD70E2919ED491C00000000</string>
		</dict>
		<key>E7A30F04DF8A2A7300000000</key>
		<dict>
			<key>isa</key>
			<string>PBXBuildFile</string>
			<key>fileRef</key>
			<string>1DD70E29DF8A2A7300000000</string>
		</dict>
		<key>E7A30F0447CF048300000000</key>
		<dict>
			<key>isa</key>
			<string>PBXBuildFile</string>
			<key>fileRef</key>
			<string>1DD70E2947CF048300000000</string>
		</dict>
		<key>E7A30F0467BDE03600000000</key>
		<dict>
			<key>isa</key>
			<string>PBXBuildFile</string>
			<key>fileRef</key>
			<string>1DD70E2967BDE03600000000</string>
		</dict>
		<key>E7A30F045A018D5800000000</key>
		<dict>
			<key>isa</key>
			<string>PBXBuildFile</string>
			<key>fileRef</key>
			<string>1DD70E295A018D5800000000</string>
		</dict>
		<key>E7A30F04D81A664300000000</key>
		<dict>
			<key>isa</key>
			<string>PBXBuildFile</string>
			<key>fileRef</key>
			<string>1DD70E29D81A664300000000</string>
		</dict>
		<key>E7A30F04F6664A1400000000</key>
		<dict>
			<key>isa</key>
			<string>PBXBuildFile</string>
			<key>fileRef</key>
			<string>1DD70E29F6664A1400000000</string>
		</dict>
		<key>E7A30F04E47AF9E400000000</key>
		<dict>
			<key>isa</key>
			<string>PBXBuildFile</string>
			<key>fileRef</key>
			<string>1DD70E29E47AF9E400000000</string>
		</dict>
		<key>E7A30F0439D36D3700000000</key>
		<dict>
			<key>isa</key>
			<string>PBXBuildFile</string>
			<key>fileRef</key>
			<string>1DD70E2939D36D3700000000</string>
		</dict>
		<key>E7A30F045A283FAC00000000</key>
		<dict>
			<key>isa</key>
			<string>PBXBuildFile</string>
			<key>fileRef</key>
			<string>1DD70E295A283FAC00000000</string>
		</dict>
		<key>E7A30F0451FF72F100000000</key>
		<dict>
			<key>isa</key>
			<string>PBXBuildFile</string>
			<key>fileRef</key>
			<string>1DD70E2951FF72F100000000</string>
		</dict>
		<key>E7A30F044C57F1E800000000</key>
		<dict>
			<key>isa</key>
			<string>PBXBuildFile</string>
			<key>fileRef</key>
			<string>1DD70E294C57F1E800000000</string>
		</dict>
		<key>E7A30F04145894C300000000</key>
		<dict>
			<key>isa</key>
			<string>PBXBuildFile</string>
			<key>fileRef</key>
			<string>1DD70E29145894C300000000</string>
		</dict>
		<key>E7A30F0428A6A4AB00000000</key>
		<dict>
			<key>isa</key>
			<string>PBXBuildFile</string>
			<key>fileRef</key>
			<string>1DD70E2928A6A4AB00000000</string>
		</dict>
		<key>E7A30F04636AA9AC00000000</key>
		<dict>
			<key>isa</key>
			<string>PBXBuildFile</string>
			<key>fileRef</key>
			<string>1DD70E29636AA9AC00000000</string>
		</dict>
		<key>E7A30F046F075F9000000000</key>
		<dict>
			<key>isa</key>
			<string>PBXBuildFile</string>
			<key>fileRef</key>
			<string>1DD70E296F075F9000000000</string>
		</dict>
		<key>E7A30F04B5C5F77100000000</key>
		<dict>
			<key>isa</key>
			<string>PBXBuildFile</string>
			<key>fileRef</key>
			<string>1DD70E29B5C5F77100000000</string>
		</dict>
		<key>E7A30F048E50C6FE00000000</key>
		<dict>
			<key>isa</key>
			<string>PBXBuildFile</string>
			<key>fileRef</key>
			<string>1DD70E298E50C6FE00000000</string>
		</dict>
		<key>E7A30F049367DF8D00000000</key>
		<dict>
			<key>isa</key>
			<string>PBXBuildFile</string>
			<key>fileRef</key>
			<string>1DD70E299367DF8D00000000</string>
		</dict>
		<key>E7A30F04468D6CAF00000000</key>
		<dict>
			<key>isa</key>
			<string>PBXBuildFile</string>
			<key>fileRef</key>
			<string>1DD70E29468D6CAF00000000</string>
		</dict>
		<key>E7A30F04CDBE007800000000</key>
		<dict>
			<key>isa</key>
			<string>PBXBuildFile</string>
			<key>fileRef</key>
			<string>1DD70E29CDBE007800000000</string>
		</dict>
		<key>E7A30F04F64C3CB400000000</key>
		<dict>
			<key>isa</key>
			<string>PBXBuildFile</string>
			<key>fileRef</key>
			<string>1DD70E29F64C3CB400000000</string>
		</dict>
		<key>E7A30F0404D86F0000000000</key>
		<dict>
			<key>isa</key>
			<string>PBXBuildFile</string>
			<key>fileRef</key>
			<string>1DD70E2904D86F0000000000</string>
		</dict>
		<key>E7A30F047ED516AC00000000</key>
		<dict>
			<key>isa</key>
			<string>PBXBuildFile</string>
			<key>fileRef</key>
			<string>1DD70E297ED516AC00000000</string>
		</dict>
		<key>E7A30F043381315A00000000</key>
		<dict>
			<key>isa</key>
			<string>PBXBuildFile</string>
			<key>fileRef</key>
			<string>1DD70E293381315A00000000</string>
		</dict>
		<key>E7A30F042D1C0C4000000000</key>
		<dict>
			<key>isa</key>
			<string>PBXBuildFile</string>
			<key>fileRef</key>
			<string>1DD70E292D1C0C4000000000</string>
		</dict>
		<key>E7A30F0478EB302500000000</key>
		<dict>
			<key>isa</key>
			<string>PBXBuildFile</string>
			<key>fileRef</key>
			<string>1DD70E2978EB302500000000</string>
		</dict>
		<key>E7A30F049411AAE500000000</key>
		<dict>
			<key>isa</key>
			<string>PBXBuildFile</string>
			<key>fileRef</key>
			<string>1DD70E299411AAE500000000</string>
		</dict>
		<key>E7A30F04E1AA77C100000000</key>
		<dict>
			<key>isa</key>
			<string>PBXBuildFile</string>
			<key>fileRef</key>
			<string>1DD70E29E1AA77C100000000</string>
		</dict>
		<key>E7A30F044C90DFC200000000</key>
		<dict>
			<key>isa</key>
			<string>PBXBuildFile</string>
			<key>fileRef</key>
			<string>1DD70E294C90DFC200000000</string>
		</dict>
		<key>E7A30F04C5AAB1FE00000000</key>
		<dict>
			<key>isa</key>
			<string>PBXBuildFile</string>
			<key>fileRef</key>
			<string>1DD70E29C5AAB1FE00000000</string>
		</dict>
		<key>E7A30F04A24D422200000000</key>
		<dict>
			<key>isa</key>
			<string>PBXBuildFile</string>
			<key>fileRef</key>
			<string>1DD70E29A24D422200000000</string>
		</dict>
		<key>E7A30F04E88A744B00000000</key>
		<dict>
			<key>isa</key>
			<string>PBXBuildFile</string>
			<key>fileRef</key>
			<string>1DD70E29E88A744B00000000</string>
		</dict>
		<key>E7A30F0471F8378000000000</key>
		<dict>
			<key>isa</key>
			<string>PBXBuildFile</string>
			<key>fileRef</key>
			<string>1DD70E2971F8378000000000</string>
		</dict>
		<key>E7A30F04A858334A00000000</key>
		<dict>
			<key>isa</key>
			<string>PBXBuildFile</string>
			<key>fileRef</key>
			<string>1DD70E29A858334A00000000</string>
		</dict>
		<key>E7A30F04544B356000000000</key>
		<dict>
			<key>isa</key>
			<string>PBXBuildFile</string>
			<key>fileRef</key>
			<string>1DD70E29544B356000000000</string>
		</dict>
		<key>E7A30F042AED8DEC00000000</key>
		<dict>
			<key>isa</key>
			<string>PBXBuildFile</string>
			<key>fileRef</key>
			<string>1DD70E292AED8DEC00000000</string>
		</dict>
		<key>E7A30F04BC32212C00000000</key>
		<dict>
			<key>isa</key>
			<string>PBXBuildFile</string>
			<key>fileRef</key>
			<string>1DD70E29BC32212C00000000</string>
		</dict>
		<key>E7A30F040EBBD87100000000</key>
		<dict>
			<key>isa</key>
			<string>PBXBuildFile</string>
			<key>fileRef</key>
			<string>1DD70E290EBBD87100000000</string>
		</dict>
		<key>1870857F0000000000000000</key>
		<dict>
			<key>isa</key>
			<string>PBXSourcesBuildPhase</string>
			<key>files</key>
			<array>
				<string>E7A30F04FC7BB61400000000</string>
				<string>E7A30F042E5A1E2500000000</string>
				<string>E7A30F04A32B321800000000</string>
				<string>E7A30F04DA1802A900000000</string>
				<string>E7A30F0489F9E5C300000000</string>
				<string>E7A30F044A5F92A200000000</string>
				<string>E7A30F0429312D1600000000</string>
				<string>E7A30F04A09DFF0700000000</string>
				<string>E7A30F0482F8CBC400000000</string>
				<string>E7A30F04E867EE0700000000</string>
				<string>E7A30F04BE65F0E300000000</string>
				<string>E7A30F043C3B468000000000</string>
				<string>E7A30F04034F2B7C00000000</string>
				<string>E7A30F04ACEC643F00000000</string>
				<string>E7A30F049137EE1500000000</string>
				<string>E7A30F0498152B4B00000000</string>
				<string>E7A30F0496D269E400000000</string>
				<string>E7A30F044C0DFC9400000000</string>
				<string>E7A30F04D9B8CC2D00000000</string>
				<string>E7A30F045FA1FB4C00000000</string>
				<string>E7A30F04EB98CF8800000000</string>
				<string>E7A30F041566561000000000</string>
				<string>E7A30F04DF05FE8D00000000</string>
				<string>E7A30F04FF54F68800000000</string>
				<string>E7A30F040585BA8900000000</string>
				<string>E7A30F0442F96D7000000000</string>
				<string>E7A30F04987083C000000000</string>
				<string>E7A30F04EB65A51300000000</string>
				<string>E7A30F043B659B0C00000000</string>
				<string>E7A30F04FD6B655100000000</string>
				<string>E7A30F04D213E66700000000</string>
				<string>E7A30F04A864085500000000</string>
				<string>E7A30F04791ABDA300000000</string>
				<string>E7A30F0444FDDC2700000000</string>
				<string>E7A30F04459D182800000000</string>
				<string>E7A30F046A0575ED00000000</string>
				<string>E7A30F04B0E88AE200000000</string>
				<string>E7A30F040FA929C700000000</string>
				<string>E7A30F0410E2D8D900000000</string>
				<string>E7A30F04B7FEDA3300000000</string>
				<string>E7A30F0419ED491C00000000</string>
				<string>E7A30F04DF8A2A7300000000</string>
				<string>E7A30F0447CF048300000000</string>
				<string>E7A30F0467BDE03600000000</string>
				<string>E7A30F045A018D5800000000</string>
				<string>E7A30F04D81A664300000000</string>
				<string>E7A30F04F6664A1400000000</string>
				<string>E7A30F04E47AF9E400000000</string>
				<string>E7A30F0439D36D3700000000</string>
				<string>E7A30F045A283FAC00000000</string>
				<string>E7A30F0451FF72F100000000</string>
				<string>E7A30F044C57F1E800000000</string>
				<string>E7A30F04145894C300000000</string>
				<string>E7A30F0428A6A4AB00000000</string>
				<string>E7A30F04636AA9AC00000000</string>
				<string>E7A30F046F075F9000000000</string>
				<string>E7A30F04B5C5F77100000000</string>
				<string>E7A30F048E50C6FE00000000</string>
				<string>E7A30F049367DF8D00000000</string>
				<string>E7A30F04468D6CAF00000000</string>
				<string>E7A30F04CDBE007800000000</string>
				<string>E7A30F04F64C3CB400000000</string>
				<string>E7A30F0404D86F0000000000</string>
				<string>E7A30F047ED516AC00000000</string>
				<string>E7A30F043381315A00000000</string>
				<string>E7A30F042D1C0C4000000000</string>
				<string>E7A30F0478EB302500000000</string>
				<string>E7A30F049411AAE500000000</string>
				<string>E7A30F04E1AA77C100000000</string>
				<string>E7A30F044C90DFC200000000</string>
				<string>E7A30F04C5AAB1FE00000000</string>
				<string>E7A30F04A24D422200000000</string>
				<string>E7A30F04E88A744B00000000</string>
				<string>E7A30F0471F8378000000000</string>
				<string>E7A30F04A858334A00000000</string>
				<string>E7A30F04544B356000000000</string>
				<string>E7A30F042AED8DEC00000000</string>
				<string>E7A30F04BC32212C00000000</string>
				<string>E7A30F040EBBD87100000000</string>
			</array>
		</dict>
		<key>4952437303EDA63300000000</key>
		<dict>
			<key>isa</key>
			<string>XCBuildConfiguration</string>
			<key>name</key>
			<string>Debug</string>
			<key>buildSettings</key>
			<dict>
			</dict>
			<key>baseConfigurationReference</key>
			<string>1DD70E29C3739E6D00000000</string>
		</dict>
		<key>4952437350C7218900000000</key>
		<dict>
			<key>isa</key>
			<string>XCBuildConfiguration</string>
			<key>name</key>
			<string>Profile</string>
			<key>buildSettings</key>
			<dict>
			</dict>
			<key>baseConfigurationReference</key>
			<string>1DD70E299A284E9700000000</string>
		</dict>
		<key>49524373A439BFE700000000</key>
		<dict>
			<key>isa</key>
			<string>XCBuildConfiguration</string>
			<key>name</key>
			<string>Release</string>
			<key>buildSettings</key>
			<dict>
			</dict>
			<key>baseConfigurationReference</key>
			<string>1DD70E290DBEF9F900000000</string>
		</dict>
		<key>218C37090000000000000000</key>
		<dict>
			<key>isa</key>
			<string>XCConfigurationList</string>
			<key>buildConfigurations</key>
			<array>
				<string>4952437303EDA63300000000</string>
				<string>4952437350C7218900000000</string>
				<string>49524373A439BFE700000000</string>
			</array>
			<key>defaultConfigurationIsVisible</key>
			<false/>
		</dict>
		<key>E66DC04EC446614800000000</key>
		<dict>
			<key>isa</key>
			<string>PBXNativeTarget</string>
			<key>name</key>
			<string>Mixpanel</string>
			<key>productName</key>
			<string>Mixpanel</string>
			<key>productReference</key>
			<string>1DD70E2992E3358000000000</string>
			<key>productType</key>
			<string>com.apple.product-type.library.static</string>
			<key>dependencies</key>
			<array>
			</array>
			<key>buildPhases</key>
			<array>
				<string>1870857F0000000000000000</string>
			</array>
			<key>buildConfigurationList</key>
			<string>218C37090000000000000000</string>
		</dict>
		<key>4952437303EDA63300000001</key>
		<dict>
			<key>isa</key>
			<string>XCBuildConfiguration</string>
			<key>name</key>
			<string>Debug</string>
			<key>buildSettings</key>
			<dict>
			</dict>
		</dict>
		<key>4952437350C7218900000001</key>
		<dict>
			<key>isa</key>
			<string>XCBuildConfiguration</string>
			<key>name</key>
			<string>Profile</string>
			<key>buildSettings</key>
			<dict>
			</dict>
		</dict>
		<key>49524373A439BFE700000001</key>
		<dict>
			<key>isa</key>
			<string>XCBuildConfiguration</string>
			<key>name</key>
			<string>Release</string>
			<key>buildSettings</key>
			<dict>
			</dict>
		</dict>
		<key>218C37090000000000000001</key>
		<dict>
			<key>isa</key>
			<string>XCConfigurationList</string>
			<key>buildConfigurations</key>
			<array>
				<string>4952437303EDA63300000001</string>
				<string>4952437350C7218900000001</string>
				<string>49524373A439BFE700000001</string>
			</array>
			<key>defaultConfigurationIsVisible</key>
			<false/>
		</dict>
		<key>96C84793C446614800000000</key>
		<dict>
			<key>isa</key>
			<string>PBXProject</string>
			<key>mainGroup</key>
			<string>B401C979EFB6AC4600000000</string>
			<key>targets</key>
			<array>
				<string>E66DC04EC446614800000000</string>
			</array>
			<key>buildConfigurationList</key>
			<string>218C37090000000000000001</string>
			<key>compatibilityVersion</key>
			<string>Xcode 3.2</string>
			<key>attributes</key>
			<dict>
				<key>LastUpgradeCheck</key>
				<string>9999</string>
			</dict>
		</dict>
	</dict>
	<key>rootObject</key>
	<string>96C84793C446614800000000</string>
</dict>
</plist>