<?xml version="1.0" encoding="UTF-8" standalone="no"?><Scheme LastUpgradeVersion="9999" version="1.7"><BuildAction buildImplicitDependencies="YES" parallelizeBuildables="YES"><BuildActionEntries><BuildActionEntry buildForAnalyzing="YES" buildForArchiving="YES" buildForProfiling="YES" buildForRunning="YES" buildForTesting="YES"><BuildableReference BlueprintIdentifier="E66DC04E749E23AF00000000" BlueprintName="Adjust" BuildableIdentifier="primary" BuildableName="libAdjust.a" ReferencedContainer="container:../../Vendors/Adjust/Adjust.xcodeproj"/></BuildActionEntry><BuildActionEntry buildForAnalyzing="YES" buildForArchiving="YES" buildForProfiling="YES" buildForRunning="YES" buildForTesting="YES"><BuildableReference BlueprintIdentifier="E66DC04E43E7F3CE00000000" BlueprintName="Alamofire" BuildableIdentifier="primary" BuildableName="libAlamofire.a" ReferencedContainer="container:../../Vendors/Alamofire/Alamofire.xcodeproj"/></BuildActionEntry><BuildActionEntry buildForAnalyzing="YES" buildForArchiving="YES" buildForProfiling="YES" buildForRunning="YES" buildForTesting="YES"><BuildableReference BlueprintIdentifier="E66DC04EB21EF68000000000" BlueprintName="ObjectMapper" BuildableIdentifier="primary" BuildableName="libObjectMapper.a" ReferencedContainer="container:../../Vendors/ObjectMapper/ObjectMapper.xcodeproj"/></BuildActionEntry><BuildActionEntry buildForAnalyzing="YES" buildForArchiving="YES" buildForProfiling="YES" buildForRunning="YES" buildForTesting="YES"><BuildableReference BlueprintIdentifier="E66DC04EA021A54E00000000" BlueprintName="AlamofireObjectMapper" BuildableIdentifier="primary" BuildableName="libAlamofireObjectMapper.a" ReferencedContainer="container:../../Vendors/AlamofireObjectMapper/AlamofireObjectMapper.xcodeproj"/></BuildActionEntry><BuildActionEntry buildForAnalyzing="YES" buildForArchiving="YES" buildForProfiling="YES" buildForRunning="YES" buildForTesting="YES"><BuildableReference BlueprintIdentifier="E66DC04E602B365200000000" BlueprintName="FLAnimatedImage" BuildableIdentifier="primary" BuildableName="libFLAnimatedImage.a" ReferencedContainer="container:../../Vendors/FLAnimatedImage/FLAnimatedImage.xcodeproj"/></BuildActionEntry><BuildActionEntry buildForAnalyzing="YES" buildForArchiving="YES" buildForProfiling="YES" buildForRunning="YES" buildForTesting="YES"><BuildableReference BlueprintIdentifier="E66DC04E6DCB6FD800000000" BlueprintName="SDWebImage" BuildableIdentifier="primary" BuildableName="libSDWebImage.a" ReferencedContainer="container:../../Vendors/SDWebImage/SDWebImage.xcodeproj"/></BuildActionEntry><BuildActionEntry buildForAnalyzing="YES" buildForArchiving="YES" buildForProfiling="YES" buildForRunning="YES" buildForTesting="YES"><BuildableReference BlueprintIdentifier="E66DC04E7549B02B00000000" BlueprintName="Appboy" BuildableIdentifier="primary" BuildableName="libAppboy.a" ReferencedContainer="container:../../Vendors/Appboy/Appboy.xcodeproj"/></BuildActionEntry><BuildActionEntry buildForAnalyzing="YES" buildForArchiving="YES" buildForProfiling="YES" buildForRunning="YES" buildForTesting="YES"><BuildableReference BlueprintIdentifier="E66DC04E03D6285E00000000" BlueprintName="Bolts" BuildableIdentifier="primary" BuildableName="libBolts.a" ReferencedContainer="container:../../Vendors/Bolts/Bolts.xcodeproj"/></BuildActionEntry><BuildActionEntry buildForAnalyzing="YES" buildForArchiving="YES" buildForProfiling="YES" buildForRunning="YES" buildForTesting="YES"><BuildableReference BlueprintIdentifier="E66DC04E1E9F92F900000000" BlueprintName="FBSDKCoreKit" BuildableIdentifier="primary" BuildableName="libFBSDKCoreKit.a" ReferencedContainer="container:../../Vendors/FBSDKCoreKit/FBSDKCoreKit.xcodeproj"/></BuildActionEntry><BuildActionEntry buildForAnalyzing="YES" buildForArchiving="YES" buildForProfiling="YES" buildForRunning="YES" buildForTesting="YES"><BuildableReference BlueprintIdentifier="E66DC04EF4163FA500000000" BlueprintName="FacebookCore" BuildableIdentifier="primary" BuildableName="libFacebookCore.a" ReferencedContainer="container:../../Vendors/FacebookCore/FacebookCore.xcodeproj"/></BuildActionEntry><BuildActionEntry buildForAnalyzing="YES" buildForArchiving="YES" buildForProfiling="YES" buildForRunning="YES" buildForTesting="YES"><BuildableReference BlueprintIdentifier="E66DC04E7D9C0F8A00000000" BlueprintName="Flurry" BuildableIdentifier="primary" BuildableName="libFlurry.a" ReferencedContainer="container:../../Vendors/Flurry/Flurry.xcodeproj"/></BuildActionEntry><BuildActionEntry buildForAnalyzing="YES" buildForArchiving="YES" buildForProfiling="YES" buildForRunning="YES" buildForTesting="YES"><BuildableReference BlueprintIdentifier="E66DC04EB3AD6FE600000000" BlueprintName="KeychainAccess" BuildableIdentifier="primary" BuildableName="libKeychainAccess.a" ReferencedContainer="container:../../Vendors/KeychainAccess/KeychainAccess.xcodeproj"/></BuildActionEntry><BuildActionEntry buildForAnalyzing="YES" buildForArchiving="YES" buildForProfiling="YES" buildForRunning="YES" buildForTesting="YES"><BuildableReference BlueprintIdentifier="E66DC04EC446614800000000" BlueprintName="Mixpanel" BuildableIdentifier="primary" BuildableName="libMixpanel.a" ReferencedContainer="container:../../Vendors/Mixpanel/Mixpanel.xcodeproj"/></BuildActionEntry><BuildActionEntry buildForAnalyzing="YES" buildForArchiving="YES" buildForProfiling="YES" buildForRunning="YES" buildForTesting="YES"><BuildableReference BlueprintIdentifier="E66DC04E88EAF0C700000000" BlueprintName="PromiseKitObjc" BuildableIdentifier="primary" BuildableName="libPromiseKitObjc.a" ReferencedContainer="container:../../Vendors/PromiseKit/PromiseKit.xcodeproj"/></BuildActionEntry><BuildActionEntry buildForAnalyzing="YES" buildForArchiving="YES" buildForProfiling="YES" buildForRunning="YES" buildForTesting="YES"><BuildableReference BlueprintIdentifier="E66DC04EA7C6EFDB00000000" BlueprintName="PromiseKit" BuildableIdentifier="primary" BuildableName="libPromiseKit.a" ReferencedContainer="container:../../Vendors/PromiseKit/PromiseKit.xcodeproj"/></BuildActionEntry><BuildActionEntry buildForAnalyzing="YES" buildForArchiving="YES" buildForProfiling="YES" buildForRunning="YES" buildForTesting="YES"><BuildableReference BlueprintIdentifier="E66DC04E2EE4C7DC00000000" BlueprintName="ReachabilitySwift" BuildableIdentifier="primary" BuildableName="libReachabilitySwift.a" ReferencedContainer="container:../../Vendors/ReachabilitySwift/ReachabilitySwift.xcodeproj"/></BuildActionEntry><BuildActionEntry buildForAnalyzing="YES" buildForArchiving="YES" buildForProfiling="YES" buildForRunning="YES" buildForTesting="YES"><BuildableReference BlueprintIdentifier="E66DC04E91B2B43D00000000" BlueprintName="Result" BuildableIdentifier="primary" BuildableName="libResult.a" ReferencedContainer="container:../../Vendors/Result/Result.xcodeproj"/></BuildActionEntry><BuildActionEntry buildForAnalyzing="YES" buildForArchiving="YES" buildForProfiling="YES" buildForRunning="YES" buildForTesting="YES"><BuildableReference BlueprintIdentifier="E66DC04E2FBC967A00000000" BlueprintName="ReactiveSwift" BuildableIdentifier="primary" BuildableName="libReactiveSwift.a" ReferencedContainer="container:../../Vendors/ReactiveSwift/ReactiveSwift.xcodeproj"/></BuildActionEntry><BuildActionEntry buildForAnalyzing="YES" buildForArchiving="YES" buildForProfiling="YES" buildForRunning="YES" buildForTesting="YES"><BuildableReference BlueprintIdentifier="E66DC04E286212BC00000000" BlueprintName="SomeExternalLibrary" BuildableIdentifier="primary" BuildableName="libSomeExternalLibrary.a" ReferencedContainer="container:../../Libraries/SomeExternalLibrary/SomeExternalLibrary.xcodeproj"/></BuildActionEntry><BuildActionEntry buildForAnalyzing="YES" buildForArchiving="YES" buildForProfiling="YES" buildForRunning="YES" buildForTesting="YES"><BuildableReference BlueprintIdentifier="E66DC04E6010CAB500000000" BlueprintName="MBProgressHUD" BuildableIdentifier="primary" BuildableName="libMBProgressHUD.a" ReferencedContainer="container:../../Vendors/MBProgressHUD/MBProgressHUD.xcodeproj"/></BuildActionEntry><BuildActionEntry buildForAnalyzing="YES" buildForArchiving="YES" buildForProfiling="YES" buildForRunning="YES" buildForTesting="YES"><BuildableReference BlueprintIdentifier="E66DC04E17ED974200000000" BlueprintName="OpenSSL" BuildableIdentifier="primary" BuildableName="libOpenSSL.a" ReferencedContainer="container:../../Vendors/OpenSSL/OpenSSL.xcodeproj"/></BuildActionEntry><BuildActionEntry buildForAnalyzing="YES" buildForArchiving="YES" buildForProfiling="YES" buildForRunning="YES" buildForTesting="YES"><BuildableReference BlueprintIdentifier="E66DC04EDFB0FEAB00000000" BlueprintName="Signals" BuildableIdentifier="primary" BuildableName="libSignals.a" ReferencedContainer="container:../../Vendors/Signals/Signals.xcodeproj"/></BuildActionEntry><BuildActionEntry buildForAnalyzing="YES" buildForArchiving="YES" buildForProfiling="YES" buildForRunning="YES" buildForTesting="YES"><BuildableReference BlueprintIdentifier="E66DC04E9411448A00000000" BlueprintName="Squall" BuildableIdentifier="primary" BuildableName="libSquall.a" ReferencedContainer="container:../../Vendors/Squall/Squall.xcodeproj"/></BuildActionEntry><BuildActionEntry buildForAnalyzing="YES" buildForArchiving="YES" buildForProfiling="YES" buildForRunning="YES" buildForTesting="YES"><BuildableReference BlueprintIdentifier="E66DC04EC2DB804100000000" BlueprintName="SwiftDate" BuildableIdentifier="primary" BuildableName="libSwiftDate.a" ReferencedContainer="container:../../Vendors/SwiftDate/SwiftDate.xcodeproj"/></BuildActionEntry><BuildActionEntry buildForAnalyzing="YES" buildForArchiving="YES" buildForProfiling="YES" buildForRunning="YES" buildForTesting="YES"><BuildableReference BlueprintIdentifier="E66DC04EC4A0053B00000000" BlueprintName="SwiftyStoreKit" BuildableIdentifier="primary" BuildableName="libSwiftyStoreKit.a" ReferencedContainer="container:../../Vendors/SwiftyStoreKit/SwiftyStoreKit.xcodeproj"/></BuildActionEntry><BuildActionEntry buildForAnalyzing="YES" buildForArchiving="YES" buildForProfiling="YES" buildForRunning="YES" buildForTesting="YES"><BuildableReference BlueprintIdentifier="E66DC04ED3B145FF00000000" BlueprintName="SwiftyTimer" BuildableIdentifier="primary" BuildableName="libSwiftyTimer.a" ReferencedContainer="container:../../Vendors/SwiftyTimer/SwiftyTimer.xcodeproj"/></BuildActionEntry><BuildActionEntry buildForAnalyzing="YES" buildForArchiving="YES" buildForProfiling="YES" buildForRunning="YES" buildForTesting="YES"><BuildableReference BlueprintIdentifier="E66DC04E695C09C800000000" BlueprintName="URLNavigator" BuildableIdentifier="primary" BuildableName="libURLNavigator.a" ReferencedContainer="container:../../Vendors/URLNavigator/URLNavigator.xcodeproj"/></BuildActionEntry><BuildActionEntry buildForAnalyzing="YES" buildForArchiving="YES" buildForProfiling="YES" buildForRunning="YES" buildForTesting="YES"><BuildableReference BlueprintIdentifier="E66DC04E9965145100000000" BlueprintName="Vungle" BuildableIdentifier="primary" BuildableName="libVungle.a" ReferencedContainer="container:../../Vendors/Vungle/Vungle.xcodeproj"/></BuildActionEntry><BuildActionEntry buildForAnalyzing="YES" buildForArchiving="YES" buildForProfiling="YES" buildForRunning="YES" buildForTesting="YES"><BuildableReference BlueprintIdentifier="E66DC04E08964B8000000000" BlueprintName="BuckSwiftDemoLibrary" BuildableIdentifier="primary" BuildableName="libBuckSwiftDemoLibrary.a" ReferencedContainer="container:BuckSwiftDemo.xcodeproj"/></BuildActionEntry><BuildActionEntry buildForAnalyzing="YES" buildForArchiving="YES" buildForProfiling="YES" buildForRunning="YES" buildForTesting="YES"><BuildableReference BlueprintIdentifier="E66DC04E73F738BB00000000" BlueprintName="BuckSwiftDemo" BuildableIdentifier="primary" BuildableName="BuckSwiftDemo.app" ReferencedContainer="container:BuckSwiftDemo.xcodeproj"/></BuildActionEntry></BuildActionEntries></BuildAction><TestAction buildConfiguration="Debug" shouldUseLaunchSchemeArgsEnv="YES"><Testables/></TestAction><LaunchAction buildConfiguration="Debug" launchStyle="0"><BuildableProductRunnable><BuildableReference BlueprintIdentifier="E66DC04E73F738BB00000000" BlueprintName="BuckSwiftDemo" BuildableIdentifier="primary" BuildableName="BuckSwiftDemo.app" ReferencedContainer="container:BuckSwiftDemo.xcodeproj"/></BuildableProductRunnable></LaunchAction><ProfileAction buildConfiguration="Release"><BuildableProductRunnable><BuildableReference BlueprintIdentifier="E66DC04E73F738BB00000000" BlueprintName="BuckSwiftDemo" BuildableIdentifier="primary" BuildableName="BuckSwiftDemo.app" ReferencedContainer="container:BuckSwiftDemo.xcodeproj"/></BuildableProductRunnable></ProfileAction><AnalyzeAction buildConfiguration="Debug"/><ArchiveAction buildConfiguration="Release" revealArchiveInOrganizer="YES"/></Scheme>