<?xml version="1.0" encoding="UTF-8"?>
<!DOCTYPE plist PUBLIC "-//Apple//DTD PLIST 1.0//EN" "http://www.apple.com/DTDs/PropertyList-1.0.dtd">
<plist version="1.0">
<dict>
	<key>archiveVersion</key>
	<string>1</string>
	<key>classes</key>
	<dict>
	</dict>
	<key>objectVersion</key>
	<string>46</string>
	<key>objects</key>
	<dict>
		<key>1DD70E29001F47FB00000000</key>
		<dict>
			<key>isa</key>
			<string>PBXFileReference</string>
			<key>name</key>
			<string>BUCK</string>
			<key>path</key>
			<string>BUCK</string>
			<key>sourceTree</key>
			<string>SOURCE_ROOT</string>
			<key>explicitFileType</key>
			<string>text.script.python</string>
		</dict>
		<key>1DD70E29E96C6F8900000000</key>
		<dict>
			<key>isa</key>
			<string>PBXFileReference</string>
			<key>name</key>
			<string>ABKAppboyEndpointDelegate.h</string>
			<key>path</key>
			<string>AppboyKit/headers/AppboyKitLibrary/ABKAppboyEndpointDelegate.h</string>
			<key>sourceTree</key>
			<string>SOURCE_ROOT</string>
			<key>lastKnownFileType</key>
			<string>sourcecode.c.h</string>
		</dict>
		<key>1DD70E29FCEFB55900000000</key>
		<dict>
			<key>isa</key>
			<string>PBXFileReference</string>
			<key>name</key>
			<string>ABKAttributionData.h</string>
			<key>path</key>
			<string>AppboyKit/headers/AppboyKitLibrary/ABKAttributionData.h</string>
			<key>sourceTree</key>
			<string>SOURCE_ROOT</string>
			<key>lastKnownFileType</key>
			<string>sourcecode.c.h</string>
		</dict>
		<key>1DD70E2901EF88C000000000</key>
		<dict>
			<key>isa</key>
			<string>PBXFileReference</string>
			<key>name</key>
			<string>ABKBannerCard.h</string>
			<key>path</key>
			<string>AppboyKit/headers/AppboyKitLibrary/ABKBannerCard.h</string>
			<key>sourceTree</key>
			<string>SOURCE_ROOT</string>
			<key>lastKnownFileType</key>
			<string>sourcecode.c.h</string>
		</dict>
		<key>1DD70E29BBAB076A00000000</key>
		<dict>
			<key>isa</key>
			<string>PBXFileReference</string>
			<key>name</key>
			<string>ABKCaptionedImageCard.h</string>
			<key>path</key>
			<string>AppboyKit/headers/AppboyKitLibrary/ABKCaptionedImageCard.h</string>
			<key>sourceTree</key>
			<string>SOURCE_ROOT</string>
			<key>lastKnownFileType</key>
			<string>sourcecode.c.h</string>
		</dict>
		<key>1DD70E2964C205F400000000</key>
		<dict>
			<key>isa</key>
			<string>PBXFileReference</string>
			<key>name</key>
			<string>ABKCard.h</string>
			<key>path</key>
			<string>AppboyKit/headers/AppboyKitLibrary/ABKCard.h</string>
			<key>sourceTree</key>
			<string>SOURCE_ROOT</string>
			<key>lastKnownFileType</key>
			<string>sourcecode.c.h</string>
		</dict>
		<key>1DD70E299279E81200000000</key>
		<dict>
			<key>isa</key>
			<string>PBXFileReference</string>
			<key>name</key>
			<string>ABKClassicCard.h</string>
			<key>path</key>
			<string>AppboyKit/headers/AppboyKitLibrary/ABKClassicCard.h</string>
			<key>sourceTree</key>
			<string>SOURCE_ROOT</string>
			<key>lastKnownFileType</key>
			<string>sourcecode.c.h</string>
		</dict>
		<key>1DD70E29DFEE5E9700000000</key>
		<dict>
			<key>isa</key>
			<string>PBXFileReference</string>
			<key>name</key>
			<string>ABKCrossPromotionCard.h</string>
			<key>path</key>
			<string>AppboyKit/headers/AppboyKitLibrary/ABKCrossPromotionCard.h</string>
			<key>sourceTree</key>
			<string>SOURCE_ROOT</string>
			<key>lastKnownFileType</key>
			<string>sourcecode.c.h</string>
		</dict>
		<key>1DD70E295C73845500000000</key>
		<dict>
			<key>isa</key>
			<string>PBXFileReference</string>
			<key>name</key>
			<string>ABKFacebookUser.h</string>
			<key>path</key>
			<string>AppboyKit/headers/AppboyKitLibrary/ABKFacebookUser.h</string>
			<key>sourceTree</key>
			<string>SOURCE_ROOT</string>
			<key>lastKnownFileType</key>
			<string>sourcecode.c.h</string>
		</dict>
		<key>1DD70E299A851BBE00000000</key>
		<dict>
			<key>isa</key>
			<string>PBXFileReference</string>
			<key>name</key>
			<string>ABKFeedController.h</string>
			<key>path</key>
			<string>AppboyKit/headers/AppboyKitLibrary/ABKFeedController.h</string>
			<key>sourceTree</key>
			<string>SOURCE_ROOT</string>
			<key>lastKnownFileType</key>
			<string>sourcecode.c.h</string>
		</dict>
		<key>1DD70E29076B070300000000</key>
		<dict>
			<key>isa</key>
			<string>PBXFileReference</string>
			<key>name</key>
			<string>ABKFeedViewController.h</string>
			<key>path</key>
			<string>AppboyKit/headers/AppboyKitLibrary/ABKFeedViewController.h</string>
			<key>sourceTree</key>
			<string>SOURCE_ROOT</string>
			<key>lastKnownFileType</key>
			<string>sourcecode.c.h</string>
		</dict>
		<key>1DD70E29B0E85A6800000000</key>
		<dict>
			<key>isa</key>
			<string>PBXFileReference</string>
			<key>name</key>
			<string>ABKFeedViewControllerDelegate.h</string>
			<key>path</key>
			<string>AppboyKit/headers/AppboyKitLibrary/ABKFeedViewControllerDelegate.h</string>
			<key>sourceTree</key>
			<string>SOURCE_ROOT</string>
			<key>lastKnownFileType</key>
			<string>sourcecode.c.h</string>
		</dict>
		<key>1DD70E29B4D2053B00000000</key>
		<dict>
			<key>isa</key>
			<string>PBXFileReference</string>
			<key>name</key>
			<string>ABKFeedViewControllerGenericContext.h</string>
			<key>path</key>
			<string>AppboyKit/headers/AppboyKitLibrary/ABKFeedViewControllerGenericContext.h</string>
			<key>sourceTree</key>
			<string>SOURCE_ROOT</string>
			<key>lastKnownFileType</key>
			<string>sourcecode.c.h</string>
		</dict>
		<key>1DD70E29594CEB6500000000</key>
		<dict>
			<key>isa</key>
			<string>PBXFileReference</string>
			<key>name</key>
			<string>ABKFeedViewControllerModalContext.h</string>
			<key>path</key>
			<string>AppboyKit/headers/AppboyKitLibrary/ABKFeedViewControllerModalContext.h</string>
			<key>sourceTree</key>
			<string>SOURCE_ROOT</string>
			<key>lastKnownFileType</key>
			<string>sourcecode.c.h</string>
		</dict>
		<key>1DD70E298CC0922C00000000</key>
		<dict>
			<key>isa</key>
			<string>PBXFileReference</string>
			<key>name</key>
			<string>ABKFeedViewControllerNavigationContext.h</string>
			<key>path</key>
			<string>AppboyKit/headers/AppboyKitLibrary/ABKFeedViewControllerNavigationContext.h</string>
			<key>sourceTree</key>
			<string>SOURCE_ROOT</string>
			<key>lastKnownFileType</key>
			<string>sourcecode.c.h</string>
		</dict>
		<key>1DD70E2955E0382D00000000</key>
		<dict>
			<key>isa</key>
			<string>PBXFileReference</string>
			<key>name</key>
			<string>ABKFeedViewControllerPopoverContext.h</string>
			<key>path</key>
			<string>AppboyKit/headers/AppboyKitLibrary/ABKFeedViewControllerPopoverContext.h</string>
			<key>sourceTree</key>
			<string>SOURCE_ROOT</string>
			<key>lastKnownFileType</key>
			<string>sourcecode.c.h</string>
		</dict>
		<key>1DD70E29C7ACA82900000000</key>
		<dict>
			<key>isa</key>
			<string>PBXFileReference</string>
			<key>name</key>
			<string>ABKFeedback.h</string>
			<key>path</key>
			<string>AppboyKit/headers/AppboyKitLibrary/ABKFeedback.h</string>
			<key>sourceTree</key>
			<string>SOURCE_ROOT</string>
			<key>lastKnownFileType</key>
			<string>sourcecode.c.h</string>
		</dict>
		<key>1DD70E296B5BF8BF00000000</key>
		<dict>
			<key>isa</key>
			<string>PBXFileReference</string>
			<key>name</key>
			<string>ABKIDFADelegate.h</string>
			<key>path</key>
			<string>AppboyKit/headers/AppboyKitLibrary/ABKIDFADelegate.h</string>
			<key>sourceTree</key>
			<string>SOURCE_ROOT</string>
			<key>lastKnownFileType</key>
			<string>sourcecode.c.h</string>
		</dict>
		<key>1DD70E29B6B9C05900000000</key>
		<dict>
			<key>isa</key>
			<string>PBXFileReference</string>
			<key>name</key>
			<string>ABKIdentifierForAdvertisingProvider.h</string>
			<key>path</key>
			<string>AppboyKit/headers/AppboyKitLibrary/ABKIdentifierForAdvertisingProvider.h</string>
			<key>sourceTree</key>
			<string>SOURCE_ROOT</string>
			<key>lastKnownFileType</key>
			<string>sourcecode.c.h</string>
		</dict>
		<key>1DD70E29F477EBCF00000000</key>
		<dict>
			<key>isa</key>
			<string>PBXFileReference</string>
			<key>name</key>
			<string>ABKInAppMessage.h</string>
			<key>path</key>
			<string>AppboyKit/headers/AppboyKitLibrary/ABKInAppMessage.h</string>
			<key>sourceTree</key>
			<string>SOURCE_ROOT</string>
			<key>lastKnownFileType</key>
			<string>sourcecode.c.h</string>
		</dict>
		<key>1DD70E293796FEE100000000</key>
		<dict>
			<key>isa</key>
			<string>PBXFileReference</string>
			<key>name</key>
			<string>ABKInAppMessageButton.h</string>
			<key>path</key>
			<string>AppboyKit/headers/AppboyKitLibrary/ABKInAppMessageButton.h</string>
			<key>sourceTree</key>
			<string>SOURCE_ROOT</string>
			<key>lastKnownFileType</key>
			<string>sourcecode.c.h</string>
		</dict>
		<key>1DD70E292BA5A64B00000000</key>
		<dict>
			<key>isa</key>
			<string>PBXFileReference</string>
			<key>name</key>
			<string>ABKInAppMessageController.h</string>
			<key>path</key>
			<string>AppboyKit/headers/AppboyKitLibrary/ABKInAppMessageController.h</string>
			<key>sourceTree</key>
			<string>SOURCE_ROOT</string>
			<key>lastKnownFileType</key>
			<string>sourcecode.c.h</string>
		</dict>
		<key>1DD70E292F5331B000000000</key>
		<dict>
			<key>isa</key>
			<string>PBXFileReference</string>
			<key>name</key>
			<string>ABKInAppMessageControllerDelegate.h</string>
			<key>path</key>
			<string>AppboyKit/headers/AppboyKitLibrary/ABKInAppMessageControllerDelegate.h</string>
			<key>sourceTree</key>
			<string>SOURCE_ROOT</string>
			<key>lastKnownFileType</key>
			<string>sourcecode.c.h</string>
		</dict>
		<key>1DD70E2905CDA03E00000000</key>
		<dict>
			<key>isa</key>
			<string>PBXFileReference</string>
			<key>name</key>
			<string>ABKInAppMessageFull.h</string>
			<key>path</key>
			<string>AppboyKit/headers/AppboyKitLibrary/ABKInAppMessageFull.h</string>
			<key>sourceTree</key>
			<string>SOURCE_ROOT</string>
			<key>lastKnownFileType</key>
			<string>sourcecode.c.h</string>
		</dict>
		<key>1DD70E297E67493F00000000</key>
		<dict>
			<key>isa</key>
			<string>PBXFileReference</string>
			<key>name</key>
			<string>ABKInAppMessageFullViewController.h</string>
			<key>path</key>
			<string>AppboyKit/headers/AppboyKitLibrary/ABKInAppMessageFullViewController.h</string>
			<key>sourceTree</key>
			<string>SOURCE_ROOT</string>
			<key>lastKnownFileType</key>
			<string>sourcecode.c.h</string>
		</dict>
		<key>1DD70E290757BA3A00000000</key>
		<dict>
			<key>isa</key>
			<string>PBXFileReference</string>
			<key>name</key>
			<string>ABKInAppMessageHTML.h</string>
			<key>path</key>
			<string>AppboyKit/headers/AppboyKitLibrary/ABKInAppMessageHTML.h</string>
			<key>sourceTree</key>
			<string>SOURCE_ROOT</string>
			<key>lastKnownFileType</key>
			<string>sourcecode.c.h</string>
		</dict>
		<key>1DD70E29EDFA412900000000</key>
		<dict>
			<key>isa</key>
			<string>PBXFileReference</string>
			<key>name</key>
			<string>ABKInAppMessageHTMLFull.h</string>
			<key>path</key>
			<string>AppboyKit/headers/AppboyKitLibrary/ABKInAppMessageHTMLFull.h</string>
			<key>sourceTree</key>
			<string>SOURCE_ROOT</string>
			<key>lastKnownFileType</key>
			<string>sourcecode.c.h</string>
		</dict>
		<key>1DD70E29486672EA00000000</key>
		<dict>
			<key>isa</key>
			<string>PBXFileReference</string>
			<key>name</key>
			<string>ABKInAppMessageHTMLFullViewController.h</string>
			<key>path</key>
			<string>AppboyKit/headers/AppboyKitLibrary/ABKInAppMessageHTMLFullViewController.h</string>
			<key>sourceTree</key>
			<string>SOURCE_ROOT</string>
			<key>lastKnownFileType</key>
			<string>sourcecode.c.h</string>
		</dict>
		<key>1DD70E29E7CE3A3B00000000</key>
		<dict>
			<key>isa</key>
			<string>PBXFileReference</string>
			<key>name</key>
			<string>ABKInAppMessageHTMLViewController.h</string>
			<key>path</key>
			<string>AppboyKit/headers/AppboyKitLibrary/ABKInAppMessageHTMLViewController.h</string>
			<key>sourceTree</key>
			<string>SOURCE_ROOT</string>
			<key>lastKnownFileType</key>
			<string>sourcecode.c.h</string>
		</dict>
		<key>1DD70E2902ED6FA000000000</key>
		<dict>
			<key>isa</key>
			<string>PBXFileReference</string>
			<key>name</key>
			<string>ABKInAppMessageImmersive.h</string>
			<key>path</key>
			<string>AppboyKit/headers/AppboyKitLibrary/ABKInAppMessageImmersive.h</string>
			<key>sourceTree</key>
			<string>SOURCE_ROOT</string>
			<key>lastKnownFileType</key>
			<string>sourcecode.c.h</string>
		</dict>
		<key>1DD70E296A2F852100000000</key>
		<dict>
			<key>isa</key>
			<string>PBXFileReference</string>
			<key>name</key>
			<string>ABKInAppMessageImmersiveViewController.h</string>
			<key>path</key>
			<string>AppboyKit/headers/AppboyKitLibrary/ABKInAppMessageImmersiveViewController.h</string>
			<key>sourceTree</key>
			<string>SOURCE_ROOT</string>
			<key>lastKnownFileType</key>
			<string>sourcecode.c.h</string>
		</dict>
		<key>1DD70E291B80189200000000</key>
		<dict>
			<key>isa</key>
			<string>PBXFileReference</string>
			<key>name</key>
			<string>ABKInAppMessageModal.h</string>
			<key>path</key>
			<string>AppboyKit/headers/AppboyKitLibrary/ABKInAppMessageModal.h</string>
			<key>sourceTree</key>
			<string>SOURCE_ROOT</string>
			<key>lastKnownFileType</key>
			<string>sourcecode.c.h</string>
		</dict>
		<key>1DD70E290A669E9300000000</key>
		<dict>
			<key>isa</key>
			<string>PBXFileReference</string>
			<key>name</key>
			<string>ABKInAppMessageModalViewController.h</string>
			<key>path</key>
			<string>AppboyKit/headers/AppboyKitLibrary/ABKInAppMessageModalViewController.h</string>
			<key>sourceTree</key>
			<string>SOURCE_ROOT</string>
			<key>lastKnownFileType</key>
			<string>sourcecode.c.h</string>
		</dict>
		<key>1DD70E298B2EC77100000000</key>
		<dict>
			<key>isa</key>
			<string>PBXFileReference</string>
			<key>name</key>
			<string>ABKInAppMessageSlideup.h</string>
			<key>path</key>
			<string>AppboyKit/headers/AppboyKitLibrary/ABKInAppMessageSlideup.h</string>
			<key>sourceTree</key>
			<string>SOURCE_ROOT</string>
			<key>lastKnownFileType</key>
			<string>sourcecode.c.h</string>
		</dict>
		<key>1DD70E29D9EE5B3200000000</key>
		<dict>
			<key>isa</key>
			<string>PBXFileReference</string>
			<key>name</key>
			<string>ABKInAppMessageSlideupViewController.h</string>
			<key>path</key>
			<string>AppboyKit/headers/AppboyKitLibrary/ABKInAppMessageSlideupViewController.h</string>
			<key>sourceTree</key>
			<string>SOURCE_ROOT</string>
			<key>lastKnownFileType</key>
			<string>sourcecode.c.h</string>
		</dict>
		<key>1DD70E29206F0AD400000000</key>
		<dict>
			<key>isa</key>
			<string>PBXFileReference</string>
			<key>name</key>
			<string>ABKInAppMessageView.h</string>
			<key>path</key>
			<string>AppboyKit/headers/AppboyKitLibrary/ABKInAppMessageView.h</string>
			<key>sourceTree</key>
			<string>SOURCE_ROOT</string>
			<key>lastKnownFileType</key>
			<string>sourcecode.c.h</string>
		</dict>
		<key>1DD70E29A8F9831000000000</key>
		<dict>
			<key>isa</key>
			<string>PBXFileReference</string>
			<key>name</key>
			<string>ABKInAppMessageViewController.h</string>
			<key>path</key>
			<string>AppboyKit/headers/AppboyKitLibrary/ABKInAppMessageViewController.h</string>
			<key>sourceTree</key>
			<string>SOURCE_ROOT</string>
			<key>lastKnownFileType</key>
			<string>sourcecode.c.h</string>
		</dict>
		<key>1DD70E2998D8129B00000000</key>
		<dict>
			<key>isa</key>
			<string>PBXFileReference</string>
			<key>name</key>
			<string>ABKInAppMessageWindowController.h</string>
			<key>path</key>
			<string>AppboyKit/headers/AppboyKitLibrary/ABKInAppMessageWindowController.h</string>
			<key>sourceTree</key>
			<string>SOURCE_ROOT</string>
			<key>lastKnownFileType</key>
			<string>sourcecode.c.h</string>
		</dict>
		<key>1DD70E299F7C5B0800000000</key>
		<dict>
			<key>isa</key>
			<string>PBXFileReference</string>
			<key>name</key>
			<string>ABKLocationManager.h</string>
			<key>path</key>
			<string>AppboyKit/headers/AppboyKitLibrary/ABKLocationManager.h</string>
			<key>sourceTree</key>
			<string>SOURCE_ROOT</string>
			<key>lastKnownFileType</key>
			<string>sourcecode.c.h</string>
		</dict>
		<key>1DD70E295ED867CC00000000</key>
		<dict>
			<key>isa</key>
			<string>PBXFileReference</string>
			<key>name</key>
			<string>ABKModalWebViewController.h</string>
			<key>path</key>
			<string>AppboyKit/headers/AppboyKitLibrary/ABKModalWebViewController.h</string>
			<key>sourceTree</key>
			<string>SOURCE_ROOT</string>
			<key>lastKnownFileType</key>
			<string>sourcecode.c.h</string>
		</dict>
		<key>1DD70E29CA4559EF00000000</key>
		<dict>
			<key>isa</key>
			<string>PBXFileReference</string>
			<key>name</key>
			<string>ABKNavigationBar.h</string>
			<key>path</key>
			<string>AppboyKit/headers/AppboyKitLibrary/ABKNavigationBar.h</string>
			<key>sourceTree</key>
			<string>SOURCE_ROOT</string>
			<key>lastKnownFileType</key>
			<string>sourcecode.c.h</string>
		</dict>
		<key>1DD70E2928C3279C00000000</key>
		<dict>
			<key>isa</key>
			<string>PBXFileReference</string>
			<key>name</key>
			<string>ABKNoConnectionLocalization.h</string>
			<key>path</key>
			<string>AppboyKit/headers/AppboyKitLibrary/ABKNoConnectionLocalization.h</string>
			<key>sourceTree</key>
			<string>SOURCE_ROOT</string>
			<key>lastKnownFileType</key>
			<string>sourcecode.c.h</string>
		</dict>
		<key>1DD70E29C071D8A700000000</key>
		<dict>
			<key>isa</key>
			<string>PBXFileReference</string>
			<key>name</key>
			<string>ABKPushURIDelegate.h</string>
			<key>path</key>
			<string>AppboyKit/headers/AppboyKitLibrary/ABKPushURIDelegate.h</string>
			<key>sourceTree</key>
			<string>SOURCE_ROOT</string>
			<key>lastKnownFileType</key>
			<string>sourcecode.c.h</string>
		</dict>
		<key>1DD70E296FC23F4700000000</key>
		<dict>
			<key>isa</key>
			<string>PBXFileReference</string>
			<key>name</key>
			<string>ABKPushUtils.h</string>
			<key>path</key>
			<string>AppboyKit/headers/AppboyKitLibrary/ABKPushUtils.h</string>
			<key>sourceTree</key>
			<string>SOURCE_ROOT</string>
			<key>lastKnownFileType</key>
			<string>sourcecode.c.h</string>
		</dict>
		<key>1DD70E298DD8F2E600000000</key>
		<dict>
			<key>isa</key>
			<string>PBXFileReference</string>
			<key>name</key>
			<string>ABKSDWebImageProxy.h</string>
			<key>path</key>
			<string>AppboyKit/headers/AppboyKitLibrary/ABKSDWebImageProxy.h</string>
			<key>sourceTree</key>
			<string>SOURCE_ROOT</string>
			<key>lastKnownFileType</key>
			<string>sourcecode.c.h</string>
		</dict>
		<key>1DD70E299F26CA2800000000</key>
		<dict>
			<key>isa</key>
			<string>PBXFileReference</string>
			<key>name</key>
			<string>ABKTextAnnouncementCard.h</string>
			<key>path</key>
			<string>AppboyKit/headers/AppboyKitLibrary/ABKTextAnnouncementCard.h</string>
			<key>sourceTree</key>
			<string>SOURCE_ROOT</string>
			<key>lastKnownFileType</key>
			<string>sourcecode.c.h</string>
		</dict>
		<key>1DD70E296B7EAE1B00000000</key>
		<dict>
			<key>isa</key>
			<string>PBXFileReference</string>
			<key>name</key>
			<string>ABKThemableFeedNavigationBar.h</string>
			<key>path</key>
			<string>AppboyKit/headers/AppboyKitLibrary/ABKThemableFeedNavigationBar.h</string>
			<key>sourceTree</key>
			<string>SOURCE_ROOT</string>
			<key>lastKnownFileType</key>
			<string>sourcecode.c.h</string>
		</dict>
		<key>1DD70E29872ADB2E00000000</key>
		<dict>
			<key>isa</key>
			<string>PBXFileReference</string>
			<key>name</key>
			<string>ABKTwitterUser.h</string>
			<key>path</key>
			<string>AppboyKit/headers/AppboyKitLibrary/ABKTwitterUser.h</string>
			<key>sourceTree</key>
			<string>SOURCE_ROOT</string>
			<key>lastKnownFileType</key>
			<string>sourcecode.c.h</string>
		</dict>
		<key>1DD70E29428870E400000000</key>
		<dict>
			<key>isa</key>
			<string>PBXFileReference</string>
			<key>name</key>
			<string>ABKURLDelegate.h</string>
			<key>path</key>
			<string>AppboyKit/headers/AppboyKitLibrary/ABKURLDelegate.h</string>
			<key>sourceTree</key>
			<string>SOURCE_ROOT</string>
			<key>lastKnownFileType</key>
			<string>sourcecode.c.h</string>
		</dict>
		<key>1DD70E29847133EF00000000</key>
		<dict>
			<key>isa</key>
			<string>PBXFileReference</string>
			<key>name</key>
			<string>ABKUser.h</string>
			<key>path</key>
			<string>AppboyKit/headers/AppboyKitLibrary/ABKUser.h</string>
			<key>sourceTree</key>
			<string>SOURCE_ROOT</string>
			<key>lastKnownFileType</key>
			<string>sourcecode.c.h</string>
		</dict>
		<key>1DD70E29499E576500000000</key>
		<dict>
			<key>isa</key>
			<string>PBXFileReference</string>
			<key>name</key>
			<string>Appboy.h</string>
			<key>path</key>
			<string>AppboyKit/headers/AppboyKitLibrary/Appboy.h</string>
			<key>sourceTree</key>
			<string>SOURCE_ROOT</string>
			<key>lastKnownFileType</key>
			<string>sourcecode.c.h</string>
		</dict>
		<key>1DD70E2912F709E500000000</key>
		<dict>
			<key>isa</key>
			<string>PBXFileReference</string>
			<key>name</key>
			<string>AppboyKit.h</string>
			<key>path</key>
			<string>AppboyKit/headers/AppboyKitLibrary/AppboyKit.h</string>
			<key>sourceTree</key>
			<string>SOURCE_ROOT</string>
			<key>lastKnownFileType</key>
			<string>sourcecode.c.h</string>
		</dict>
		<key>B401C9794C16739000000000</key>
		<dict>
			<key>isa</key>
			<string>PBXGroup</string>
			<key>name</key>
			<string>AppboyKitLibrary</string>
			<key>path</key>
			<string>AppboyKit/headers/AppboyKitLibrary</string>
			<key>sourceTree</key>
			<string>SOURCE_ROOT</string>
			<key>children</key>
			<array>
				<string>1DD70E29E96C6F8900000000</string>
				<string>1DD70E29FCEFB55900000000</string>
				<string>1DD70E2901EF88C000000000</string>
				<string>1DD70E29BBAB076A00000000</string>
				<string>1DD70E2964C205F400000000</string>
				<string>1DD70E299279E81200000000</string>
				<string>1DD70E29DFEE5E9700000000</string>
				<string>1DD70E295C73845500000000</string>
				<string>1DD70E299A851BBE00000000</string>
				<string>1DD70E29076B070300000000</string>
				<string>1DD70E29B0E85A6800000000</string>
				<string>1DD70E29B4D2053B00000000</string>
				<string>1DD70E29594CEB6500000000</string>
				<string>1DD70E298CC0922C00000000</string>
				<string>1DD70E2955E0382D00000000</string>
				<string>1DD70E29C7ACA82900000000</string>
				<string>1DD70E296B5BF8BF00000000</string>
				<string>1DD70E29B6B9C05900000000</string>
				<string>1DD70E29F477EBCF00000000</string>
				<string>1DD70E293796FEE100000000</string>
				<string>1DD70E292BA5A64B00000000</string>
				<string>1DD70E292F5331B000000000</string>
				<string>1DD70E2905CDA03E00000000</string>
				<string>1DD70E297E67493F00000000</string>
				<string>1DD70E290757BA3A00000000</string>
				<string>1DD70E29EDFA412900000000</string>
				<string>1DD70E29486672EA00000000</string>
				<string>1DD70E29E7CE3A3B00000000</string>
				<string>1DD70E2902ED6FA000000000</string>
				<string>1DD70E296A2F852100000000</string>
				<string>1DD70E291B80189200000000</string>
				<string>1DD70E290A669E9300000000</string>
				<string>1DD70E298B2EC77100000000</string>
				<string>1DD70E29D9EE5B3200000000</string>
				<string>1DD70E29206F0AD400000000</string>
				<string>1DD70E29A8F9831000000000</string>
				<string>1DD70E2998D8129B00000000</string>
				<string>1DD70E299F7C5B0800000000</string>
				<string>1DD70E295ED867CC00000000</string>
				<string>1DD70E29CA4559EF00000000</string>
				<string>1DD70E2928C3279C00000000</string>
				<string>1DD70E29C071D8A700000000</string>
				<string>1DD70E296FC23F4700000000</string>
				<string>1DD70E298DD8F2E600000000</string>
				<string>1DD70E299F26CA2800000000</string>
				<string>1DD70E296B7EAE1B00000000</string>
				<string>1DD70E29872ADB2E00000000</string>
				<string>1DD70E29428870E400000000</string>
				<string>1DD70E29847133EF00000000</string>
				<string>1DD70E29499E576500000000</string>
				<string>1DD70E2912F709E500000000</string>
			</array>
		</dict>
		<key>B401C9792F676F8600000000</key>
		<dict>
			<key>isa</key>
			<string>PBXGroup</string>
			<key>name</key>
			<string>headers</string>
			<key>path</key>
			<string>AppboyKit/headers</string>
			<key>sourceTree</key>
			<string>SOURCE_ROOT</string>
			<key>children</key>
			<array>
				<string>B401C9794C16739000000000</string>
			</array>
		</dict>
		<key>1DD70E29B6B9C05E00000000</key>
		<dict>
			<key>isa</key>
			<string>PBXFileReference</string>
			<key>name</key>
			<string>ABKIdentifierForAdvertisingProvider.m</string>
			<key>path</key>
			<string>AppboyKit/ABKIdentifierForAdvertisingProvider.m</string>
			<key>sourceTree</key>
			<string>SOURCE_ROOT</string>
			<key>lastKnownFileType</key>
			<string>sourcecode.c.objc</string>
		</dict>
		<key>1DD70E295ED867D100000000</key>
		<dict>
			<key>isa</key>
			<string>PBXFileReference</string>
			<key>name</key>
			<string>ABKModalWebViewController.m</string>
			<key>path</key>
			<string>AppboyKit/ABKModalWebViewController.m</string>
			<key>sourceTree</key>
			<string>SOURCE_ROOT</string>
			<key>lastKnownFileType</key>
			<string>sourcecode.c.objc</string>
		</dict>
		<key>1DD70E2928C327A100000000</key>
		<dict>
			<key>isa</key>
			<string>PBXFileReference</string>
			<key>name</key>
			<string>ABKNoConnectionLocalization.m</string>
			<key>path</key>
			<string>AppboyKit/ABKNoConnectionLocalization.m</string>
			<key>sourceTree</key>
			<string>SOURCE_ROOT</string>
			<key>lastKnownFileType</key>
			<string>sourcecode.c.objc</string>
		</dict>
		<key>1DD70E298DD8F2EB00000000</key>
		<dict>
			<key>isa</key>
			<string>PBXFileReference</string>
			<key>name</key>
			<string>ABKSDWebImageProxy.m</string>
			<key>path</key>
			<string>AppboyKit/ABKSDWebImageProxy.m</string>
			<key>sourceTree</key>
			<string>SOURCE_ROOT</string>
			<key>lastKnownFileType</key>
			<string>sourcecode.c.objc</string>
		</dict>
		<key>B401C979EA2D02AB00000000</key>
		<dict>
			<key>isa</key>
			<string>PBXGroup</string>
			<key>name</key>
			<string>AppboyKit</string>
			<key>path</key>
			<string>AppboyKit</string>
			<key>sourceTree</key>
			<string>SOURCE_ROOT</string>
			<key>children</key>
			<array>
				<string>B401C9792F676F8600000000</string>
				<string>1DD70E29B6B9C05E00000000</string>
				<string>1DD70E295ED867D100000000</string>
				<string>1DD70E2928C327A100000000</string>
				<string>1DD70E298DD8F2EB00000000</string>
			</array>
		</dict>
		<key>1DD70E298A5899EA00000000</key>
		<dict>
			<key>isa</key>
			<string>PBXFileReference</string>
			<key>name</key>
			<string>ABKFeedbackViewController.h</string>
			<key>path</key>
			<string>AppboyUI/ABKFeedbackViewController/FeedbackViewController/ABKFeedbackViewController.h</string>
			<key>sourceTree</key>
			<string>SOURCE_ROOT</string>
			<key>lastKnownFileType</key>
			<string>sourcecode.c.h</string>
		</dict>
		<key>1DD70E298A5899EF00000000</key>
		<dict>
			<key>isa</key>
			<string>PBXFileReference</string>
			<key>name</key>
			<string>ABKFeedbackViewController.m</string>
			<key>path</key>
			<string>AppboyUI/ABKFeedbackViewController/FeedbackViewController/ABKFeedbackViewController.m</string>
			<key>sourceTree</key>
			<string>SOURCE_ROOT</string>
			<key>lastKnownFileType</key>
			<string>sourcecode.c.objc</string>
		</dict>
		<key>1DD70E29A67CEF2300000000</key>
		<dict>
			<key>isa</key>
			<string>PBXFileReference</string>
			<key>name</key>
			<string>ABKModalFeedbackViewController.h</string>
			<key>path</key>
			<string>AppboyUI/ABKFeedbackViewController/FeedbackViewController/ABKModalFeedbackViewController.h</string>
			<key>sourceTree</key>
			<string>SOURCE_ROOT</string>
			<key>lastKnownFileType</key>
			<string>sourcecode.c.h</string>
		</dict>
		<key>1DD70E29A67CEF2800000000</key>
		<dict>
			<key>isa</key>
			<string>PBXFileReference</string>
			<key>name</key>
			<string>ABKModalFeedbackViewController.m</string>
			<key>path</key>
			<string>AppboyUI/ABKFeedbackViewController/FeedbackViewController/ABKModalFeedbackViewController.m</string>
			<key>sourceTree</key>
			<string>SOURCE_ROOT</string>
			<key>lastKnownFileType</key>
			<string>sourcecode.c.objc</string>
		</dict>
		<key>1DD70E29AFD44F9E00000000</key>
		<dict>
			<key>isa</key>
			<string>PBXFileReference</string>
			<key>name</key>
			<string>ABKNavigationFeedbackViewController.h</string>
			<key>path</key>
			<string>AppboyUI/ABKFeedbackViewController/FeedbackViewController/ABKNavigationFeedbackViewController.h</string>
			<key>sourceTree</key>
			<string>SOURCE_ROOT</string>
			<key>lastKnownFileType</key>
			<string>sourcecode.c.h</string>
		</dict>
		<key>1DD70E29AFD44FA300000000</key>
		<dict>
			<key>isa</key>
			<string>PBXFileReference</string>
			<key>name</key>
			<string>ABKNavigationFeedbackViewController.m</string>
			<key>path</key>
			<string>AppboyUI/ABKFeedbackViewController/FeedbackViewController/ABKNavigationFeedbackViewController.m</string>
			<key>sourceTree</key>
			<string>SOURCE_ROOT</string>
			<key>lastKnownFileType</key>
			<string>sourcecode.c.objc</string>
		</dict>
		<key>B401C979A51A872600000000</key>
		<dict>
			<key>isa</key>
			<string>PBXGroup</string>
			<key>name</key>
			<string>FeedbackViewController</string>
			<key>path</key>
			<string>AppboyUI/ABKFeedbackViewController/FeedbackViewController</string>
			<key>sourceTree</key>
			<string>SOURCE_ROOT</string>
			<key>children</key>
			<array>
				<string>1DD70E298A5899EA00000000</string>
				<string>1DD70E298A5899EF00000000</string>
				<string>1DD70E29A67CEF2300000000</string>
				<string>1DD70E29A67CEF2800000000</string>
				<string>1DD70E29AFD44F9E00000000</string>
				<string>1DD70E29AFD44FA300000000</string>
			</array>
		</dict>
		<key>B401C979EA4CCFF000000000</key>
		<dict>
			<key>isa</key>
			<string>PBXGroup</string>
			<key>name</key>
			<string>ABKFeedbackViewController</string>
			<key>path</key>
			<string>AppboyUI/ABKFeedbackViewController</string>
			<key>sourceTree</key>
			<string>SOURCE_ROOT</string>
			<key>children</key>
			<array>
				<string>B401C979A51A872600000000</string>
			</array>
		</dict>
		<key>1DD70E291EE2242D00000000</key>
		<dict>
			<key>isa</key>
			<string>PBXFileReference</string>
			<key>name</key>
			<string>ABKUIUtils.h</string>
			<key>path</key>
			<string>AppboyUI/ABKUIUtils/ABKUIUtils.h</string>
			<key>sourceTree</key>
			<string>SOURCE_ROOT</string>
			<key>lastKnownFileType</key>
			<string>sourcecode.c.h</string>
		</dict>
		<key>1DD70E291EE2243200000000</key>
		<dict>
			<key>isa</key>
			<string>PBXFileReference</string>
			<key>name</key>
			<string>ABKUIUtils.m</string>
			<key>path</key>
			<string>AppboyUI/ABKUIUtils/ABKUIUtils.m</string>
			<key>sourceTree</key>
			<string>SOURCE_ROOT</string>
			<key>lastKnownFileType</key>
			<string>sourcecode.c.objc</string>
		</dict>
		<key>B401C979C12A0EF300000000</key>
		<dict>
			<key>isa</key>
			<string>PBXGroup</string>
			<key>name</key>
			<string>ABKUIUtils</string>
			<key>path</key>
			<string>AppboyUI/ABKUIUtils</string>
			<key>sourceTree</key>
			<string>SOURCE_ROOT</string>
			<key>children</key>
			<array>
				<string>1DD70E291EE2242D00000000</string>
				<string>1DD70E291EE2243200000000</string>
			</array>
		</dict>
		<key>B401C979499E5BFF00000000</key>
		<dict>
			<key>isa</key>
			<string>PBXGroup</string>
			<key>name</key>
			<string>AppboyUI</string>
			<key>path</key>
			<string>AppboyUI</string>
			<key>sourceTree</key>
			<string>SOURCE_ROOT</string>
			<key>children</key>
			<array>
				<string>B401C979EA4CCFF000000000</string>
				<string>B401C979C12A0EF300000000</string>
			</array>
		</dict>
		<key>B401C979EAB5339800000000</key>
		<dict>
			<key>isa</key>
			<string>PBXGroup</string>
			<key>name</key>
			<string>Sources</string>
			<key>sourceTree</key>
			<string><![CDATA[<group>]]></string>
			<key>children</key>
			<array>
				<string>B401C979EA2D02AB00000000</string>
				<string>B401C979499E5BFF00000000</string>
			</array>
		</dict>
		<key>B401C9797549B02B00000000</key>
		<dict>
			<key>isa</key>
			<string>PBXGroup</string>
			<key>name</key>
			<string>Appboy</string>
			<key>sourceTree</key>
			<string><![CDATA[<group>]]></string>
			<key>children</key>
			<array>
				<string>1DD70E29001F47FB00000000</string>
				<string>B401C979EAB5339800000000</string>
			</array>
		</dict>
		<key>1DD70E2902024D2A00000000</key>
		<dict>
			<key>isa</key>
			<string>PBXFileReference</string>
			<key>name</key>
			<string>Appboy-Debug.xcconfig</string>
			<key>path</key>
			<string>../../buck-out/gen/Vendors/Appboy/Appboy-Debug.xcconfig</string>
			<key>sourceTree</key>
			<string>SOURCE_ROOT</string>
			<key>explicitFileType</key>
			<string>text.xcconfig</string>
		</dict>
		<key>1DD70E296FC6421400000000</key>
		<dict>
			<key>isa</key>
			<string>PBXFileReference</string>
			<key>name</key>
			<string>Appboy-Profile.xcconfig</string>
			<key>path</key>
			<string>../../buck-out/gen/Vendors/Appboy/Appboy-Profile.xcconfig</string>
			<key>sourceTree</key>
			<string>SOURCE_ROOT</string>
			<key>explicitFileType</key>
			<string>text.xcconfig</string>
		</dict>
		<key>1DD70E29E35CED7600000000</key>
		<dict>
			<key>isa</key>
			<string>PBXFileReference</string>
			<key>name</key>
			<string>Appboy-Release.xcconfig</string>
			<key>path</key>
			<string>../../buck-out/gen/Vendors/Appboy/Appboy-Release.xcconfig</string>
			<key>sourceTree</key>
			<string>SOURCE_ROOT</string>
			<key>explicitFileType</key>
			<string>text.xcconfig</string>
		</dict>
		<key>B401C9792F7F325000000000</key>
		<dict>
			<key>isa</key>
			<string>PBXGroup</string>
			<key>name</key>
			<string>Buck (Do Not Modify)</string>
			<key>sourceTree</key>
			<string><![CDATA[<group>]]></string>
			<key>children</key>
			<array>
				<string>1DD70E2902024D2A00000000</string>
				<string>1DD70E296FC6421400000000</string>
				<string>1DD70E29E35CED7600000000</string>
			</array>
		</dict>
		<key>B401C979B781F65D00000000</key>
		<dict>
			<key>isa</key>
			<string>PBXGroup</string>
			<key>name</key>
			<string>Configurations</string>
			<key>sourceTree</key>
			<string><![CDATA[<group>]]></string>
			<key>children</key>
			<array>
				<string>B401C9792F7F325000000000</string>
			</array>
		</dict>
		<key>1DD70E290E6BA4E300000000</key>
		<dict>
			<key>isa</key>
			<string>PBXFileReference</string>
			<key>name</key>
			<string>libAppboy.a</string>
			<key>path</key>
			<string>libAppboy.a</string>
			<key>sourceTree</key>
			<string>BUILT_PRODUCTS_DIR</string>
			<key>explicitFileType</key>
			<string>archive.ar</string>
		</dict>
		<key>B401C979C806358400000000</key>
		<dict>
			<key>isa</key>
			<string>PBXGroup</string>
			<key>name</key>
			<string>Products</string>
			<key>sourceTree</key>
			<string><![CDATA[<group>]]></string>
			<key>children</key>
			<array>
				<string>1DD70E290E6BA4E300000000</string>
			</array>
		</dict>
		<key>B401C979EFB6AC4600000000</key>
		<dict>
			<key>isa</key>
			<string>PBXGroup</string>
			<key>name</key>
			<string>mainGroup</string>
			<key>sourceTree</key>
			<string><![CDATA[<group>]]></string>
			<key>children</key>
			<array>
				<string>B401C9797549B02B00000000</string>
				<string>B401C979B781F65D00000000</string>
				<string>B401C979C806358400000000</string>
			</array>
		</dict>
		<key>E7A30F04B6B9C05E00000000</key>
		<dict>
			<key>isa</key>
			<string>PBXBuildFile</string>
			<key>fileRef</key>
			<string>1DD70E29B6B9C05E00000000</string>
		</dict>
		<key>E7A30F045ED867D100000000</key>
		<dict>
			<key>isa</key>
			<string>PBXBuildFile</string>
			<key>fileRef</key>
			<string>1DD70E295ED867D100000000</string>
		</dict>
		<key>E7A30F0428C327A100000000</key>
		<dict>
			<key>isa</key>
			<string>PBXBuildFile</string>
			<key>fileRef</key>
			<string>1DD70E2928C327A100000000</string>
		</dict>
		<key>E7A30F048DD8F2EB00000000</key>
		<dict>
			<key>isa</key>
			<string>PBXBuildFile</string>
			<key>fileRef</key>
			<string>1DD70E298DD8F2EB00000000</string>
		</dict>
		<key>E7A30F048A5899EF00000000</key>
		<dict>
			<key>isa</key>
			<string>PBXBuildFile</string>
			<key>fileRef</key>
			<string>1DD70E298A5899EF00000000</string>
		</dict>
		<key>E7A30F04A67CEF2800000000</key>
		<dict>
			<key>isa</key>
			<string>PBXBuildFile</string>
			<key>fileRef</key>
			<string>1DD70E29A67CEF2800000000</string>
		</dict>
		<key>E7A30F04AFD44FA300000000</key>
		<dict>
			<key>isa</key>
			<string>PBXBuildFile</string>
			<key>fileRef</key>
			<string>1DD70E29AFD44FA300000000</string>
		</dict>
		<key>E7A30F041EE2243200000000</key>
		<dict>
			<key>isa</key>
			<string>PBXBuildFile</string>
			<key>fileRef</key>
			<string>1DD70E291EE2243200000000</string>
		</dict>
		<key>1870857F0000000000000000</key>
		<dict>
			<key>isa</key>
			<string>PBXSourcesBuildPhase</string>
			<key>files</key>
			<array>
				<string>E7A30F04B6B9C05E00000000</string>
				<string>E7A30F045ED867D100000000</string>
				<string>E7A30F0428C327A100000000</string>
				<string>E7A30F048DD8F2EB00000000</string>
				<string>E7A30F048A5899EF00000000</string>
				<string>E7A30F04A67CEF2800000000</string>
				<string>E7A30F04AFD44FA300000000</string>
				<string>E7A30F041EE2243200000000</string>
			</array>
		</dict>
		<key>4952437303EDA63300000000</key>
		<dict>
			<key>isa</key>
			<string>XCBuildConfiguration</string>
			<key>name</key>
			<string>Debug</string>
			<key>buildSettings</key>
			<dict>
			</dict>
			<key>baseConfigurationReference</key>
			<string>1DD70E2902024D2A00000000</string>
		</dict>
		<key>4952437350C7218900000000</key>
		<dict>
			<key>isa</key>
			<string>XCBuildConfiguration</string>
			<key>name</key>
			<string>Profile</string>
			<key>buildSettings</key>
			<dict>
			</dict>
			<key>baseConfigurationReference</key>
			<string>1DD70E296FC6421400000000</string>
		</dict>
		<key>49524373A439BFE700000000</key>
		<dict>
			<key>isa</key>
			<string>XCBuildConfiguration</string>
			<key>name</key>
			<string>Release</string>
			<key>buildSettings</key>
			<dict>
			</dict>
			<key>baseConfigurationReference</key>
			<string>1DD70E29E35CED7600000000</string>
		</dict>
		<key>218C37090000000000000000</key>
		<dict>
			<key>isa</key>
			<string>XCConfigurationList</string>
			<key>buildConfigurations</key>
			<array>
				<string>4952437303EDA63300000000</string>
				<string>4952437350C7218900000000</string>
				<string>49524373A439BFE700000000</string>
			</array>
			<key>defaultConfigurationIsVisible</key>
			<false/>
		</dict>
		<key>E66DC04E7549B02B00000000</key>
		<dict>
			<key>isa</key>
			<string>PBXNativeTarget</string>
			<key>name</key>
			<string>Appboy</string>
			<key>productName</key>
			<string>Appboy</string>
			<key>productReference</key>
			<string>1DD70E290E6BA4E300000000</string>
			<key>productType</key>
			<string>com.apple.product-type.library.static</string>
			<key>dependencies</key>
			<array>
			</array>
			<key>buildPhases</key>
			<array>
				<string>1870857F0000000000000000</string>
			</array>
			<key>buildConfigurationList</key>
			<string>218C37090000000000000000</string>
		</dict>
		<key>4952437303EDA63300000001</key>
		<dict>
			<key>isa</key>
			<string>XCBuildConfiguration</string>
			<key>name</key>
			<string>Debug</string>
			<key>buildSettings</key>
			<dict>
			</dict>
		</dict>
		<key>4952437350C7218900000001</key>
		<dict>
			<key>isa</key>
			<string>XCBuildConfiguration</string>
			<key>name</key>
			<string>Profile</string>
			<key>buildSettings</key>
			<dict>
			</dict>
		</dict>
		<key>49524373A439BFE700000001</key>
		<dict>
			<key>isa</key>
			<string>XCBuildConfiguration</string>
			<key>name</key>
			<string>Release</string>
			<key>buildSettings</key>
			<dict>
			</dict>
		</dict>
		<key>218C37090000000000000001</key>
		<dict>
			<key>isa</key>
			<string>XCConfigurationList</string>
			<key>buildConfigurations</key>
			<array>
				<string>4952437303EDA63300000001</string>
				<string>4952437350C7218900000001</string>
				<string>49524373A439BFE700000001</string>
			</array>
			<key>defaultConfigurationIsVisible</key>
			<false/>
		</dict>
		<key>96C847937549B02B00000000</key>
		<dict>
			<key>isa</key>
			<string>PBXProject</string>
			<key>mainGroup</key>
			<string>B401C979EFB6AC4600000000</string>
			<key>targets</key>
			<array>
				<string>E66DC04E7549B02B00000000</string>
			</array>
			<key>buildConfigurationList</key>
			<string>218C37090000000000000001</string>
			<key>compatibilityVersion</key>
			<string>Xcode 3.2</string>
			<key>attributes</key>
			<dict>
				<key>LastUpgradeCheck</key>
				<string>9999</string>
			</dict>
		</dict>
	</dict>
	<key>rootObject</key>
	<string>96C847937549B02B00000000</string>
</dict>
</plist>